
Microsoft Visual Studio Solution File, Format Version 12.00
# Visual Studio 2013
VisualStudioVersion = 12.0.31101.0
MinimumVisualStudioVersion = 10.0.40219.1
Project("{8BC9CEB8-8B4A-11D0-8D11-00A0C91BC942}") = "PCL_Tracker", "PCL_Tracker\PCL_Tracker.vcxproj", "{5FD1B5D0-EFFA-43F3-B261-232E73380958}"
EndProject
Project("{2150E333-8FDC-42A3-9474-1A3956D46DE8}") = "readme", "readme", "{9C9F0FC0-A770-4DA1-8047-6FA418C13B08}"
	ProjectSection(SolutionItems) = preProject
		README.md = README.md
	EndProjectSection
EndProject
Project("{8BC9CEB8-8B4A-11D0-8D11-00A0C91BC942}") = "OpenCV_KinectCapture", "OpenCV_KinectCapture\OpenCV_KinectCapture.vcxproj", "{867BCF4E-57C9-4529-B90B-CA8F013577FF}"
EndProject
Project("{8BC9CEB8-8B4A-11D0-8D11-00A0C91BC942}") = "PCL_Tracker2", "PCL_Tracker2\PCL_Tracker2.vcxproj", "{C9325DEC-6F09-4B5C-96C4-987A10FACDC9}"
EndProject
Project("{8BC9CEB8-8B4A-11D0-8D11-00A0C91BC942}") = "OpenCV_Calibration", "OpenCV_Calibration\OpenCV_Calibration.vcxproj", "{D33DF366-7A84-4078-9801-30C145525070}"
EndProject
Project("{8BC9CEB8-8B4A-11D0-8D11-00A0C91BC942}") = "CvKinectCapture", "CvKinectCapture\CvKinectCapture.vcxproj", "{C93E9887-FF52-41E3-964D-665398828210}"
EndProject
Project("{FAE04EC0-301F-11D3-BF4B-00C04F79EFBC}") = "GestureRecognition", "GestureRecognition\GestureRecognition.csproj", "{A4E3A730-C4EE-420E-B599-E7FBF9078C8C}"
EndProject
Project("{8BC9CEB8-8B4A-11D0-8D11-00A0C91BC942}") = "experimot_msgs", "experimot_msgs\experimot_msgs.vcxproj", "{1AB15496-AC39-4AC7-8507-DF6033138943}"
EndProject
Project("{2150E333-8FDC-42A3-9474-1A3956D46DE8}") = "core", "core", "{70E7786B-1C0C-4557-84A0-DAC95A2240F7}"
EndProject
Project("{2150E333-8FDC-42A3-9474-1A3956D46DE8}") = "cv", "cv", "{AFB61B6D-1251-471C-90FE-2978179EDC60}"
EndProject
Project("{2150E333-8FDC-42A3-9474-1A3956D46DE8}") = "pcl", "pcl", "{F51502C1-725A-40D7-9F46-FE81B9618F6E}"
EndProject
Project("{2150E333-8FDC-42A3-9474-1A3956D46DE8}") = "gestures", "gestures", "{609D533A-44CA-4110-9298-4EA11C573009}"
EndProject
Project("{8BC9CEB8-8B4A-11D0-8D11-00A0C91BC942}") = "experimot_msgs_gen", "experimot_msgs_gen\experimot_msgs_gen.vcxproj", "{02FE2504-329C-4E39-A5F9-663567C1EA2D}"
EndProject
Global
	GlobalSection(SolutionConfigurationPlatforms) = preSolution
		Debug|Mixed Platforms = Debug|Mixed Platforms
		Debug|Win32 = Debug|Win32
		Debug|x64 = Debug|x64
		Debug|x86 = Debug|x86
		Release|Mixed Platforms = Release|Mixed Platforms
		Release|Win32 = Release|Win32
		Release|x64 = Release|x64
		Release|x86 = Release|x86
		RelWithDebugInfo|Mixed Platforms = RelWithDebugInfo|Mixed Platforms
		RelWithDebugInfo|Win32 = RelWithDebugInfo|Win32
		RelWithDebugInfo|x64 = RelWithDebugInfo|x64
		RelWithDebugInfo|x86 = RelWithDebugInfo|x86
	EndGlobalSection
	GlobalSection(ProjectConfigurationPlatforms) = postSolution
		{5FD1B5D0-EFFA-43F3-B261-232E73380958}.Debug|Mixed Platforms.ActiveCfg = Debug|Win32
		{5FD1B5D0-EFFA-43F3-B261-232E73380958}.Debug|Mixed Platforms.Build.0 = Debug|Win32
		{5FD1B5D0-EFFA-43F3-B261-232E73380958}.Debug|Win32.ActiveCfg = Debug|Win32
		{5FD1B5D0-EFFA-43F3-B261-232E73380958}.Debug|Win32.Build.0 = Debug|Win32
		{5FD1B5D0-EFFA-43F3-B261-232E73380958}.Debug|x64.ActiveCfg = Debug|Win32
		{5FD1B5D0-EFFA-43F3-B261-232E73380958}.Debug|x86.ActiveCfg = Debug|Win32
		{5FD1B5D0-EFFA-43F3-B261-232E73380958}.Debug|x86.Build.0 = Debug|Win32
		{5FD1B5D0-EFFA-43F3-B261-232E73380958}.Release|Mixed Platforms.ActiveCfg = Release|Win32
		{5FD1B5D0-EFFA-43F3-B261-232E73380958}.Release|Mixed Platforms.Build.0 = Release|Win32
		{5FD1B5D0-EFFA-43F3-B261-232E73380958}.Release|Win32.ActiveCfg = Release|Win32
		{5FD1B5D0-EFFA-43F3-B261-232E73380958}.Release|Win32.Build.0 = Release|Win32
		{5FD1B5D0-EFFA-43F3-B261-232E73380958}.Release|x64.ActiveCfg = Release|x64
		{5FD1B5D0-EFFA-43F3-B261-232E73380958}.Release|x64.Build.0 = Release|x64
		{5FD1B5D0-EFFA-43F3-B261-232E73380958}.Release|x86.ActiveCfg = Release|Win32
		{5FD1B5D0-EFFA-43F3-B261-232E73380958}.Release|x86.Build.0 = Release|Win32
		{5FD1B5D0-EFFA-43F3-B261-232E73380958}.RelWithDebugInfo|Mixed Platforms.ActiveCfg = RelWithDebugInfo|Win32
		{5FD1B5D0-EFFA-43F3-B261-232E73380958}.RelWithDebugInfo|Mixed Platforms.Build.0 = RelWithDebugInfo|Win32
		{5FD1B5D0-EFFA-43F3-B261-232E73380958}.RelWithDebugInfo|Win32.ActiveCfg = RelWithDebugInfo|Win32
		{5FD1B5D0-EFFA-43F3-B261-232E73380958}.RelWithDebugInfo|Win32.Build.0 = RelWithDebugInfo|Win32
		{5FD1B5D0-EFFA-43F3-B261-232E73380958}.RelWithDebugInfo|x64.ActiveCfg = RelWithDebugInfo|x64
		{5FD1B5D0-EFFA-43F3-B261-232E73380958}.RelWithDebugInfo|x64.Build.0 = RelWithDebugInfo|x64
		{5FD1B5D0-EFFA-43F3-B261-232E73380958}.RelWithDebugInfo|x86.ActiveCfg = RelWithDebugInfo|Win32
		{5FD1B5D0-EFFA-43F3-B261-232E73380958}.RelWithDebugInfo|x86.Build.0 = RelWithDebugInfo|Win32
		{867BCF4E-57C9-4529-B90B-CA8F013577FF}.Debug|Mixed Platforms.ActiveCfg = Debug|Win32
		{867BCF4E-57C9-4529-B90B-CA8F013577FF}.Debug|Mixed Platforms.Build.0 = Debug|Win32
		{867BCF4E-57C9-4529-B90B-CA8F013577FF}.Debug|Win32.ActiveCfg = Debug|Win32
		{867BCF4E-57C9-4529-B90B-CA8F013577FF}.Debug|Win32.Build.0 = Debug|Win32
		{867BCF4E-57C9-4529-B90B-CA8F013577FF}.Debug|x64.ActiveCfg = Debug|Win32
		{867BCF4E-57C9-4529-B90B-CA8F013577FF}.Debug|x86.ActiveCfg = Debug|Win32
		{867BCF4E-57C9-4529-B90B-CA8F013577FF}.Debug|x86.Build.0 = Debug|Win32
		{867BCF4E-57C9-4529-B90B-CA8F013577FF}.Release|Mixed Platforms.ActiveCfg = Release|Win32
		{867BCF4E-57C9-4529-B90B-CA8F013577FF}.Release|Mixed Platforms.Build.0 = Release|Win32
		{867BCF4E-57C9-4529-B90B-CA8F013577FF}.Release|Win32.ActiveCfg = Release|Win32
		{867BCF4E-57C9-4529-B90B-CA8F013577FF}.Release|Win32.Build.0 = Release|Win32
		{867BCF4E-57C9-4529-B90B-CA8F013577FF}.Release|x64.ActiveCfg = Release|Win32
		{867BCF4E-57C9-4529-B90B-CA8F013577FF}.Release|x86.ActiveCfg = Release|Win32
		{867BCF4E-57C9-4529-B90B-CA8F013577FF}.Release|x86.Build.0 = Release|Win32
		{867BCF4E-57C9-4529-B90B-CA8F013577FF}.RelWithDebugInfo|Mixed Platforms.ActiveCfg = Debug|Win32
		{867BCF4E-57C9-4529-B90B-CA8F013577FF}.RelWithDebugInfo|Mixed Platforms.Build.0 = Debug|Win32
		{867BCF4E-57C9-4529-B90B-CA8F013577FF}.RelWithDebugInfo|Win32.ActiveCfg = Debug|Win32
		{867BCF4E-57C9-4529-B90B-CA8F013577FF}.RelWithDebugInfo|Win32.Build.0 = Debug|Win32
		{867BCF4E-57C9-4529-B90B-CA8F013577FF}.RelWithDebugInfo|x64.ActiveCfg = Debug|Win32
		{867BCF4E-57C9-4529-B90B-CA8F013577FF}.RelWithDebugInfo|x86.ActiveCfg = Debug|Win32
		{867BCF4E-57C9-4529-B90B-CA8F013577FF}.RelWithDebugInfo|x86.Build.0 = Debug|Win32
		{C9325DEC-6F09-4B5C-96C4-987A10FACDC9}.Debug|Mixed Platforms.ActiveCfg = Debug|Win32
		{C9325DEC-6F09-4B5C-96C4-987A10FACDC9}.Debug|Mixed Platforms.Build.0 = Debug|Win32
		{C9325DEC-6F09-4B5C-96C4-987A10FACDC9}.Debug|Win32.ActiveCfg = Debug|Win32
		{C9325DEC-6F09-4B5C-96C4-987A10FACDC9}.Debug|Win32.Build.0 = Debug|Win32
		{C9325DEC-6F09-4B5C-96C4-987A10FACDC9}.Debug|x64.ActiveCfg = Debug|Win32
		{C9325DEC-6F09-4B5C-96C4-987A10FACDC9}.Debug|x86.ActiveCfg = Debug|Win32
		{C9325DEC-6F09-4B5C-96C4-987A10FACDC9}.Debug|x86.Build.0 = Debug|Win32
		{C9325DEC-6F09-4B5C-96C4-987A10FACDC9}.Release|Mixed Platforms.ActiveCfg = Release|Win32
		{C9325DEC-6F09-4B5C-96C4-987A10FACDC9}.Release|Mixed Platforms.Build.0 = Release|Win32
		{C9325DEC-6F09-4B5C-96C4-987A10FACDC9}.Release|Win32.ActiveCfg = Release|Win32
		{C9325DEC-6F09-4B5C-96C4-987A10FACDC9}.Release|Win32.Build.0 = Release|Win32
		{C9325DEC-6F09-4B5C-96C4-987A10FACDC9}.Release|x64.ActiveCfg = Release|Win32
		{C9325DEC-6F09-4B5C-96C4-987A10FACDC9}.Release|x86.ActiveCfg = Release|Win32
		{C9325DEC-6F09-4B5C-96C4-987A10FACDC9}.Release|x86.Build.0 = Release|Win32
		{C9325DEC-6F09-4B5C-96C4-987A10FACDC9}.RelWithDebugInfo|Mixed Platforms.ActiveCfg = Debug|Win32
		{C9325DEC-6F09-4B5C-96C4-987A10FACDC9}.RelWithDebugInfo|Mixed Platforms.Build.0 = Debug|Win32
		{C9325DEC-6F09-4B5C-96C4-987A10FACDC9}.RelWithDebugInfo|Win32.ActiveCfg = Debug|Win32
		{C9325DEC-6F09-4B5C-96C4-987A10FACDC9}.RelWithDebugInfo|Win32.Build.0 = Debug|Win32
		{C9325DEC-6F09-4B5C-96C4-987A10FACDC9}.RelWithDebugInfo|x64.ActiveCfg = Debug|Win32
		{C9325DEC-6F09-4B5C-96C4-987A10FACDC9}.RelWithDebugInfo|x86.ActiveCfg = Debug|Win32
		{C9325DEC-6F09-4B5C-96C4-987A10FACDC9}.RelWithDebugInfo|x86.Build.0 = Debug|Win32
		{D33DF366-7A84-4078-9801-30C145525070}.Debug|Mixed Platforms.ActiveCfg = Debug|Win32
		{D33DF366-7A84-4078-9801-30C145525070}.Debug|Mixed Platforms.Build.0 = Debug|Win32
		{D33DF366-7A84-4078-9801-30C145525070}.Debug|Win32.ActiveCfg = Debug|Win32
		{D33DF366-7A84-4078-9801-30C145525070}.Debug|Win32.Build.0 = Debug|Win32
		{D33DF366-7A84-4078-9801-30C145525070}.Debug|x64.ActiveCfg = Debug|Win32
		{D33DF366-7A84-4078-9801-30C145525070}.Debug|x86.ActiveCfg = Debug|Win32
		{D33DF366-7A84-4078-9801-30C145525070}.Debug|x86.Build.0 = Debug|Win32
		{D33DF366-7A84-4078-9801-30C145525070}.Release|Mixed Platforms.ActiveCfg = Release|Win32
		{D33DF366-7A84-4078-9801-30C145525070}.Release|Mixed Platforms.Build.0 = Release|Win32
		{D33DF366-7A84-4078-9801-30C145525070}.Release|Win32.ActiveCfg = Release|Win32
		{D33DF366-7A84-4078-9801-30C145525070}.Release|Win32.Build.0 = Release|Win32
		{D33DF366-7A84-4078-9801-30C145525070}.Release|x64.ActiveCfg = Release|Win32
		{D33DF366-7A84-4078-9801-30C145525070}.Release|x86.ActiveCfg = Release|Win32
		{D33DF366-7A84-4078-9801-30C145525070}.Release|x86.Build.0 = Release|Win32
		{D33DF366-7A84-4078-9801-30C145525070}.RelWithDebugInfo|Mixed Platforms.ActiveCfg = Debug|Win32
		{D33DF366-7A84-4078-9801-30C145525070}.RelWithDebugInfo|Mixed Platforms.Build.0 = Debug|Win32
		{D33DF366-7A84-4078-9801-30C145525070}.RelWithDebugInfo|Win32.ActiveCfg = Debug|Win32
		{D33DF366-7A84-4078-9801-30C145525070}.RelWithDebugInfo|Win32.Build.0 = Debug|Win32
		{D33DF366-7A84-4078-9801-30C145525070}.RelWithDebugInfo|x64.ActiveCfg = Debug|Win32
		{D33DF366-7A84-4078-9801-30C145525070}.RelWithDebugInfo|x86.ActiveCfg = Debug|Win32
		{D33DF366-7A84-4078-9801-30C145525070}.RelWithDebugInfo|x86.Build.0 = Debug|Win32
		{C93E9887-FF52-41E3-964D-665398828210}.Debug|Mixed Platforms.ActiveCfg = Debug|Win32
		{C93E9887-FF52-41E3-964D-665398828210}.Debug|Mixed Platforms.Build.0 = Debug|Win32
		{C93E9887-FF52-41E3-964D-665398828210}.Debug|Win32.ActiveCfg = Debug|Win32
		{C93E9887-FF52-41E3-964D-665398828210}.Debug|Win32.Build.0 = Debug|Win32
		{C93E9887-FF52-41E3-964D-665398828210}.Debug|x64.ActiveCfg = Debug|Win32
		{C93E9887-FF52-41E3-964D-665398828210}.Debug|x86.ActiveCfg = Debug|Win32
		{C93E9887-FF52-41E3-964D-665398828210}.Debug|x86.Build.0 = Debug|Win32
		{C93E9887-FF52-41E3-964D-665398828210}.Release|Mixed Platforms.ActiveCfg = Release|Win32
		{C93E9887-FF52-41E3-964D-665398828210}.Release|Mixed Platforms.Build.0 = Release|Win32
		{C93E9887-FF52-41E3-964D-665398828210}.Release|Win32.ActiveCfg = Release|Win32
		{C93E9887-FF52-41E3-964D-665398828210}.Release|Win32.Build.0 = Release|Win32
		{C93E9887-FF52-41E3-964D-665398828210}.Release|x64.ActiveCfg = Release|Win32
		{C93E9887-FF52-41E3-964D-665398828210}.Release|x86.ActiveCfg = Release|Win32
		{C93E9887-FF52-41E3-964D-665398828210}.Release|x86.Build.0 = Release|Win32
		{C93E9887-FF52-41E3-964D-665398828210}.RelWithDebugInfo|Mixed Platforms.ActiveCfg = Debug|Win32
		{C93E9887-FF52-41E3-964D-665398828210}.RelWithDebugInfo|Mixed Platforms.Build.0 = Debug|Win32
		{C93E9887-FF52-41E3-964D-665398828210}.RelWithDebugInfo|Win32.ActiveCfg = Debug|Win32
		{C93E9887-FF52-41E3-964D-665398828210}.RelWithDebugInfo|Win32.Build.0 = Debug|Win32
		{C93E9887-FF52-41E3-964D-665398828210}.RelWithDebugInfo|x64.ActiveCfg = Debug|Win32
		{C93E9887-FF52-41E3-964D-665398828210}.RelWithDebugInfo|x86.ActiveCfg = Debug|Win32
		{C93E9887-FF52-41E3-964D-665398828210}.RelWithDebugInfo|x86.Build.0 = Debug|Win32
		{A4E3A730-C4EE-420E-B599-E7FBF9078C8C}.Debug|Mixed Platforms.ActiveCfg = Debug|x86
		{A4E3A730-C4EE-420E-B599-E7FBF9078C8C}.Debug|Mixed Platforms.Build.0 = Debug|x86
		{A4E3A730-C4EE-420E-B599-E7FBF9078C8C}.Debug|Win32.ActiveCfg = Debug|x86
		{A4E3A730-C4EE-420E-B599-E7FBF9078C8C}.Debug|Win32.Build.0 = Debug|x86
		{A4E3A730-C4EE-420E-B599-E7FBF9078C8C}.Debug|x64.ActiveCfg = Debug|x64
		{A4E3A730-C4EE-420E-B599-E7FBF9078C8C}.Debug|x64.Build.0 = Debug|x64
		{A4E3A730-C4EE-420E-B599-E7FBF9078C8C}.Debug|x86.ActiveCfg = Debug|x86
		{A4E3A730-C4EE-420E-B599-E7FBF9078C8C}.Debug|x86.Build.0 = Debug|x86
		{A4E3A730-C4EE-420E-B599-E7FBF9078C8C}.Release|Mixed Platforms.ActiveCfg = Release|x86
		{A4E3A730-C4EE-420E-B599-E7FBF9078C8C}.Release|Mixed Platforms.Build.0 = Release|x86
		{A4E3A730-C4EE-420E-B599-E7FBF9078C8C}.Release|Win32.ActiveCfg = Release|x86
		{A4E3A730-C4EE-420E-B599-E7FBF9078C8C}.Release|Win32.Build.0 = Release|x86
		{A4E3A730-C4EE-420E-B599-E7FBF9078C8C}.Release|x64.ActiveCfg = Release|x64
		{A4E3A730-C4EE-420E-B599-E7FBF9078C8C}.Release|x64.Build.0 = Release|x64
		{A4E3A730-C4EE-420E-B599-E7FBF9078C8C}.Release|x86.ActiveCfg = Release|x86
		{A4E3A730-C4EE-420E-B599-E7FBF9078C8C}.Release|x86.Build.0 = Release|x86
		{A4E3A730-C4EE-420E-B599-E7FBF9078C8C}.RelWithDebugInfo|Mixed Platforms.ActiveCfg = Debug|x86
		{A4E3A730-C4EE-420E-B599-E7FBF9078C8C}.RelWithDebugInfo|Mixed Platforms.Build.0 = Debug|x86
		{A4E3A730-C4EE-420E-B599-E7FBF9078C8C}.RelWithDebugInfo|Win32.ActiveCfg = Debug|x86
		{A4E3A730-C4EE-420E-B599-E7FBF9078C8C}.RelWithDebugInfo|Win32.Build.0 = Debug|x86
		{A4E3A730-C4EE-420E-B599-E7FBF9078C8C}.RelWithDebugInfo|x64.ActiveCfg = Debug|x64
		{A4E3A730-C4EE-420E-B599-E7FBF9078C8C}.RelWithDebugInfo|x64.Build.0 = Debug|x64
		{A4E3A730-C4EE-420E-B599-E7FBF9078C8C}.RelWithDebugInfo|x86.ActiveCfg = Debug|x86
		{A4E3A730-C4EE-420E-B599-E7FBF9078C8C}.RelWithDebugInfo|x86.Build.0 = Debug|x86
		{1AB15496-AC39-4AC7-8507-DF6033138943}.Debug|Mixed Platforms.ActiveCfg = Debug|Win32
		{1AB15496-AC39-4AC7-8507-DF6033138943}.Debug|Mixed Platforms.Build.0 = Debug|Win32
		{1AB15496-AC39-4AC7-8507-DF6033138943}.Debug|Win32.ActiveCfg = Debug|Win32
		{1AB15496-AC39-4AC7-8507-DF6033138943}.Debug|Win32.Build.0 = Debug|Win32
		{1AB15496-AC39-4AC7-8507-DF6033138943}.Debug|x64.ActiveCfg = Debug|Win32
		{1AB15496-AC39-4AC7-8507-DF6033138943}.Debug|x86.ActiveCfg = Debug|Win32
		{1AB15496-AC39-4AC7-8507-DF6033138943}.Debug|x86.Build.0 = Debug|Win32
		{1AB15496-AC39-4AC7-8507-DF6033138943}.Release|Mixed Platforms.ActiveCfg = Release|Win32
		{1AB15496-AC39-4AC7-8507-DF6033138943}.Release|Mixed Platforms.Build.0 = Release|Win32
		{1AB15496-AC39-4AC7-8507-DF6033138943}.Release|Win32.ActiveCfg = Release|Win32
		{1AB15496-AC39-4AC7-8507-DF6033138943}.Release|Win32.Build.0 = Release|Win32
		{1AB15496-AC39-4AC7-8507-DF6033138943}.Release|x64.ActiveCfg = Release|Win32
		{1AB15496-AC39-4AC7-8507-DF6033138943}.Release|x86.ActiveCfg = Release|Win32
		{1AB15496-AC39-4AC7-8507-DF6033138943}.Release|x86.Build.0 = Release|Win32
		{1AB15496-AC39-4AC7-8507-DF6033138943}.RelWithDebugInfo|Mixed Platforms.ActiveCfg = Debug|Win32
		{1AB15496-AC39-4AC7-8507-DF6033138943}.RelWithDebugInfo|Mixed Platforms.Build.0 = Debug|Win32
		{1AB15496-AC39-4AC7-8507-DF6033138943}.RelWithDebugInfo|Win32.ActiveCfg = Debug|Win32
		{1AB15496-AC39-4AC7-8507-DF6033138943}.RelWithDebugInfo|Win32.Build.0 = Debug|Win32
		{1AB15496-AC39-4AC7-8507-DF6033138943}.RelWithDebugInfo|x64.ActiveCfg = Debug|Win32
		{1AB15496-AC39-4AC7-8507-DF6033138943}.RelWithDebugInfo|x86.ActiveCfg = Debug|Win32
		{1AB15496-AC39-4AC7-8507-DF6033138943}.RelWithDebugInfo|x86.Build.0 = Debug|Win32
		{02FE2504-329C-4E39-A5F9-663567C1EA2D}.Debug|Mixed Platforms.ActiveCfg = Debug|Win32
		{02FE2504-329C-4E39-A5F9-663567C1EA2D}.Debug|Mixed Platforms.Build.0 = Debug|Win32
		{02FE2504-329C-4E39-A5F9-663567C1EA2D}.Debug|Win32.ActiveCfg = Debug|Win32
		{02FE2504-329C-4E39-A5F9-663567C1EA2D}.Debug|Win32.Build.0 = Debug|Win32
		{02FE2504-329C-4E39-A5F9-663567C1EA2D}.Debug|x64.ActiveCfg = Debug|Win32
		{02FE2504-329C-4E39-A5F9-663567C1EA2D}.Debug|x86.ActiveCfg = Debug|Win32
		{02FE2504-329C-4E39-A5F9-663567C1EA2D}.Debug|x86.Build.0 = Debug|Win32
		{02FE2504-329C-4E39-A5F9-663567C1EA2D}.Release|Mixed Platforms.ActiveCfg = Release|Win32
		{02FE2504-329C-4E39-A5F9-663567C1EA2D}.Release|Mixed Platforms.Build.0 = Release|Win32
		{02FE2504-329C-4E39-A5F9-663567C1EA2D}.Release|Win32.ActiveCfg = Release|Win32
		{02FE2504-329C-4E39-A5F9-663567C1EA2D}.Release|Win32.Build.0 = Release|Win32
		{02FE2504-329C-4E39-A5F9-663567C1EA2D}.Release|x64.ActiveCfg = Release|Win32
		{02FE2504-329C-4E39-A5F9-663567C1EA2D}.Release|x86.ActiveCfg = Release|Win32
		{02FE2504-329C-4E39-A5F9-663567C1EA2D}.Release|x86.Build.0 = Release|Win32
		{02FE2504-329C-4E39-A5F9-663567C1EA2D}.RelWithDebugInfo|Mixed Platforms.ActiveCfg = Debug|Win32
		{02FE2504-329C-4E39-A5F9-663567C1EA2D}.RelWithDebugInfo|Mixed Platforms.Build.0 = Debug|Win32
		{02FE2504-329C-4E39-A5F9-663567C1EA2D}.RelWithDebugInfo|Win32.ActiveCfg = Debug|Win32
		{02FE2504-329C-4E39-A5F9-663567C1EA2D}.RelWithDebugInfo|Win32.Build.0 = Debug|Win32
		{02FE2504-329C-4E39-A5F9-663567C1EA2D}.RelWithDebugInfo|x64.ActiveCfg = Debug|Win32
		{02FE2504-329C-4E39-A5F9-663567C1EA2D}.RelWithDebugInfo|x86.ActiveCfg = Debug|Win32
		{02FE2504-329C-4E39-A5F9-663567C1EA2D}.RelWithDebugInfo|x86.Build.0 = Debug|Win32
	EndGlobalSection
	GlobalSection(SolutionProperties) = preSolution
		HideSolutionNode = FALSE
	EndGlobalSection
	GlobalSection(NestedProjects) = preSolution
		{5FD1B5D0-EFFA-43F3-B261-232E73380958} = {F51502C1-725A-40D7-9F46-FE81B9618F6E}
		{867BCF4E-57C9-4529-B90B-CA8F013577FF} = {AFB61B6D-1251-471C-90FE-2978179EDC60}
		{C9325DEC-6F09-4B5C-96C4-987A10FACDC9} = {F51502C1-725A-40D7-9F46-FE81B9618F6E}
		{D33DF366-7A84-4078-9801-30C145525070} = {AFB61B6D-1251-471C-90FE-2978179EDC60}
		{C93E9887-FF52-41E3-964D-665398828210} = {AFB61B6D-1251-471C-90FE-2978179EDC60}
		{A4E3A730-C4EE-420E-B599-E7FBF9078C8C} = {609D533A-44CA-4110-9298-4EA11C573009}
		{1AB15496-AC39-4AC7-8507-DF6033138943} = {70E7786B-1C0C-4557-84A0-DAC95A2240F7}
		{02FE2504-329C-4E39-A5F9-663567C1EA2D} = {70E7786B-1C0C-4557-84A0-DAC95A2240F7}
	EndGlobalSection
EndGlobal
