
Microsoft Visual Studio Solution File, Format Version 12.00
# Visual Studio 2013
VisualStudioVersion = 12.0.31101.0
MinimumVisualStudioVersion = 10.0.40219.1
Project("{2150E333-8FDC-42A3-9474-1A3956D46DE8}") = "readme", "readme", "{9C9F0FC0-A770-4DA1-8047-6FA418C13B08}"
	ProjectSection(SolutionItems) = preProject
		README.md = README.md
	EndProjectSection
EndProject
Project("{2150E333-8FDC-42A3-9474-1A3956D46DE8}") = "core", "core", "{70E7786B-1C0C-4557-84A0-DAC95A2240F7}"
EndProject
Project("{2150E333-8FDC-42A3-9474-1A3956D46DE8}") = "app", "app", "{7246ABF7-59FC-4225-A785-9E73830B00D6}"
EndProject
Project("{2150E333-8FDC-42A3-9474-1A3956D46DE8}") = "nodes", "nodes", "{094315CC-B029-4AD0-8E4B-998A7094808B}"
EndProject
Project("{2150E333-8FDC-42A3-9474-1A3956D46DE8}") = "tools", "tools", "{8F8C643C-10D8-46BE-AA4F-CC58EACA0E49}"
EndProject
Project("{FAE04EC0-301F-11D3-BF4B-00C04F79EFBC}") = "Experimot.Scheduler", "src\Experimot.Scheduler\Experimot.Scheduler.csproj", "{32A22435-0E56-4086-900E-E73F1B9216CE}"
EndProject
Project("{8BC9CEB8-8B4A-11D0-8D11-00A0C91BC942}") = "experimot_msgs", "src\experimot_msgs\experimot_msgs.vcxproj", "{1AB15496-AC39-4AC7-8507-DF6033138943}"
EndProject
Project("{8BC9CEB8-8B4A-11D0-8D11-00A0C91BC942}") = "experimot_msgs_gen", "src\experimot_msgs_gen\experimot_msgs_gen.vcxproj", "{02FE2504-329C-4E39-A5F9-663567C1EA2D}"
EndProject
Project("{2150E333-8FDC-42A3-9474-1A3956D46DE8}") = "external", "external", "{C063E180-573D-4365-9B9F-1F277E2B4EF8}"
EndProject
Project("{FAE04EC0-301F-11D3-BF4B-00C04F79EFBC}") = "ProtoGen", "external\ProtoGen\ProtoGen.csproj", "{F6CBE303-3B5F-4CCC-B0B7-D81A6BD462C9}"
EndProject
Project("{8BC9CEB8-8B4A-11D0-8D11-00A0C91BC942}") = "experimot_capture", "src\experimot_capture\CvKinectCapture.vcxproj", "{C93E9887-FF52-41E3-964D-665398828210}"
EndProject
Project("{8BC9CEB8-8B4A-11D0-8D11-00A0C91BC942}") = "experimot_localization", "src\experimot_localization\experimot_localization.vcxproj", "{D3B734CB-E7B8-4FF1-9390-A52E4E6C7291}"
EndProject
Project("{8BC9CEB8-8B4A-11D0-8D11-00A0C91BC942}") = "experimot_rave", "src\experimot_rave\experimot_rave.vcxproj", "{9832DF71-1F64-475A-BE0E-5F50B3636997}"
EndProject
Project("{FAE04EC0-301F-11D3-BF4B-00C04F79EFBC}") = "Experimot.Kinect.Perception", "src\Experimot.Kinect.Perception\Experimot.Kinect.Perception.csproj", "{4678B291-A943-48BA-BBBE-F681D5C51AE8}"
EndProject
Project("{FAE04EC0-301F-11D3-BF4B-00C04F79EFBC}") = "Experimot.Core.Msgs", "src\Experimot.Core.Msgs\Experimot.Core.Msgs.csproj", "{45E9E170-76B7-4E71-B557-9B131E0C175B}"
EndProject
Project("{8BC9CEB8-8B4A-11D0-8D11-00A0C91BC942}") = "experimot_calibration", "src\experimot_calibration\OpenCV_Calibration.vcxproj", "{D33DF366-7A84-4078-9801-30C145525070}"
EndProject
Project("{FAE04EC0-301F-11D3-BF4B-00C04F79EFBC}") = "Experimot.Kinect.Playback", "src\Experimot.Kinect.Playback\Experimot.Kinect.Playback.csproj", "{90934219-A7A1-4445-A333-81C1A28F3672}"
EndProject
Project("{888888A0-9F3D-457C-B088-3A5042F75D52}") = "experimot_python_client", "src\experimot_python_client\experimot_python_client.pyproj", "{ED9454DE-9AC1-4E5D-93A2-9ABF5D6ABC55}"
EndProject
Project("{8BC9CEB8-8B4A-11D0-8D11-00A0C91BC942}") = "experimot_pcl_grabber", "src\experimot_pcl_grabber\experimot_pcl_grabber.vcxproj", "{4D5DE559-0A46-4024-9DFE-5BB913A44B12}"
EndProject
Project("{888888A0-9F3D-457C-B088-3A5042F75D52}") = "experimot_robot_interface", "src\experimot_robot_interface\experimot_robot_interface.pyproj", "{464DCE7E-4F29-4169-BF26-D563DE3A5712}"
EndProject
Project("{FAE04EC0-301F-11D3-BF4B-00C04F79EFBC}") = "Experimot.Core", "src\Experimot.Core\Experimot.Core.csproj", "{35CA8818-7E08-4B4C-A5F3-1F1E5DD0B973}"
EndProject
Project("{FAE04EC0-301F-11D3-BF4B-00C04F79EFBC}") = "Experimot.Studio", "src\Experimot.Studio\Experimot.Studio.csproj", "{646B50A9-5B1E-4866-9639-660D1DB66D07}"
EndProject
Project("{FAE04EC0-301F-11D3-BF4B-00C04F79EFBC}") = "Experimot.Core.NLP", "src\Experimot.Core.NLP\Experimot.Core.NLP.csproj", "{1D73FD20-9700-4018-B564-4AA7B6BF2AE1}"
EndProject
Project("{E24C65DC-7377-472B-9ABA-BC803B73C61A}") = "Experimot.Web", "http://localhost:61645", "{5CD97BBC-C4DB-433E-9C4E-A1FE12EDFC70}"
	ProjectSection(WebsiteProperties) = preProject
		UseIISExpress = "true"
		TargetFrameworkMoniker = ".NETFramework,Version%3Dv4.0"
		Debug.AspNetCompiler.VirtualPath = "/localhost_61645"
		Debug.AspNetCompiler.PhysicalPath = "src\Experimot.Web\"
		Debug.AspNetCompiler.TargetPath = "PrecompiledWeb\localhost_61645\"
		Debug.AspNetCompiler.Updateable = "true"
		Debug.AspNetCompiler.ForceOverwrite = "true"
		Debug.AspNetCompiler.FixedNames = "false"
		Debug.AspNetCompiler.Debug = "True"
		Release.AspNetCompiler.VirtualPath = "/localhost_61645"
		Release.AspNetCompiler.PhysicalPath = "src\Experimot.Web\"
		Release.AspNetCompiler.TargetPath = "PrecompiledWeb\localhost_61645\"
		Release.AspNetCompiler.Updateable = "true"
		Release.AspNetCompiler.ForceOverwrite = "true"
		Release.AspNetCompiler.FixedNames = "false"
		Release.AspNetCompiler.Debug = "False"
		SlnRelativePath = "src\Experimot.Web\"
	EndProjectSection
EndProject
Global
	GlobalSection(SolutionConfigurationPlatforms) = preSolution
		Debug|Any CPU = Debug|Any CPU
		Debug|Mixed Platforms = Debug|Mixed Platforms
		Debug|Win32 = Debug|Win32
		Debug|x64 = Debug|x64
		Debug|x86 = Debug|x86
		Release|Any CPU = Release|Any CPU
		Release|Mixed Platforms = Release|Mixed Platforms
		Release|Win32 = Release|Win32
		Release|x64 = Release|x64
		Release|x86 = Release|x86
	EndGlobalSection
	GlobalSection(ProjectConfigurationPlatforms) = postSolution
		{32A22435-0E56-4086-900E-E73F1B9216CE}.Debug|Any CPU.ActiveCfg = Debug|Any CPU
		{32A22435-0E56-4086-900E-E73F1B9216CE}.Debug|Any CPU.Build.0 = Debug|Any CPU
		{32A22435-0E56-4086-900E-E73F1B9216CE}.Debug|Mixed Platforms.ActiveCfg = Debug|Any CPU
		{32A22435-0E56-4086-900E-E73F1B9216CE}.Debug|Mixed Platforms.Build.0 = Debug|Any CPU
		{32A22435-0E56-4086-900E-E73F1B9216CE}.Debug|Win32.ActiveCfg = Debug|Any CPU
		{32A22435-0E56-4086-900E-E73F1B9216CE}.Debug|x64.ActiveCfg = Debug|Any CPU
		{32A22435-0E56-4086-900E-E73F1B9216CE}.Debug|x86.ActiveCfg = Debug|Any CPU
		{32A22435-0E56-4086-900E-E73F1B9216CE}.Release|Any CPU.ActiveCfg = Release|Any CPU
		{32A22435-0E56-4086-900E-E73F1B9216CE}.Release|Any CPU.Build.0 = Release|Any CPU
		{32A22435-0E56-4086-900E-E73F1B9216CE}.Release|Mixed Platforms.ActiveCfg = Release|Any CPU
		{32A22435-0E56-4086-900E-E73F1B9216CE}.Release|Mixed Platforms.Build.0 = Release|Any CPU
		{32A22435-0E56-4086-900E-E73F1B9216CE}.Release|Win32.ActiveCfg = Release|x86
		{32A22435-0E56-4086-900E-E73F1B9216CE}.Release|Win32.Build.0 = Release|x86
		{32A22435-0E56-4086-900E-E73F1B9216CE}.Release|x64.ActiveCfg = Release|Any CPU
		{32A22435-0E56-4086-900E-E73F1B9216CE}.Release|x86.ActiveCfg = Release|Any CPU
		{1AB15496-AC39-4AC7-8507-DF6033138943}.Debug|Any CPU.ActiveCfg = Debug|Win32
		{1AB15496-AC39-4AC7-8507-DF6033138943}.Debug|Mixed Platforms.ActiveCfg = Debug|Win32
		{1AB15496-AC39-4AC7-8507-DF6033138943}.Debug|Mixed Platforms.Build.0 = Debug|Win32
		{1AB15496-AC39-4AC7-8507-DF6033138943}.Debug|Win32.ActiveCfg = Debug|Win32
		{1AB15496-AC39-4AC7-8507-DF6033138943}.Debug|Win32.Build.0 = Debug|Win32
		{1AB15496-AC39-4AC7-8507-DF6033138943}.Debug|x64.ActiveCfg = Debug|Win32
		{1AB15496-AC39-4AC7-8507-DF6033138943}.Debug|x86.ActiveCfg = Debug|Win32
		{1AB15496-AC39-4AC7-8507-DF6033138943}.Debug|x86.Build.0 = Debug|Win32
		{1AB15496-AC39-4AC7-8507-DF6033138943}.Release|Any CPU.ActiveCfg = Release|Win32
		{1AB15496-AC39-4AC7-8507-DF6033138943}.Release|Mixed Platforms.ActiveCfg = Release|Win32
		{1AB15496-AC39-4AC7-8507-DF6033138943}.Release|Mixed Platforms.Build.0 = Release|Win32
		{1AB15496-AC39-4AC7-8507-DF6033138943}.Release|Win32.ActiveCfg = Release|Win32
		{1AB15496-AC39-4AC7-8507-DF6033138943}.Release|Win32.Build.0 = Release|Win32
		{1AB15496-AC39-4AC7-8507-DF6033138943}.Release|x64.ActiveCfg = Release|Win32
		{1AB15496-AC39-4AC7-8507-DF6033138943}.Release|x86.ActiveCfg = Release|Win32
		{1AB15496-AC39-4AC7-8507-DF6033138943}.Release|x86.Build.0 = Release|Win32
		{02FE2504-329C-4E39-A5F9-663567C1EA2D}.Debug|Any CPU.ActiveCfg = Debug|Win32
		{02FE2504-329C-4E39-A5F9-663567C1EA2D}.Debug|Mixed Platforms.ActiveCfg = Debug|Win32
		{02FE2504-329C-4E39-A5F9-663567C1EA2D}.Debug|Mixed Platforms.Build.0 = Debug|Win32
		{02FE2504-329C-4E39-A5F9-663567C1EA2D}.Debug|Win32.ActiveCfg = Debug|Win32
		{02FE2504-329C-4E39-A5F9-663567C1EA2D}.Debug|Win32.Build.0 = Debug|Win32
		{02FE2504-329C-4E39-A5F9-663567C1EA2D}.Debug|x64.ActiveCfg = Debug|Win32
		{02FE2504-329C-4E39-A5F9-663567C1EA2D}.Debug|x86.ActiveCfg = Debug|Win32
		{02FE2504-329C-4E39-A5F9-663567C1EA2D}.Debug|x86.Build.0 = Debug|Win32
		{02FE2504-329C-4E39-A5F9-663567C1EA2D}.Release|Any CPU.ActiveCfg = Release|Win32
		{02FE2504-329C-4E39-A5F9-663567C1EA2D}.Release|Mixed Platforms.ActiveCfg = Release|Win32
		{02FE2504-329C-4E39-A5F9-663567C1EA2D}.Release|Mixed Platforms.Build.0 = Release|Win32
		{02FE2504-329C-4E39-A5F9-663567C1EA2D}.Release|Win32.ActiveCfg = Release|Win32
		{02FE2504-329C-4E39-A5F9-663567C1EA2D}.Release|Win32.Build.0 = Release|Win32
		{02FE2504-329C-4E39-A5F9-663567C1EA2D}.Release|x64.ActiveCfg = Release|Win32
		{02FE2504-329C-4E39-A5F9-663567C1EA2D}.Release|x86.ActiveCfg = Release|Win32
		{02FE2504-329C-4E39-A5F9-663567C1EA2D}.Release|x86.Build.0 = Release|Win32
		{F6CBE303-3B5F-4CCC-B0B7-D81A6BD462C9}.Debug|Any CPU.ActiveCfg = Debug|Any CPU
		{F6CBE303-3B5F-4CCC-B0B7-D81A6BD462C9}.Debug|Any CPU.Build.0 = Debug|Any CPU
		{F6CBE303-3B5F-4CCC-B0B7-D81A6BD462C9}.Debug|Mixed Platforms.ActiveCfg = Debug|Any CPU
		{F6CBE303-3B5F-4CCC-B0B7-D81A6BD462C9}.Debug|Mixed Platforms.Build.0 = Debug|Any CPU
		{F6CBE303-3B5F-4CCC-B0B7-D81A6BD462C9}.Debug|Win32.ActiveCfg = Debug|Any CPU
		{F6CBE303-3B5F-4CCC-B0B7-D81A6BD462C9}.Debug|x64.ActiveCfg = Debug|Any CPU
		{F6CBE303-3B5F-4CCC-B0B7-D81A6BD462C9}.Debug|x86.ActiveCfg = Debug|Any CPU
		{F6CBE303-3B5F-4CCC-B0B7-D81A6BD462C9}.Release|Any CPU.ActiveCfg = Release|Any CPU
		{F6CBE303-3B5F-4CCC-B0B7-D81A6BD462C9}.Release|Any CPU.Build.0 = Release|Any CPU
		{F6CBE303-3B5F-4CCC-B0B7-D81A6BD462C9}.Release|Mixed Platforms.ActiveCfg = Release|Any CPU
		{F6CBE303-3B5F-4CCC-B0B7-D81A6BD462C9}.Release|Mixed Platforms.Build.0 = Release|Any CPU
		{F6CBE303-3B5F-4CCC-B0B7-D81A6BD462C9}.Release|Win32.ActiveCfg = Release|x86
		{F6CBE303-3B5F-4CCC-B0B7-D81A6BD462C9}.Release|Win32.Build.0 = Release|x86
		{F6CBE303-3B5F-4CCC-B0B7-D81A6BD462C9}.Release|x64.ActiveCfg = Release|Any CPU
		{F6CBE303-3B5F-4CCC-B0B7-D81A6BD462C9}.Release|x86.ActiveCfg = Release|Any CPU
		{C93E9887-FF52-41E3-964D-665398828210}.Debug|Any CPU.ActiveCfg = Debug|Win32
		{C93E9887-FF52-41E3-964D-665398828210}.Debug|Mixed Platforms.ActiveCfg = Debug|Win32
		{C93E9887-FF52-41E3-964D-665398828210}.Debug|Mixed Platforms.Build.0 = Debug|Win32
		{C93E9887-FF52-41E3-964D-665398828210}.Debug|Win32.ActiveCfg = Debug|Win32
		{C93E9887-FF52-41E3-964D-665398828210}.Debug|Win32.Build.0 = Debug|Win32
		{C93E9887-FF52-41E3-964D-665398828210}.Debug|x64.ActiveCfg = Debug|Win32
		{C93E9887-FF52-41E3-964D-665398828210}.Debug|x86.ActiveCfg = Debug|Win32
		{C93E9887-FF52-41E3-964D-665398828210}.Debug|x86.Build.0 = Debug|Win32
		{C93E9887-FF52-41E3-964D-665398828210}.Release|Any CPU.ActiveCfg = Release|Win32
		{C93E9887-FF52-41E3-964D-665398828210}.Release|Mixed Platforms.ActiveCfg = Release|Win32
		{C93E9887-FF52-41E3-964D-665398828210}.Release|Mixed Platforms.Build.0 = Release|Win32
		{C93E9887-FF52-41E3-964D-665398828210}.Release|Win32.ActiveCfg = Release|Win32
		{C93E9887-FF52-41E3-964D-665398828210}.Release|Win32.Build.0 = Release|Win32
		{C93E9887-FF52-41E3-964D-665398828210}.Release|x64.ActiveCfg = Release|Win32
		{C93E9887-FF52-41E3-964D-665398828210}.Release|x86.ActiveCfg = Release|Win32
		{C93E9887-FF52-41E3-964D-665398828210}.Release|x86.Build.0 = Release|Win32
		{D3B734CB-E7B8-4FF1-9390-A52E4E6C7291}.Debug|Any CPU.ActiveCfg = Debug|Win32
		{D3B734CB-E7B8-4FF1-9390-A52E4E6C7291}.Debug|Mixed Platforms.ActiveCfg = Debug|Win32
		{D3B734CB-E7B8-4FF1-9390-A52E4E6C7291}.Debug|Mixed Platforms.Build.0 = Debug|Win32
		{D3B734CB-E7B8-4FF1-9390-A52E4E6C7291}.Debug|Win32.ActiveCfg = Debug|Win32
		{D3B734CB-E7B8-4FF1-9390-A52E4E6C7291}.Debug|Win32.Build.0 = Debug|Win32
		{D3B734CB-E7B8-4FF1-9390-A52E4E6C7291}.Debug|x64.ActiveCfg = Debug|Win32
		{D3B734CB-E7B8-4FF1-9390-A52E4E6C7291}.Debug|x86.ActiveCfg = Debug|Win32
		{D3B734CB-E7B8-4FF1-9390-A52E4E6C7291}.Debug|x86.Build.0 = Debug|Win32
		{D3B734CB-E7B8-4FF1-9390-A52E4E6C7291}.Release|Any CPU.ActiveCfg = Release|Win32
		{D3B734CB-E7B8-4FF1-9390-A52E4E6C7291}.Release|Mixed Platforms.ActiveCfg = Release|Win32
		{D3B734CB-E7B8-4FF1-9390-A52E4E6C7291}.Release|Mixed Platforms.Build.0 = Release|Win32
		{D3B734CB-E7B8-4FF1-9390-A52E4E6C7291}.Release|Win32.ActiveCfg = Release|Win32
		{D3B734CB-E7B8-4FF1-9390-A52E4E6C7291}.Release|Win32.Build.0 = Release|Win32
		{D3B734CB-E7B8-4FF1-9390-A52E4E6C7291}.Release|x64.ActiveCfg = Release|Win32
		{D3B734CB-E7B8-4FF1-9390-A52E4E6C7291}.Release|x86.ActiveCfg = Release|Win32
		{D3B734CB-E7B8-4FF1-9390-A52E4E6C7291}.Release|x86.Build.0 = Release|Win32
		{9832DF71-1F64-475A-BE0E-5F50B3636997}.Debug|Any CPU.ActiveCfg = Debug|Win32
		{9832DF71-1F64-475A-BE0E-5F50B3636997}.Debug|Mixed Platforms.ActiveCfg = Debug|Win32
		{9832DF71-1F64-475A-BE0E-5F50B3636997}.Debug|Mixed Platforms.Build.0 = Debug|Win32
		{9832DF71-1F64-475A-BE0E-5F50B3636997}.Debug|Win32.ActiveCfg = Debug|Win32
		{9832DF71-1F64-475A-BE0E-5F50B3636997}.Debug|Win32.Build.0 = Debug|Win32
		{9832DF71-1F64-475A-BE0E-5F50B3636997}.Debug|x64.ActiveCfg = Debug|Win32
		{9832DF71-1F64-475A-BE0E-5F50B3636997}.Debug|x86.ActiveCfg = Debug|Win32
		{9832DF71-1F64-475A-BE0E-5F50B3636997}.Debug|x86.Build.0 = Debug|Win32
		{9832DF71-1F64-475A-BE0E-5F50B3636997}.Release|Any CPU.ActiveCfg = Release|Win32
		{9832DF71-1F64-475A-BE0E-5F50B3636997}.Release|Mixed Platforms.ActiveCfg = Release|Win32
		{9832DF71-1F64-475A-BE0E-5F50B3636997}.Release|Mixed Platforms.Build.0 = Release|Win32
		{9832DF71-1F64-475A-BE0E-5F50B3636997}.Release|Win32.ActiveCfg = Release|Win32
		{9832DF71-1F64-475A-BE0E-5F50B3636997}.Release|Win32.Build.0 = Release|Win32
		{9832DF71-1F64-475A-BE0E-5F50B3636997}.Release|x64.ActiveCfg = Release|Win32
		{9832DF71-1F64-475A-BE0E-5F50B3636997}.Release|x86.ActiveCfg = Release|Win32
		{9832DF71-1F64-475A-BE0E-5F50B3636997}.Release|x86.Build.0 = Release|Win32
		{4678B291-A943-48BA-BBBE-F681D5C51AE8}.Debug|Any CPU.ActiveCfg = Debug|Any CPU
		{4678B291-A943-48BA-BBBE-F681D5C51AE8}.Debug|Any CPU.Build.0 = Debug|Any CPU
		{4678B291-A943-48BA-BBBE-F681D5C51AE8}.Debug|Mixed Platforms.ActiveCfg = Debug|Any CPU
		{4678B291-A943-48BA-BBBE-F681D5C51AE8}.Debug|Mixed Platforms.Build.0 = Debug|Any CPU
		{4678B291-A943-48BA-BBBE-F681D5C51AE8}.Debug|Win32.ActiveCfg = Debug|Any CPU
		{4678B291-A943-48BA-BBBE-F681D5C51AE8}.Debug|x64.ActiveCfg = Debug|Any CPU
		{4678B291-A943-48BA-BBBE-F681D5C51AE8}.Debug|x86.ActiveCfg = Debug|Any CPU
		{4678B291-A943-48BA-BBBE-F681D5C51AE8}.Release|Any CPU.ActiveCfg = Release|Any CPU
		{4678B291-A943-48BA-BBBE-F681D5C51AE8}.Release|Any CPU.Build.0 = Release|Any CPU
		{4678B291-A943-48BA-BBBE-F681D5C51AE8}.Release|Mixed Platforms.ActiveCfg = Release|Any CPU
		{4678B291-A943-48BA-BBBE-F681D5C51AE8}.Release|Mixed Platforms.Build.0 = Release|Any CPU
		{4678B291-A943-48BA-BBBE-F681D5C51AE8}.Release|Win32.ActiveCfg = Release|x86
		{4678B291-A943-48BA-BBBE-F681D5C51AE8}.Release|Win32.Build.0 = Release|x86
		{4678B291-A943-48BA-BBBE-F681D5C51AE8}.Release|x64.ActiveCfg = Release|Any CPU
		{4678B291-A943-48BA-BBBE-F681D5C51AE8}.Release|x86.ActiveCfg = Release|Any CPU
		{45E9E170-76B7-4E71-B557-9B131E0C175B}.Debug|Any CPU.ActiveCfg = Debug|Any CPU
		{45E9E170-76B7-4E71-B557-9B131E0C175B}.Debug|Any CPU.Build.0 = Debug|Any CPU
		{45E9E170-76B7-4E71-B557-9B131E0C175B}.Debug|Mixed Platforms.ActiveCfg = Debug|Any CPU
		{45E9E170-76B7-4E71-B557-9B131E0C175B}.Debug|Mixed Platforms.Build.0 = Debug|Any CPU
		{45E9E170-76B7-4E71-B557-9B131E0C175B}.Debug|Win32.ActiveCfg = Debug|Any CPU
		{45E9E170-76B7-4E71-B557-9B131E0C175B}.Debug|x64.ActiveCfg = Debug|Any CPU
		{45E9E170-76B7-4E71-B557-9B131E0C175B}.Debug|x86.ActiveCfg = Debug|Any CPU
		{45E9E170-76B7-4E71-B557-9B131E0C175B}.Release|Any CPU.ActiveCfg = Release|Any CPU
		{45E9E170-76B7-4E71-B557-9B131E0C175B}.Release|Any CPU.Build.0 = Release|Any CPU
		{45E9E170-76B7-4E71-B557-9B131E0C175B}.Release|Mixed Platforms.ActiveCfg = Release|Any CPU
		{45E9E170-76B7-4E71-B557-9B131E0C175B}.Release|Mixed Platforms.Build.0 = Release|Any CPU
		{45E9E170-76B7-4E71-B557-9B131E0C175B}.Release|Win32.ActiveCfg = Release|x86
		{45E9E170-76B7-4E71-B557-9B131E0C175B}.Release|Win32.Build.0 = Release|x86
		{45E9E170-76B7-4E71-B557-9B131E0C175B}.Release|x64.ActiveCfg = Release|Any CPU
		{45E9E170-76B7-4E71-B557-9B131E0C175B}.Release|x86.ActiveCfg = Release|Any CPU
		{D33DF366-7A84-4078-9801-30C145525070}.Debug|Any CPU.ActiveCfg = Debug|Win32
		{D33DF366-7A84-4078-9801-30C145525070}.Debug|Mixed Platforms.ActiveCfg = Debug|Win32
		{D33DF366-7A84-4078-9801-30C145525070}.Debug|Mixed Platforms.Build.0 = Debug|Win32
		{D33DF366-7A84-4078-9801-30C145525070}.Debug|Win32.ActiveCfg = Debug|Win32
		{D33DF366-7A84-4078-9801-30C145525070}.Debug|Win32.Build.0 = Debug|Win32
		{D33DF366-7A84-4078-9801-30C145525070}.Debug|x64.ActiveCfg = Debug|Win32
		{D33DF366-7A84-4078-9801-30C145525070}.Debug|x86.ActiveCfg = Debug|Win32
		{D33DF366-7A84-4078-9801-30C145525070}.Debug|x86.Build.0 = Debug|Win32
		{D33DF366-7A84-4078-9801-30C145525070}.Release|Any CPU.ActiveCfg = Release|Win32
		{D33DF366-7A84-4078-9801-30C145525070}.Release|Mixed Platforms.ActiveCfg = Release|Win32
		{D33DF366-7A84-4078-9801-30C145525070}.Release|Mixed Platforms.Build.0 = Release|Win32
		{D33DF366-7A84-4078-9801-30C145525070}.Release|Win32.ActiveCfg = Release|Win32
		{D33DF366-7A84-4078-9801-30C145525070}.Release|Win32.Build.0 = Release|Win32
		{D33DF366-7A84-4078-9801-30C145525070}.Release|x64.ActiveCfg = Release|Win32
		{D33DF366-7A84-4078-9801-30C145525070}.Release|x86.ActiveCfg = Release|Win32
		{D33DF366-7A84-4078-9801-30C145525070}.Release|x86.Build.0 = Release|Win32
		{90934219-A7A1-4445-A333-81C1A28F3672}.Debug|Any CPU.ActiveCfg = Debug|x64
		{90934219-A7A1-4445-A333-81C1A28F3672}.Debug|Mixed Platforms.ActiveCfg = Debug|x64
		{90934219-A7A1-4445-A333-81C1A28F3672}.Debug|Mixed Platforms.Build.0 = Debug|x64
		{90934219-A7A1-4445-A333-81C1A28F3672}.Debug|Win32.ActiveCfg = Debug|x64
		{90934219-A7A1-4445-A333-81C1A28F3672}.Debug|x64.ActiveCfg = Debug|x64
		{90934219-A7A1-4445-A333-81C1A28F3672}.Debug|x64.Build.0 = Debug|x64
		{90934219-A7A1-4445-A333-81C1A28F3672}.Debug|x86.ActiveCfg = Debug|x64
		{90934219-A7A1-4445-A333-81C1A28F3672}.Release|Any CPU.ActiveCfg = Release|x64
		{90934219-A7A1-4445-A333-81C1A28F3672}.Release|Mixed Platforms.ActiveCfg = Release|x64
		{90934219-A7A1-4445-A333-81C1A28F3672}.Release|Mixed Platforms.Build.0 = Release|x64
		{90934219-A7A1-4445-A333-81C1A28F3672}.Release|Win32.ActiveCfg = Release|x64
		{90934219-A7A1-4445-A333-81C1A28F3672}.Release|Win32.Build.0 = Release|x64
		{90934219-A7A1-4445-A333-81C1A28F3672}.Release|x64.ActiveCfg = Release|x64
		{90934219-A7A1-4445-A333-81C1A28F3672}.Release|x64.Build.0 = Release|x64
		{90934219-A7A1-4445-A333-81C1A28F3672}.Release|x86.ActiveCfg = Release|x64
		{ED9454DE-9AC1-4E5D-93A2-9ABF5D6ABC55}.Debug|Any CPU.ActiveCfg = Debug|Any CPU
		{ED9454DE-9AC1-4E5D-93A2-9ABF5D6ABC55}.Debug|Mixed Platforms.ActiveCfg = Debug|Any CPU
		{ED9454DE-9AC1-4E5D-93A2-9ABF5D6ABC55}.Debug|Win32.ActiveCfg = Debug|Any CPU
		{ED9454DE-9AC1-4E5D-93A2-9ABF5D6ABC55}.Debug|x64.ActiveCfg = Debug|Any CPU
		{ED9454DE-9AC1-4E5D-93A2-9ABF5D6ABC55}.Debug|x86.ActiveCfg = Debug|Any CPU
		{ED9454DE-9AC1-4E5D-93A2-9ABF5D6ABC55}.Release|Any CPU.ActiveCfg = Release|Any CPU
		{ED9454DE-9AC1-4E5D-93A2-9ABF5D6ABC55}.Release|Mixed Platforms.ActiveCfg = Release|Any CPU
		{ED9454DE-9AC1-4E5D-93A2-9ABF5D6ABC55}.Release|Win32.ActiveCfg = Release|Any CPU
		{ED9454DE-9AC1-4E5D-93A2-9ABF5D6ABC55}.Release|x64.ActiveCfg = Release|Any CPU
		{ED9454DE-9AC1-4E5D-93A2-9ABF5D6ABC55}.Release|x86.ActiveCfg = Release|Any CPU
		{4D5DE559-0A46-4024-9DFE-5BB913A44B12}.Debug|Any CPU.ActiveCfg = Debug|Win32
		{4D5DE559-0A46-4024-9DFE-5BB913A44B12}.Debug|Mixed Platforms.ActiveCfg = Debug|Win32
		{4D5DE559-0A46-4024-9DFE-5BB913A44B12}.Debug|Mixed Platforms.Build.0 = Debug|Win32
		{4D5DE559-0A46-4024-9DFE-5BB913A44B12}.Debug|Win32.ActiveCfg = Debug|Win32
		{4D5DE559-0A46-4024-9DFE-5BB913A44B12}.Debug|Win32.Build.0 = Debug|Win32
		{4D5DE559-0A46-4024-9DFE-5BB913A44B12}.Debug|x64.ActiveCfg = Debug|Win32
		{4D5DE559-0A46-4024-9DFE-5BB913A44B12}.Debug|x86.ActiveCfg = Debug|Win32
		{4D5DE559-0A46-4024-9DFE-5BB913A44B12}.Debug|x86.Build.0 = Debug|Win32
		{4D5DE559-0A46-4024-9DFE-5BB913A44B12}.Release|Any CPU.ActiveCfg = Release|Win32
		{4D5DE559-0A46-4024-9DFE-5BB913A44B12}.Release|Mixed Platforms.ActiveCfg = Release|Win32
		{4D5DE559-0A46-4024-9DFE-5BB913A44B12}.Release|Mixed Platforms.Build.0 = Release|Win32
		{4D5DE559-0A46-4024-9DFE-5BB913A44B12}.Release|Win32.ActiveCfg = Release|Win32
		{4D5DE559-0A46-4024-9DFE-5BB913A44B12}.Release|Win32.Build.0 = Release|Win32
		{4D5DE559-0A46-4024-9DFE-5BB913A44B12}.Release|x64.ActiveCfg = Release|Win32
		{4D5DE559-0A46-4024-9DFE-5BB913A44B12}.Release|x86.ActiveCfg = Release|Win32
		{4D5DE559-0A46-4024-9DFE-5BB913A44B12}.Release|x86.Build.0 = Release|Win32
		{464DCE7E-4F29-4169-BF26-D563DE3A5712}.Debug|Any CPU.ActiveCfg = Debug|Any CPU
		{464DCE7E-4F29-4169-BF26-D563DE3A5712}.Debug|Mixed Platforms.ActiveCfg = Debug|Any CPU
		{464DCE7E-4F29-4169-BF26-D563DE3A5712}.Debug|Win32.ActiveCfg = Debug|Any CPU
		{464DCE7E-4F29-4169-BF26-D563DE3A5712}.Debug|x64.ActiveCfg = Debug|Any CPU
		{464DCE7E-4F29-4169-BF26-D563DE3A5712}.Debug|x86.ActiveCfg = Debug|Any CPU
		{464DCE7E-4F29-4169-BF26-D563DE3A5712}.Release|Any CPU.ActiveCfg = Release|Any CPU
		{464DCE7E-4F29-4169-BF26-D563DE3A5712}.Release|Mixed Platforms.ActiveCfg = Release|Any CPU
		{464DCE7E-4F29-4169-BF26-D563DE3A5712}.Release|Win32.ActiveCfg = Release|Any CPU
		{464DCE7E-4F29-4169-BF26-D563DE3A5712}.Release|x64.ActiveCfg = Release|Any CPU
		{464DCE7E-4F29-4169-BF26-D563DE3A5712}.Release|x86.ActiveCfg = Release|Any CPU
		{35CA8818-7E08-4B4C-A5F3-1F1E5DD0B973}.Debug|Any CPU.ActiveCfg = Debug|Any CPU
		{35CA8818-7E08-4B4C-A5F3-1F1E5DD0B973}.Debug|Any CPU.Build.0 = Debug|Any CPU
		{35CA8818-7E08-4B4C-A5F3-1F1E5DD0B973}.Debug|Mixed Platforms.ActiveCfg = Debug|Any CPU
		{35CA8818-7E08-4B4C-A5F3-1F1E5DD0B973}.Debug|Mixed Platforms.Build.0 = Debug|Any CPU
		{35CA8818-7E08-4B4C-A5F3-1F1E5DD0B973}.Debug|Win32.ActiveCfg = Debug|Any CPU
		{35CA8818-7E08-4B4C-A5F3-1F1E5DD0B973}.Debug|x64.ActiveCfg = Debug|Any CPU
		{35CA8818-7E08-4B4C-A5F3-1F1E5DD0B973}.Debug|x86.ActiveCfg = Debug|Any CPU
		{35CA8818-7E08-4B4C-A5F3-1F1E5DD0B973}.Release|Any CPU.ActiveCfg = Release|Any CPU
		{35CA8818-7E08-4B4C-A5F3-1F1E5DD0B973}.Release|Any CPU.Build.0 = Release|Any CPU
		{35CA8818-7E08-4B4C-A5F3-1F1E5DD0B973}.Release|Mixed Platforms.ActiveCfg = Release|Any CPU
		{35CA8818-7E08-4B4C-A5F3-1F1E5DD0B973}.Release|Mixed Platforms.Build.0 = Release|Any CPU
		{35CA8818-7E08-4B4C-A5F3-1F1E5DD0B973}.Release|Win32.ActiveCfg = Release|x86
		{35CA8818-7E08-4B4C-A5F3-1F1E5DD0B973}.Release|Win32.Build.0 = Release|x86
		{35CA8818-7E08-4B4C-A5F3-1F1E5DD0B973}.Release|x64.ActiveCfg = Release|Any CPU
		{35CA8818-7E08-4B4C-A5F3-1F1E5DD0B973}.Release|x86.ActiveCfg = Release|Any CPU
		{646B50A9-5B1E-4866-9639-660D1DB66D07}.Debug|Any CPU.ActiveCfg = Debug|Any CPU
		{646B50A9-5B1E-4866-9639-660D1DB66D07}.Debug|Any CPU.Build.0 = Debug|Any CPU
		{646B50A9-5B1E-4866-9639-660D1DB66D07}.Debug|Mixed Platforms.ActiveCfg = Debug|x86
		{646B50A9-5B1E-4866-9639-660D1DB66D07}.Debug|Mixed Platforms.Build.0 = Debug|x86
		{646B50A9-5B1E-4866-9639-660D1DB66D07}.Debug|Win32.ActiveCfg = Debug|x86
		{646B50A9-5B1E-4866-9639-660D1DB66D07}.Debug|Win32.Build.0 = Debug|x86
		{646B50A9-5B1E-4866-9639-660D1DB66D07}.Debug|x64.ActiveCfg = Debug|Any CPU
		{646B50A9-5B1E-4866-9639-660D1DB66D07}.Debug|x86.ActiveCfg = Debug|x86
		{646B50A9-5B1E-4866-9639-660D1DB66D07}.Debug|x86.Build.0 = Debug|x86
		{646B50A9-5B1E-4866-9639-660D1DB66D07}.Release|Any CPU.ActiveCfg = Release|Any CPU
		{646B50A9-5B1E-4866-9639-660D1DB66D07}.Release|Any CPU.Build.0 = Release|Any CPU
		{646B50A9-5B1E-4866-9639-660D1DB66D07}.Release|Mixed Platforms.ActiveCfg = Release|x86
		{646B50A9-5B1E-4866-9639-660D1DB66D07}.Release|Mixed Platforms.Build.0 = Release|x86
		{646B50A9-5B1E-4866-9639-660D1DB66D07}.Release|Win32.ActiveCfg = Release|x86
		{646B50A9-5B1E-4866-9639-660D1DB66D07}.Release|Win32.Build.0 = Release|x86
		{646B50A9-5B1E-4866-9639-660D1DB66D07}.Release|x64.ActiveCfg = Release|Any CPU
		{646B50A9-5B1E-4866-9639-660D1DB66D07}.Release|x86.ActiveCfg = Release|x86
		{646B50A9-5B1E-4866-9639-660D1DB66D07}.Release|x86.Build.0 = Release|x86
		{1D73FD20-9700-4018-B564-4AA7B6BF2AE1}.Debug|Any CPU.ActiveCfg = Debug|Any CPU
		{1D73FD20-9700-4018-B564-4AA7B6BF2AE1}.Debug|Any CPU.Build.0 = Debug|Any CPU
		{1D73FD20-9700-4018-B564-4AA7B6BF2AE1}.Debug|Mixed Platforms.ActiveCfg = Debug|Any CPU
		{1D73FD20-9700-4018-B564-4AA7B6BF2AE1}.Debug|Mixed Platforms.Build.0 = Debug|Any CPU
		{1D73FD20-9700-4018-B564-4AA7B6BF2AE1}.Debug|Win32.ActiveCfg = Debug|Any CPU
		{1D73FD20-9700-4018-B564-4AA7B6BF2AE1}.Debug|x64.ActiveCfg = Debug|Any CPU
		{1D73FD20-9700-4018-B564-4AA7B6BF2AE1}.Debug|x86.ActiveCfg = Debug|Any CPU
		{1D73FD20-9700-4018-B564-4AA7B6BF2AE1}.Release|Any CPU.ActiveCfg = Release|Any CPU
		{1D73FD20-9700-4018-B564-4AA7B6BF2AE1}.Release|Any CPU.Build.0 = Release|Any CPU
		{1D73FD20-9700-4018-B564-4AA7B6BF2AE1}.Release|Mixed Platforms.ActiveCfg = Release|Any CPU
		{1D73FD20-9700-4018-B564-4AA7B6BF2AE1}.Release|Mixed Platforms.Build.0 = Release|Any CPU
		{1D73FD20-9700-4018-B564-4AA7B6BF2AE1}.Release|Win32.ActiveCfg = Release|Any CPU
		{1D73FD20-9700-4018-B564-4AA7B6BF2AE1}.Release|Win32.Build.0 = Release|Any CPU
		{1D73FD20-9700-4018-B564-4AA7B6BF2AE1}.Release|x64.ActiveCfg = Release|Any CPU
		{1D73FD20-9700-4018-B564-4AA7B6BF2AE1}.Release|x86.ActiveCfg = Release|Any CPU
		{5CD97BBC-C4DB-433E-9C4E-A1FE12EDFC70}.Debug|Any CPU.ActiveCfg = Debug|Any CPU
		{5CD97BBC-C4DB-433E-9C4E-A1FE12EDFC70}.Debug|Any CPU.Build.0 = Debug|Any CPU
		{5CD97BBC-C4DB-433E-9C4E-A1FE12EDFC70}.Debug|Mixed Platforms.ActiveCfg = Debug|Any CPU
		{5CD97BBC-C4DB-433E-9C4E-A1FE12EDFC70}.Debug|Mixed Platforms.Build.0 = Debug|Any CPU
		{5CD97BBC-C4DB-433E-9C4E-A1FE12EDFC70}.Debug|Win32.ActiveCfg = Debug|Any CPU
		{5CD97BBC-C4DB-433E-9C4E-A1FE12EDFC70}.Debug|x64.ActiveCfg = Debug|Any CPU
		{5CD97BBC-C4DB-433E-9C4E-A1FE12EDFC70}.Debug|x86.ActiveCfg = Debug|Any CPU
		{5CD97BBC-C4DB-433E-9C4E-A1FE12EDFC70}.Release|Any CPU.ActiveCfg = Debug|Any CPU
		{5CD97BBC-C4DB-433E-9C4E-A1FE12EDFC70}.Release|Any CPU.Build.0 = Debug|Any CPU
		{5CD97BBC-C4DB-433E-9C4E-A1FE12EDFC70}.Release|Mixed Platforms.ActiveCfg = Debug|Any CPU
		{5CD97BBC-C4DB-433E-9C4E-A1FE12EDFC70}.Release|Mixed Platforms.Build.0 = Debug|Any CPU
		{5CD97BBC-C4DB-433E-9C4E-A1FE12EDFC70}.Release|Win32.ActiveCfg = Debug|Any CPU
		{5CD97BBC-C4DB-433E-9C4E-A1FE12EDFC70}.Release|x64.ActiveCfg = Debug|Any CPU
		{5CD97BBC-C4DB-433E-9C4E-A1FE12EDFC70}.Release|x86.ActiveCfg = Debug|Any CPU
	EndGlobalSection
	GlobalSection(SolutionProperties) = preSolution
		HideSolutionNode = FALSE
	EndGlobalSection
	GlobalSection(NestedProjects) = preSolution
		{32A22435-0E56-4086-900E-E73F1B9216CE} = {7246ABF7-59FC-4225-A785-9E73830B00D6}
		{1AB15496-AC39-4AC7-8507-DF6033138943} = {70E7786B-1C0C-4557-84A0-DAC95A2240F7}
		{02FE2504-329C-4E39-A5F9-663567C1EA2D} = {70E7786B-1C0C-4557-84A0-DAC95A2240F7}
		{F6CBE303-3B5F-4CCC-B0B7-D81A6BD462C9} = {C063E180-573D-4365-9B9F-1F277E2B4EF8}
		{C93E9887-FF52-41E3-964D-665398828210} = {70E7786B-1C0C-4557-84A0-DAC95A2240F7}
		{D3B734CB-E7B8-4FF1-9390-A52E4E6C7291} = {094315CC-B029-4AD0-8E4B-998A7094808B}
		{9832DF71-1F64-475A-BE0E-5F50B3636997} = {094315CC-B029-4AD0-8E4B-998A7094808B}
		{4678B291-A943-48BA-BBBE-F681D5C51AE8} = {094315CC-B029-4AD0-8E4B-998A7094808B}
		{45E9E170-76B7-4E71-B557-9B131E0C175B} = {70E7786B-1C0C-4557-84A0-DAC95A2240F7}
		{D33DF366-7A84-4078-9801-30C145525070} = {8F8C643C-10D8-46BE-AA4F-CC58EACA0E49}
		{90934219-A7A1-4445-A333-81C1A28F3672} = {8F8C643C-10D8-46BE-AA4F-CC58EACA0E49}
		{ED9454DE-9AC1-4E5D-93A2-9ABF5D6ABC55} = {094315CC-B029-4AD0-8E4B-998A7094808B}
		{4D5DE559-0A46-4024-9DFE-5BB913A44B12} = {70E7786B-1C0C-4557-84A0-DAC95A2240F7}
		{464DCE7E-4F29-4169-BF26-D563DE3A5712} = {094315CC-B029-4AD0-8E4B-998A7094808B}
		{35CA8818-7E08-4B4C-A5F3-1F1E5DD0B973} = {70E7786B-1C0C-4557-84A0-DAC95A2240F7}
		{646B50A9-5B1E-4866-9639-660D1DB66D07} = {7246ABF7-59FC-4225-A785-9E73830B00D6}
		{1D73FD20-9700-4018-B564-4AA7B6BF2AE1} = {70E7786B-1C0C-4557-84A0-DAC95A2240F7}
		{5CD97BBC-C4DB-433E-9C4E-A1FE12EDFC70} = {7246ABF7-59FC-4225-A785-9E73830B00D6}
	EndGlobalSection
EndGlobal
