
Microsoft Visual Studio Solution File, Format Version 12.00
# Visual Studio 2013
VisualStudioVersion = 12.0.31101.0
MinimumVisualStudioVersion = 10.0.40219.1
Project("{2150E333-8FDC-42A3-9474-1A3956D46DE8}") = "readme", "readme", "{9C9F0FC0-A770-4DA1-8047-6FA418C13B08}"
	ProjectSection(SolutionItems) = preProject
		README.md = README.md
	EndProjectSection
EndProject
Project("{8BC9CEB8-8B4A-11D0-8D11-00A0C91BC942}") = "CvKinectCapture", "CvKinectCapture\CvKinectCapture.vcxproj", "{C93E9887-FF52-41E3-964D-665398828210}"
EndProject
Project("{FAE04EC0-301F-11D3-BF4B-00C04F79EFBC}") = "GestureRecognition", "GestureRecognition\GestureRecognition.csproj", "{A4E3A730-C4EE-420E-B599-E7FBF9078C8C}"
EndProject
Project("{8BC9CEB8-8B4A-11D0-8D11-00A0C91BC942}") = "experimot_msgs", "experimot_msgs\experimot_msgs.vcxproj", "{1AB15496-AC39-4AC7-8507-DF6033138943}"
EndProject
Project("{2150E333-8FDC-42A3-9474-1A3956D46DE8}") = "core", "core", "{70E7786B-1C0C-4557-84A0-DAC95A2240F7}"
EndProject
Project("{2150E333-8FDC-42A3-9474-1A3956D46DE8}") = "cv", "cv", "{AFB61B6D-1251-471C-90FE-2978179EDC60}"
EndProject
Project("{8BC9CEB8-8B4A-11D0-8D11-00A0C91BC942}") = "experimot_msgs_gen", "experimot_msgs_gen\experimot_msgs_gen.vcxproj", "{02FE2504-329C-4E39-A5F9-663567C1EA2D}"
EndProject
Project("{2150E333-8FDC-42A3-9474-1A3956D46DE8}") = "simulation", "simulation", "{AD204C01-57A4-40D6-9862-AAEA5689DAE8}"
EndProject
Project("{8BC9CEB8-8B4A-11D0-8D11-00A0C91BC942}") = "experimot_rave", "experimot_rave\experimot_rave.vcxproj", "{9832DF71-1F64-475A-BE0E-5F50B3636997}"
EndProject
Project("{2150E333-8FDC-42A3-9474-1A3956D46DE8}") = "studio", "studio", "{7246ABF7-59FC-4225-A785-9E73830B00D6}"
EndProject
Project("{FAE04EC0-301F-11D3-BF4B-00C04F79EFBC}") = "ExperimotStudio", "studio\ExperimotStudio\ExperimotStudio.csproj", "{646B50A9-5B1E-4866-9639-660D1DB66D07}"
EndProject
Project("{2150E333-8FDC-42A3-9474-1A3956D46DE8}") = "kinect", "kinect", "{094315CC-B029-4AD0-8E4B-998A7094808B}"
EndProject
Project("{FAE04EC0-301F-11D3-BF4B-00C04F79EFBC}") = "KinectPlayback", "KinectPlayback\KinectPlayback.csproj", "{90934219-A7A1-4445-A333-81C1A28F3672}"
EndProject
Project("{FAE04EC0-301F-11D3-BF4B-00C04F79EFBC}") = "ExperimotPerception", "ExperimotPerception\ExperimotPerception.csproj", "{4678B291-A943-48BA-BBBE-F681D5C51AE8}"
EndProject
Project("{FAE04EC0-301F-11D3-BF4B-00C04F79EFBC}") = "ProtoGen", "ProtoGen\ProtoGen.csproj", "{F6CBE303-3B5F-4CCC-B0B7-D81A6BD462C9}"
EndProject
Project("{FAE04EC0-301F-11D3-BF4B-00C04F79EFBC}") = "Experimot.Msgs", "Experimot.Msgs\Experimot.Msgs.csproj", "{45E9E170-76B7-4E71-B557-9B131E0C175B}"
	ProjectSection(ProjectDependencies) = postProject
		{1AB15496-AC39-4AC7-8507-DF6033138943} = {1AB15496-AC39-4AC7-8507-DF6033138943}
	EndProjectSection
EndProject
Project("{8BC9CEB8-8B4A-11D0-8D11-00A0C91BC942}") = "experimot_localization", "experimot_localization\experimot_localization.vcxproj", "{D3B734CB-E7B8-4FF1-9390-A52E4E6C7291}"
EndProject
Project("{FAE04EC0-301F-11D3-BF4B-00C04F79EFBC}") = "Scheduler", "Scheduler\Scheduler.csproj", "{32A22435-0E56-4086-900E-E73F1B9216CE}"
EndProject
Project("{8BC9CEB8-8B4A-11D0-8D11-00A0C91BC942}") = "CvKinectCalibration", "CvKinectCalibration\OpenCV_Calibration.vcxproj", "{D33DF366-7A84-4078-9801-30C145525070}"
EndProject
Project("{2150E333-8FDC-42A3-9474-1A3956D46DE8}") = "tools", "tools", "{8F8C643C-10D8-46BE-AA4F-CC58EACA0E49}"
EndProject
Global
	GlobalSection(SolutionConfigurationPlatforms) = preSolution
		CoreOnly|Any CPU = CoreOnly|Any CPU
		CoreOnly|Mixed Platforms = CoreOnly|Mixed Platforms
		CoreOnly|Win32 = CoreOnly|Win32
		CoreOnly|x64 = CoreOnly|x64
		CoreOnly|x86 = CoreOnly|x86
		Debug|Any CPU = Debug|Any CPU
		Debug|Mixed Platforms = Debug|Mixed Platforms
		Debug|Win32 = Debug|Win32
		Debug|x64 = Debug|x64
		Debug|x86 = Debug|x86
		iOS|Any CPU = iOS|Any CPU
		iOS|Mixed Platforms = iOS|Mixed Platforms
		iOS|Win32 = iOS|Win32
		iOS|x64 = iOS|x64
		iOS|x86 = iOS|x86
		Release|Any CPU = Release|Any CPU
		Release|Mixed Platforms = Release|Mixed Platforms
		Release|Win32 = Release|Win32
		Release|x64 = Release|x64
		Release|x86 = Release|x86
		RelWithDebugInfo|Any CPU = RelWithDebugInfo|Any CPU
		RelWithDebugInfo|Mixed Platforms = RelWithDebugInfo|Mixed Platforms
		RelWithDebugInfo|Win32 = RelWithDebugInfo|Win32
		RelWithDebugInfo|x64 = RelWithDebugInfo|x64
		RelWithDebugInfo|x86 = RelWithDebugInfo|x86
		Unity|Any CPU = Unity|Any CPU
		Unity|Mixed Platforms = Unity|Mixed Platforms
		Unity|Win32 = Unity|Win32
		Unity|x64 = Unity|x64
		Unity|x86 = Unity|x86
	EndGlobalSection
	GlobalSection(ProjectConfigurationPlatforms) = postSolution
		{C93E9887-FF52-41E3-964D-665398828210}.CoreOnly|Any CPU.ActiveCfg = Release|Win32
		{C93E9887-FF52-41E3-964D-665398828210}.CoreOnly|Mixed Platforms.ActiveCfg = Release|Win32
		{C93E9887-FF52-41E3-964D-665398828210}.CoreOnly|Mixed Platforms.Build.0 = Release|Win32
		{C93E9887-FF52-41E3-964D-665398828210}.CoreOnly|Win32.ActiveCfg = Release|Win32
		{C93E9887-FF52-41E3-964D-665398828210}.CoreOnly|Win32.Build.0 = Release|Win32
		{C93E9887-FF52-41E3-964D-665398828210}.CoreOnly|x64.ActiveCfg = Release|Win32
		{C93E9887-FF52-41E3-964D-665398828210}.CoreOnly|x86.ActiveCfg = Release|Win32
		{C93E9887-FF52-41E3-964D-665398828210}.CoreOnly|x86.Build.0 = Release|Win32
		{C93E9887-FF52-41E3-964D-665398828210}.Debug|Any CPU.ActiveCfg = Debug|Win32
		{C93E9887-FF52-41E3-964D-665398828210}.Debug|Mixed Platforms.ActiveCfg = Debug|Win32
		{C93E9887-FF52-41E3-964D-665398828210}.Debug|Mixed Platforms.Build.0 = Debug|Win32
		{C93E9887-FF52-41E3-964D-665398828210}.Debug|Win32.ActiveCfg = Debug|Win32
		{C93E9887-FF52-41E3-964D-665398828210}.Debug|Win32.Build.0 = Debug|Win32
		{C93E9887-FF52-41E3-964D-665398828210}.Debug|x64.ActiveCfg = Debug|Win32
		{C93E9887-FF52-41E3-964D-665398828210}.Debug|x86.ActiveCfg = Debug|Win32
		{C93E9887-FF52-41E3-964D-665398828210}.Debug|x86.Build.0 = Debug|Win32
		{C93E9887-FF52-41E3-964D-665398828210}.iOS|Any CPU.ActiveCfg = Release|Win32
		{C93E9887-FF52-41E3-964D-665398828210}.iOS|Mixed Platforms.ActiveCfg = Release|Win32
		{C93E9887-FF52-41E3-964D-665398828210}.iOS|Mixed Platforms.Build.0 = Release|Win32
		{C93E9887-FF52-41E3-964D-665398828210}.iOS|Win32.ActiveCfg = Release|Win32
		{C93E9887-FF52-41E3-964D-665398828210}.iOS|Win32.Build.0 = Release|Win32
		{C93E9887-FF52-41E3-964D-665398828210}.iOS|x64.ActiveCfg = Release|Win32
		{C93E9887-FF52-41E3-964D-665398828210}.iOS|x86.ActiveCfg = Release|Win32
		{C93E9887-FF52-41E3-964D-665398828210}.iOS|x86.Build.0 = Release|Win32
		{C93E9887-FF52-41E3-964D-665398828210}.Release|Any CPU.ActiveCfg = Release|Win32
		{C93E9887-FF52-41E3-964D-665398828210}.Release|Mixed Platforms.ActiveCfg = Release|Win32
		{C93E9887-FF52-41E3-964D-665398828210}.Release|Mixed Platforms.Build.0 = Release|Win32
		{C93E9887-FF52-41E3-964D-665398828210}.Release|Win32.ActiveCfg = Release|Win32
		{C93E9887-FF52-41E3-964D-665398828210}.Release|Win32.Build.0 = Release|Win32
		{C93E9887-FF52-41E3-964D-665398828210}.Release|x64.ActiveCfg = Release|Win32
		{C93E9887-FF52-41E3-964D-665398828210}.Release|x86.ActiveCfg = Release|Win32
		{C93E9887-FF52-41E3-964D-665398828210}.Release|x86.Build.0 = Release|Win32
		{C93E9887-FF52-41E3-964D-665398828210}.RelWithDebugInfo|Any CPU.ActiveCfg = Debug|Win32
		{C93E9887-FF52-41E3-964D-665398828210}.RelWithDebugInfo|Mixed Platforms.ActiveCfg = Debug|Win32
		{C93E9887-FF52-41E3-964D-665398828210}.RelWithDebugInfo|Mixed Platforms.Build.0 = Debug|Win32
		{C93E9887-FF52-41E3-964D-665398828210}.RelWithDebugInfo|Win32.ActiveCfg = Debug|Win32
		{C93E9887-FF52-41E3-964D-665398828210}.RelWithDebugInfo|Win32.Build.0 = Debug|Win32
		{C93E9887-FF52-41E3-964D-665398828210}.RelWithDebugInfo|x64.ActiveCfg = Debug|Win32
		{C93E9887-FF52-41E3-964D-665398828210}.RelWithDebugInfo|x86.ActiveCfg = Debug|Win32
		{C93E9887-FF52-41E3-964D-665398828210}.RelWithDebugInfo|x86.Build.0 = Debug|Win32
		{C93E9887-FF52-41E3-964D-665398828210}.Unity|Any CPU.ActiveCfg = Release|Win32
		{C93E9887-FF52-41E3-964D-665398828210}.Unity|Mixed Platforms.ActiveCfg = Release|Win32
		{C93E9887-FF52-41E3-964D-665398828210}.Unity|Mixed Platforms.Build.0 = Release|Win32
		{C93E9887-FF52-41E3-964D-665398828210}.Unity|Win32.ActiveCfg = Release|Win32
		{C93E9887-FF52-41E3-964D-665398828210}.Unity|Win32.Build.0 = Release|Win32
		{C93E9887-FF52-41E3-964D-665398828210}.Unity|x64.ActiveCfg = Release|Win32
		{C93E9887-FF52-41E3-964D-665398828210}.Unity|x86.ActiveCfg = Release|Win32
		{C93E9887-FF52-41E3-964D-665398828210}.Unity|x86.Build.0 = Release|Win32
		{A4E3A730-C4EE-420E-B599-E7FBF9078C8C}.CoreOnly|Any CPU.ActiveCfg = Release|x86
		{A4E3A730-C4EE-420E-B599-E7FBF9078C8C}.CoreOnly|Mixed Platforms.ActiveCfg = Release|x86
		{A4E3A730-C4EE-420E-B599-E7FBF9078C8C}.CoreOnly|Mixed Platforms.Build.0 = Release|x86
		{A4E3A730-C4EE-420E-B599-E7FBF9078C8C}.CoreOnly|Win32.ActiveCfg = Release|x86
		{A4E3A730-C4EE-420E-B599-E7FBF9078C8C}.CoreOnly|Win32.Build.0 = Release|x86
		{A4E3A730-C4EE-420E-B599-E7FBF9078C8C}.CoreOnly|x64.ActiveCfg = Release|x64
		{A4E3A730-C4EE-420E-B599-E7FBF9078C8C}.CoreOnly|x64.Build.0 = Release|x64
		{A4E3A730-C4EE-420E-B599-E7FBF9078C8C}.CoreOnly|x86.ActiveCfg = Release|x86
		{A4E3A730-C4EE-420E-B599-E7FBF9078C8C}.CoreOnly|x86.Build.0 = Release|x86
		{A4E3A730-C4EE-420E-B599-E7FBF9078C8C}.Debug|Any CPU.ActiveCfg = Debug|x86
		{A4E3A730-C4EE-420E-B599-E7FBF9078C8C}.Debug|Mixed Platforms.ActiveCfg = Debug|x86
		{A4E3A730-C4EE-420E-B599-E7FBF9078C8C}.Debug|Mixed Platforms.Build.0 = Debug|x86
		{A4E3A730-C4EE-420E-B599-E7FBF9078C8C}.Debug|Win32.ActiveCfg = Debug|x86
		{A4E3A730-C4EE-420E-B599-E7FBF9078C8C}.Debug|Win32.Build.0 = Debug|x86
		{A4E3A730-C4EE-420E-B599-E7FBF9078C8C}.Debug|x64.ActiveCfg = Debug|x64
		{A4E3A730-C4EE-420E-B599-E7FBF9078C8C}.Debug|x64.Build.0 = Debug|x64
		{A4E3A730-C4EE-420E-B599-E7FBF9078C8C}.Debug|x86.ActiveCfg = Debug|x86
		{A4E3A730-C4EE-420E-B599-E7FBF9078C8C}.Debug|x86.Build.0 = Debug|x86
		{A4E3A730-C4EE-420E-B599-E7FBF9078C8C}.iOS|Any CPU.ActiveCfg = Release|x86
		{A4E3A730-C4EE-420E-B599-E7FBF9078C8C}.iOS|Mixed Platforms.ActiveCfg = Release|x86
		{A4E3A730-C4EE-420E-B599-E7FBF9078C8C}.iOS|Mixed Platforms.Build.0 = Release|x86
		{A4E3A730-C4EE-420E-B599-E7FBF9078C8C}.iOS|Win32.ActiveCfg = Release|x86
		{A4E3A730-C4EE-420E-B599-E7FBF9078C8C}.iOS|Win32.Build.0 = Release|x86
		{A4E3A730-C4EE-420E-B599-E7FBF9078C8C}.iOS|x64.ActiveCfg = Release|x64
		{A4E3A730-C4EE-420E-B599-E7FBF9078C8C}.iOS|x64.Build.0 = Release|x64
		{A4E3A730-C4EE-420E-B599-E7FBF9078C8C}.iOS|x86.ActiveCfg = Release|x86
		{A4E3A730-C4EE-420E-B599-E7FBF9078C8C}.iOS|x86.Build.0 = Release|x86
		{A4E3A730-C4EE-420E-B599-E7FBF9078C8C}.Release|Any CPU.ActiveCfg = Release|x86
		{A4E3A730-C4EE-420E-B599-E7FBF9078C8C}.Release|Mixed Platforms.ActiveCfg = Release|x86
		{A4E3A730-C4EE-420E-B599-E7FBF9078C8C}.Release|Mixed Platforms.Build.0 = Release|x86
		{A4E3A730-C4EE-420E-B599-E7FBF9078C8C}.Release|Win32.ActiveCfg = Release|x86
		{A4E3A730-C4EE-420E-B599-E7FBF9078C8C}.Release|Win32.Build.0 = Release|x86
		{A4E3A730-C4EE-420E-B599-E7FBF9078C8C}.Release|x64.ActiveCfg = Release|x64
		{A4E3A730-C4EE-420E-B599-E7FBF9078C8C}.Release|x64.Build.0 = Release|x64
		{A4E3A730-C4EE-420E-B599-E7FBF9078C8C}.Release|x86.ActiveCfg = Release|x86
		{A4E3A730-C4EE-420E-B599-E7FBF9078C8C}.Release|x86.Build.0 = Release|x86
		{A4E3A730-C4EE-420E-B599-E7FBF9078C8C}.RelWithDebugInfo|Any CPU.ActiveCfg = Debug|x86
		{A4E3A730-C4EE-420E-B599-E7FBF9078C8C}.RelWithDebugInfo|Mixed Platforms.ActiveCfg = Debug|x86
		{A4E3A730-C4EE-420E-B599-E7FBF9078C8C}.RelWithDebugInfo|Mixed Platforms.Build.0 = Debug|x86
		{A4E3A730-C4EE-420E-B599-E7FBF9078C8C}.RelWithDebugInfo|Win32.ActiveCfg = Debug|x86
		{A4E3A730-C4EE-420E-B599-E7FBF9078C8C}.RelWithDebugInfo|Win32.Build.0 = Debug|x86
		{A4E3A730-C4EE-420E-B599-E7FBF9078C8C}.RelWithDebugInfo|x64.ActiveCfg = Debug|x64
		{A4E3A730-C4EE-420E-B599-E7FBF9078C8C}.RelWithDebugInfo|x64.Build.0 = Debug|x64
		{A4E3A730-C4EE-420E-B599-E7FBF9078C8C}.RelWithDebugInfo|x86.ActiveCfg = Debug|x86
		{A4E3A730-C4EE-420E-B599-E7FBF9078C8C}.RelWithDebugInfo|x86.Build.0 = Debug|x86
		{A4E3A730-C4EE-420E-B599-E7FBF9078C8C}.Unity|Any CPU.ActiveCfg = Release|x86
		{A4E3A730-C4EE-420E-B599-E7FBF9078C8C}.Unity|Mixed Platforms.ActiveCfg = Release|x86
		{A4E3A730-C4EE-420E-B599-E7FBF9078C8C}.Unity|Mixed Platforms.Build.0 = Release|x86
		{A4E3A730-C4EE-420E-B599-E7FBF9078C8C}.Unity|Win32.ActiveCfg = Release|x86
		{A4E3A730-C4EE-420E-B599-E7FBF9078C8C}.Unity|Win32.Build.0 = Release|x86
		{A4E3A730-C4EE-420E-B599-E7FBF9078C8C}.Unity|x64.ActiveCfg = Release|x64
		{A4E3A730-C4EE-420E-B599-E7FBF9078C8C}.Unity|x64.Build.0 = Release|x64
		{A4E3A730-C4EE-420E-B599-E7FBF9078C8C}.Unity|x86.ActiveCfg = Release|x86
		{A4E3A730-C4EE-420E-B599-E7FBF9078C8C}.Unity|x86.Build.0 = Release|x86
		{1AB15496-AC39-4AC7-8507-DF6033138943}.CoreOnly|Any CPU.ActiveCfg = Release|Win32
		{1AB15496-AC39-4AC7-8507-DF6033138943}.CoreOnly|Mixed Platforms.ActiveCfg = Release|Win32
		{1AB15496-AC39-4AC7-8507-DF6033138943}.CoreOnly|Mixed Platforms.Build.0 = Release|Win32
		{1AB15496-AC39-4AC7-8507-DF6033138943}.CoreOnly|Win32.ActiveCfg = Release|Win32
		{1AB15496-AC39-4AC7-8507-DF6033138943}.CoreOnly|Win32.Build.0 = Release|Win32
		{1AB15496-AC39-4AC7-8507-DF6033138943}.CoreOnly|x64.ActiveCfg = Release|Win32
		{1AB15496-AC39-4AC7-8507-DF6033138943}.CoreOnly|x86.ActiveCfg = Release|Win32
		{1AB15496-AC39-4AC7-8507-DF6033138943}.CoreOnly|x86.Build.0 = Release|Win32
		{1AB15496-AC39-4AC7-8507-DF6033138943}.Debug|Any CPU.ActiveCfg = Debug|Win32
		{1AB15496-AC39-4AC7-8507-DF6033138943}.Debug|Mixed Platforms.ActiveCfg = Debug|Win32
		{1AB15496-AC39-4AC7-8507-DF6033138943}.Debug|Mixed Platforms.Build.0 = Debug|Win32
		{1AB15496-AC39-4AC7-8507-DF6033138943}.Debug|Win32.ActiveCfg = Debug|Win32
		{1AB15496-AC39-4AC7-8507-DF6033138943}.Debug|Win32.Build.0 = Debug|Win32
		{1AB15496-AC39-4AC7-8507-DF6033138943}.Debug|x64.ActiveCfg = Debug|Win32
		{1AB15496-AC39-4AC7-8507-DF6033138943}.Debug|x86.ActiveCfg = Debug|Win32
		{1AB15496-AC39-4AC7-8507-DF6033138943}.Debug|x86.Build.0 = Debug|Win32
		{1AB15496-AC39-4AC7-8507-DF6033138943}.iOS|Any CPU.ActiveCfg = Release|Win32
		{1AB15496-AC39-4AC7-8507-DF6033138943}.iOS|Mixed Platforms.ActiveCfg = Release|Win32
		{1AB15496-AC39-4AC7-8507-DF6033138943}.iOS|Mixed Platforms.Build.0 = Release|Win32
		{1AB15496-AC39-4AC7-8507-DF6033138943}.iOS|Win32.ActiveCfg = Release|Win32
		{1AB15496-AC39-4AC7-8507-DF6033138943}.iOS|Win32.Build.0 = Release|Win32
		{1AB15496-AC39-4AC7-8507-DF6033138943}.iOS|x64.ActiveCfg = Release|Win32
		{1AB15496-AC39-4AC7-8507-DF6033138943}.iOS|x86.ActiveCfg = Release|Win32
		{1AB15496-AC39-4AC7-8507-DF6033138943}.iOS|x86.Build.0 = Release|Win32
		{1AB15496-AC39-4AC7-8507-DF6033138943}.Release|Any CPU.ActiveCfg = Release|Win32
		{1AB15496-AC39-4AC7-8507-DF6033138943}.Release|Mixed Platforms.ActiveCfg = Release|Win32
		{1AB15496-AC39-4AC7-8507-DF6033138943}.Release|Mixed Platforms.Build.0 = Release|Win32
		{1AB15496-AC39-4AC7-8507-DF6033138943}.Release|Win32.ActiveCfg = Release|Win32
		{1AB15496-AC39-4AC7-8507-DF6033138943}.Release|Win32.Build.0 = Release|Win32
		{1AB15496-AC39-4AC7-8507-DF6033138943}.Release|x64.ActiveCfg = Release|Win32
		{1AB15496-AC39-4AC7-8507-DF6033138943}.Release|x86.ActiveCfg = Release|Win32
		{1AB15496-AC39-4AC7-8507-DF6033138943}.Release|x86.Build.0 = Release|Win32
		{1AB15496-AC39-4AC7-8507-DF6033138943}.RelWithDebugInfo|Any CPU.ActiveCfg = Debug|Win32
		{1AB15496-AC39-4AC7-8507-DF6033138943}.RelWithDebugInfo|Mixed Platforms.ActiveCfg = Debug|Win32
		{1AB15496-AC39-4AC7-8507-DF6033138943}.RelWithDebugInfo|Mixed Platforms.Build.0 = Debug|Win32
		{1AB15496-AC39-4AC7-8507-DF6033138943}.RelWithDebugInfo|Win32.ActiveCfg = Debug|Win32
		{1AB15496-AC39-4AC7-8507-DF6033138943}.RelWithDebugInfo|Win32.Build.0 = Debug|Win32
		{1AB15496-AC39-4AC7-8507-DF6033138943}.RelWithDebugInfo|x64.ActiveCfg = Debug|Win32
		{1AB15496-AC39-4AC7-8507-DF6033138943}.RelWithDebugInfo|x86.ActiveCfg = Debug|Win32
		{1AB15496-AC39-4AC7-8507-DF6033138943}.RelWithDebugInfo|x86.Build.0 = Debug|Win32
		{1AB15496-AC39-4AC7-8507-DF6033138943}.Unity|Any CPU.ActiveCfg = Release|Win32
		{1AB15496-AC39-4AC7-8507-DF6033138943}.Unity|Mixed Platforms.ActiveCfg = Release|Win32
		{1AB15496-AC39-4AC7-8507-DF6033138943}.Unity|Mixed Platforms.Build.0 = Release|Win32
		{1AB15496-AC39-4AC7-8507-DF6033138943}.Unity|Win32.ActiveCfg = Release|Win32
		{1AB15496-AC39-4AC7-8507-DF6033138943}.Unity|Win32.Build.0 = Release|Win32
		{1AB15496-AC39-4AC7-8507-DF6033138943}.Unity|x64.ActiveCfg = Release|Win32
		{1AB15496-AC39-4AC7-8507-DF6033138943}.Unity|x86.ActiveCfg = Release|Win32
		{1AB15496-AC39-4AC7-8507-DF6033138943}.Unity|x86.Build.0 = Release|Win32
		{02FE2504-329C-4E39-A5F9-663567C1EA2D}.CoreOnly|Any CPU.ActiveCfg = Release|Win32
		{02FE2504-329C-4E39-A5F9-663567C1EA2D}.CoreOnly|Mixed Platforms.ActiveCfg = Release|Win32
		{02FE2504-329C-4E39-A5F9-663567C1EA2D}.CoreOnly|Mixed Platforms.Build.0 = Release|Win32
		{02FE2504-329C-4E39-A5F9-663567C1EA2D}.CoreOnly|Win32.ActiveCfg = Release|Win32
		{02FE2504-329C-4E39-A5F9-663567C1EA2D}.CoreOnly|Win32.Build.0 = Release|Win32
		{02FE2504-329C-4E39-A5F9-663567C1EA2D}.CoreOnly|x64.ActiveCfg = Release|Win32
		{02FE2504-329C-4E39-A5F9-663567C1EA2D}.CoreOnly|x86.ActiveCfg = Release|Win32
		{02FE2504-329C-4E39-A5F9-663567C1EA2D}.CoreOnly|x86.Build.0 = Release|Win32
		{02FE2504-329C-4E39-A5F9-663567C1EA2D}.Debug|Any CPU.ActiveCfg = Debug|Win32
		{02FE2504-329C-4E39-A5F9-663567C1EA2D}.Debug|Mixed Platforms.ActiveCfg = Debug|Win32
		{02FE2504-329C-4E39-A5F9-663567C1EA2D}.Debug|Mixed Platforms.Build.0 = Debug|Win32
		{02FE2504-329C-4E39-A5F9-663567C1EA2D}.Debug|Win32.ActiveCfg = Debug|Win32
		{02FE2504-329C-4E39-A5F9-663567C1EA2D}.Debug|Win32.Build.0 = Debug|Win32
		{02FE2504-329C-4E39-A5F9-663567C1EA2D}.Debug|x64.ActiveCfg = Debug|Win32
		{02FE2504-329C-4E39-A5F9-663567C1EA2D}.Debug|x86.ActiveCfg = Debug|Win32
		{02FE2504-329C-4E39-A5F9-663567C1EA2D}.Debug|x86.Build.0 = Debug|Win32
		{02FE2504-329C-4E39-A5F9-663567C1EA2D}.iOS|Any CPU.ActiveCfg = Release|Win32
		{02FE2504-329C-4E39-A5F9-663567C1EA2D}.iOS|Mixed Platforms.ActiveCfg = Release|Win32
		{02FE2504-329C-4E39-A5F9-663567C1EA2D}.iOS|Mixed Platforms.Build.0 = Release|Win32
		{02FE2504-329C-4E39-A5F9-663567C1EA2D}.iOS|Win32.ActiveCfg = Release|Win32
		{02FE2504-329C-4E39-A5F9-663567C1EA2D}.iOS|Win32.Build.0 = Release|Win32
		{02FE2504-329C-4E39-A5F9-663567C1EA2D}.iOS|x64.ActiveCfg = Release|Win32
		{02FE2504-329C-4E39-A5F9-663567C1EA2D}.iOS|x86.ActiveCfg = Release|Win32
		{02FE2504-329C-4E39-A5F9-663567C1EA2D}.iOS|x86.Build.0 = Release|Win32
		{02FE2504-329C-4E39-A5F9-663567C1EA2D}.Release|Any CPU.ActiveCfg = Release|Win32
		{02FE2504-329C-4E39-A5F9-663567C1EA2D}.Release|Mixed Platforms.ActiveCfg = Release|Win32
		{02FE2504-329C-4E39-A5F9-663567C1EA2D}.Release|Mixed Platforms.Build.0 = Release|Win32
		{02FE2504-329C-4E39-A5F9-663567C1EA2D}.Release|Win32.ActiveCfg = Release|Win32
		{02FE2504-329C-4E39-A5F9-663567C1EA2D}.Release|Win32.Build.0 = Release|Win32
		{02FE2504-329C-4E39-A5F9-663567C1EA2D}.Release|x64.ActiveCfg = Release|Win32
		{02FE2504-329C-4E39-A5F9-663567C1EA2D}.Release|x86.ActiveCfg = Release|Win32
		{02FE2504-329C-4E39-A5F9-663567C1EA2D}.Release|x86.Build.0 = Release|Win32
		{02FE2504-329C-4E39-A5F9-663567C1EA2D}.RelWithDebugInfo|Any CPU.ActiveCfg = Debug|Win32
		{02FE2504-329C-4E39-A5F9-663567C1EA2D}.RelWithDebugInfo|Mixed Platforms.ActiveCfg = Debug|Win32
		{02FE2504-329C-4E39-A5F9-663567C1EA2D}.RelWithDebugInfo|Mixed Platforms.Build.0 = Debug|Win32
		{02FE2504-329C-4E39-A5F9-663567C1EA2D}.RelWithDebugInfo|Win32.ActiveCfg = Debug|Win32
		{02FE2504-329C-4E39-A5F9-663567C1EA2D}.RelWithDebugInfo|Win32.Build.0 = Debug|Win32
		{02FE2504-329C-4E39-A5F9-663567C1EA2D}.RelWithDebugInfo|x64.ActiveCfg = Debug|Win32
		{02FE2504-329C-4E39-A5F9-663567C1EA2D}.RelWithDebugInfo|x86.ActiveCfg = Debug|Win32
		{02FE2504-329C-4E39-A5F9-663567C1EA2D}.RelWithDebugInfo|x86.Build.0 = Debug|Win32
		{02FE2504-329C-4E39-A5F9-663567C1EA2D}.Unity|Any CPU.ActiveCfg = Release|Win32
		{02FE2504-329C-4E39-A5F9-663567C1EA2D}.Unity|Mixed Platforms.ActiveCfg = Release|Win32
		{02FE2504-329C-4E39-A5F9-663567C1EA2D}.Unity|Mixed Platforms.Build.0 = Release|Win32
		{02FE2504-329C-4E39-A5F9-663567C1EA2D}.Unity|Win32.ActiveCfg = Release|Win32
		{02FE2504-329C-4E39-A5F9-663567C1EA2D}.Unity|Win32.Build.0 = Release|Win32
		{02FE2504-329C-4E39-A5F9-663567C1EA2D}.Unity|x64.ActiveCfg = Release|Win32
		{02FE2504-329C-4E39-A5F9-663567C1EA2D}.Unity|x86.ActiveCfg = Release|Win32
		{02FE2504-329C-4E39-A5F9-663567C1EA2D}.Unity|x86.Build.0 = Release|Win32
		{9832DF71-1F64-475A-BE0E-5F50B3636997}.CoreOnly|Any CPU.ActiveCfg = Release|Win32
		{9832DF71-1F64-475A-BE0E-5F50B3636997}.CoreOnly|Mixed Platforms.ActiveCfg = Release|Win32
		{9832DF71-1F64-475A-BE0E-5F50B3636997}.CoreOnly|Mixed Platforms.Build.0 = Release|Win32
		{9832DF71-1F64-475A-BE0E-5F50B3636997}.CoreOnly|Win32.ActiveCfg = Release|Win32
		{9832DF71-1F64-475A-BE0E-5F50B3636997}.CoreOnly|Win32.Build.0 = Release|Win32
		{9832DF71-1F64-475A-BE0E-5F50B3636997}.CoreOnly|x64.ActiveCfg = Release|Win32
		{9832DF71-1F64-475A-BE0E-5F50B3636997}.CoreOnly|x86.ActiveCfg = Release|Win32
		{9832DF71-1F64-475A-BE0E-5F50B3636997}.CoreOnly|x86.Build.0 = Release|Win32
		{9832DF71-1F64-475A-BE0E-5F50B3636997}.Debug|Any CPU.ActiveCfg = Debug|Win32
		{9832DF71-1F64-475A-BE0E-5F50B3636997}.Debug|Mixed Platforms.ActiveCfg = Debug|Win32
		{9832DF71-1F64-475A-BE0E-5F50B3636997}.Debug|Mixed Platforms.Build.0 = Debug|Win32
		{9832DF71-1F64-475A-BE0E-5F50B3636997}.Debug|Win32.ActiveCfg = Debug|Win32
		{9832DF71-1F64-475A-BE0E-5F50B3636997}.Debug|Win32.Build.0 = Debug|Win32
		{9832DF71-1F64-475A-BE0E-5F50B3636997}.Debug|x64.ActiveCfg = Debug|Win32
		{9832DF71-1F64-475A-BE0E-5F50B3636997}.Debug|x86.ActiveCfg = Debug|Win32
		{9832DF71-1F64-475A-BE0E-5F50B3636997}.Debug|x86.Build.0 = Debug|Win32
		{9832DF71-1F64-475A-BE0E-5F50B3636997}.iOS|Any CPU.ActiveCfg = Release|Win32
		{9832DF71-1F64-475A-BE0E-5F50B3636997}.iOS|Mixed Platforms.ActiveCfg = Release|Win32
		{9832DF71-1F64-475A-BE0E-5F50B3636997}.iOS|Mixed Platforms.Build.0 = Release|Win32
		{9832DF71-1F64-475A-BE0E-5F50B3636997}.iOS|Win32.ActiveCfg = Release|Win32
		{9832DF71-1F64-475A-BE0E-5F50B3636997}.iOS|Win32.Build.0 = Release|Win32
		{9832DF71-1F64-475A-BE0E-5F50B3636997}.iOS|x64.ActiveCfg = Release|Win32
		{9832DF71-1F64-475A-BE0E-5F50B3636997}.iOS|x86.ActiveCfg = Release|Win32
		{9832DF71-1F64-475A-BE0E-5F50B3636997}.iOS|x86.Build.0 = Release|Win32
		{9832DF71-1F64-475A-BE0E-5F50B3636997}.Release|Any CPU.ActiveCfg = Release|Win32
		{9832DF71-1F64-475A-BE0E-5F50B3636997}.Release|Mixed Platforms.ActiveCfg = Release|Win32
		{9832DF71-1F64-475A-BE0E-5F50B3636997}.Release|Mixed Platforms.Build.0 = Release|Win32
		{9832DF71-1F64-475A-BE0E-5F50B3636997}.Release|Win32.ActiveCfg = Release|Win32
		{9832DF71-1F64-475A-BE0E-5F50B3636997}.Release|Win32.Build.0 = Release|Win32
		{9832DF71-1F64-475A-BE0E-5F50B3636997}.Release|x64.ActiveCfg = Release|Win32
		{9832DF71-1F64-475A-BE0E-5F50B3636997}.Release|x86.ActiveCfg = Release|Win32
		{9832DF71-1F64-475A-BE0E-5F50B3636997}.Release|x86.Build.0 = Release|Win32
		{9832DF71-1F64-475A-BE0E-5F50B3636997}.RelWithDebugInfo|Any CPU.ActiveCfg = Debug|Win32
		{9832DF71-1F64-475A-BE0E-5F50B3636997}.RelWithDebugInfo|Mixed Platforms.ActiveCfg = Debug|Win32
		{9832DF71-1F64-475A-BE0E-5F50B3636997}.RelWithDebugInfo|Mixed Platforms.Build.0 = Debug|Win32
		{9832DF71-1F64-475A-BE0E-5F50B3636997}.RelWithDebugInfo|Win32.ActiveCfg = Debug|Win32
		{9832DF71-1F64-475A-BE0E-5F50B3636997}.RelWithDebugInfo|Win32.Build.0 = Debug|Win32
		{9832DF71-1F64-475A-BE0E-5F50B3636997}.RelWithDebugInfo|x64.ActiveCfg = Debug|Win32
		{9832DF71-1F64-475A-BE0E-5F50B3636997}.RelWithDebugInfo|x86.ActiveCfg = Debug|Win32
		{9832DF71-1F64-475A-BE0E-5F50B3636997}.RelWithDebugInfo|x86.Build.0 = Debug|Win32
		{9832DF71-1F64-475A-BE0E-5F50B3636997}.Unity|Any CPU.ActiveCfg = Release|Win32
		{9832DF71-1F64-475A-BE0E-5F50B3636997}.Unity|Mixed Platforms.ActiveCfg = Release|Win32
		{9832DF71-1F64-475A-BE0E-5F50B3636997}.Unity|Mixed Platforms.Build.0 = Release|Win32
		{9832DF71-1F64-475A-BE0E-5F50B3636997}.Unity|Win32.ActiveCfg = Release|Win32
		{9832DF71-1F64-475A-BE0E-5F50B3636997}.Unity|Win32.Build.0 = Release|Win32
		{9832DF71-1F64-475A-BE0E-5F50B3636997}.Unity|x64.ActiveCfg = Release|Win32
		{9832DF71-1F64-475A-BE0E-5F50B3636997}.Unity|x86.ActiveCfg = Release|Win32
		{9832DF71-1F64-475A-BE0E-5F50B3636997}.Unity|x86.Build.0 = Release|Win32
		{646B50A9-5B1E-4866-9639-660D1DB66D07}.CoreOnly|Any CPU.ActiveCfg = Release|Any CPU
		{646B50A9-5B1E-4866-9639-660D1DB66D07}.CoreOnly|Any CPU.Build.0 = Release|Any CPU
		{646B50A9-5B1E-4866-9639-660D1DB66D07}.CoreOnly|Mixed Platforms.ActiveCfg = Release|Any CPU
		{646B50A9-5B1E-4866-9639-660D1DB66D07}.CoreOnly|Mixed Platforms.Build.0 = Release|Any CPU
		{646B50A9-5B1E-4866-9639-660D1DB66D07}.CoreOnly|Win32.ActiveCfg = Release|Any CPU
		{646B50A9-5B1E-4866-9639-660D1DB66D07}.CoreOnly|x64.ActiveCfg = Release|Any CPU
		{646B50A9-5B1E-4866-9639-660D1DB66D07}.CoreOnly|x86.ActiveCfg = Release|Any CPU
		{646B50A9-5B1E-4866-9639-660D1DB66D07}.Debug|Any CPU.ActiveCfg = Debug|Any CPU
		{646B50A9-5B1E-4866-9639-660D1DB66D07}.Debug|Any CPU.Build.0 = Debug|Any CPU
		{646B50A9-5B1E-4866-9639-660D1DB66D07}.Debug|Mixed Platforms.ActiveCfg = Debug|Any CPU
		{646B50A9-5B1E-4866-9639-660D1DB66D07}.Debug|Mixed Platforms.Build.0 = Debug|Any CPU
		{646B50A9-5B1E-4866-9639-660D1DB66D07}.Debug|Win32.ActiveCfg = Debug|Any CPU
		{646B50A9-5B1E-4866-9639-660D1DB66D07}.Debug|x64.ActiveCfg = Debug|Any CPU
		{646B50A9-5B1E-4866-9639-660D1DB66D07}.Debug|x86.ActiveCfg = Debug|Any CPU
		{646B50A9-5B1E-4866-9639-660D1DB66D07}.iOS|Any CPU.ActiveCfg = Release|Any CPU
		{646B50A9-5B1E-4866-9639-660D1DB66D07}.iOS|Any CPU.Build.0 = Release|Any CPU
		{646B50A9-5B1E-4866-9639-660D1DB66D07}.iOS|Mixed Platforms.ActiveCfg = Release|Any CPU
		{646B50A9-5B1E-4866-9639-660D1DB66D07}.iOS|Mixed Platforms.Build.0 = Release|Any CPU
		{646B50A9-5B1E-4866-9639-660D1DB66D07}.iOS|Win32.ActiveCfg = Release|Any CPU
		{646B50A9-5B1E-4866-9639-660D1DB66D07}.iOS|x64.ActiveCfg = Release|Any CPU
		{646B50A9-5B1E-4866-9639-660D1DB66D07}.iOS|x86.ActiveCfg = Release|Any CPU
		{646B50A9-5B1E-4866-9639-660D1DB66D07}.Release|Any CPU.ActiveCfg = Release|Any CPU
		{646B50A9-5B1E-4866-9639-660D1DB66D07}.Release|Any CPU.Build.0 = Release|Any CPU
		{646B50A9-5B1E-4866-9639-660D1DB66D07}.Release|Mixed Platforms.ActiveCfg = Release|Any CPU
		{646B50A9-5B1E-4866-9639-660D1DB66D07}.Release|Mixed Platforms.Build.0 = Release|Any CPU
		{646B50A9-5B1E-4866-9639-660D1DB66D07}.Release|Win32.ActiveCfg = Release|Any CPU
		{646B50A9-5B1E-4866-9639-660D1DB66D07}.Release|x64.ActiveCfg = Release|Any CPU
		{646B50A9-5B1E-4866-9639-660D1DB66D07}.Release|x86.ActiveCfg = Release|Any CPU
		{646B50A9-5B1E-4866-9639-660D1DB66D07}.Release|x86.Build.0 = Release|Any CPU
		{646B50A9-5B1E-4866-9639-660D1DB66D07}.RelWithDebugInfo|Any CPU.ActiveCfg = Debug|Any CPU
		{646B50A9-5B1E-4866-9639-660D1DB66D07}.RelWithDebugInfo|Any CPU.Build.0 = Debug|Any CPU
		{646B50A9-5B1E-4866-9639-660D1DB66D07}.RelWithDebugInfo|Mixed Platforms.ActiveCfg = Debug|Any CPU
		{646B50A9-5B1E-4866-9639-660D1DB66D07}.RelWithDebugInfo|Mixed Platforms.Build.0 = Debug|Any CPU
		{646B50A9-5B1E-4866-9639-660D1DB66D07}.RelWithDebugInfo|Win32.ActiveCfg = Debug|Any CPU
		{646B50A9-5B1E-4866-9639-660D1DB66D07}.RelWithDebugInfo|x64.ActiveCfg = Debug|Any CPU
		{646B50A9-5B1E-4866-9639-660D1DB66D07}.RelWithDebugInfo|x86.ActiveCfg = Debug|Any CPU
		{646B50A9-5B1E-4866-9639-660D1DB66D07}.Unity|Any CPU.ActiveCfg = Release|Any CPU
		{646B50A9-5B1E-4866-9639-660D1DB66D07}.Unity|Any CPU.Build.0 = Release|Any CPU
		{646B50A9-5B1E-4866-9639-660D1DB66D07}.Unity|Mixed Platforms.ActiveCfg = Release|Any CPU
		{646B50A9-5B1E-4866-9639-660D1DB66D07}.Unity|Mixed Platforms.Build.0 = Release|Any CPU
		{646B50A9-5B1E-4866-9639-660D1DB66D07}.Unity|Win32.ActiveCfg = Release|Any CPU
		{646B50A9-5B1E-4866-9639-660D1DB66D07}.Unity|x64.ActiveCfg = Release|Any CPU
		{646B50A9-5B1E-4866-9639-660D1DB66D07}.Unity|x86.ActiveCfg = Release|Any CPU
		{90934219-A7A1-4445-A333-81C1A28F3672}.CoreOnly|Any CPU.ActiveCfg = Release|x64
		{90934219-A7A1-4445-A333-81C1A28F3672}.CoreOnly|Mixed Platforms.ActiveCfg = Release|x64
		{90934219-A7A1-4445-A333-81C1A28F3672}.CoreOnly|Mixed Platforms.Build.0 = Release|x64
		{90934219-A7A1-4445-A333-81C1A28F3672}.CoreOnly|Win32.ActiveCfg = Release|x64
		{90934219-A7A1-4445-A333-81C1A28F3672}.CoreOnly|x64.ActiveCfg = Release|x64
		{90934219-A7A1-4445-A333-81C1A28F3672}.CoreOnly|x64.Build.0 = Release|x64
		{90934219-A7A1-4445-A333-81C1A28F3672}.CoreOnly|x86.ActiveCfg = Release|x64
		{90934219-A7A1-4445-A333-81C1A28F3672}.Debug|Any CPU.ActiveCfg = Debug|x64
		{90934219-A7A1-4445-A333-81C1A28F3672}.Debug|Mixed Platforms.ActiveCfg = Debug|x64
		{90934219-A7A1-4445-A333-81C1A28F3672}.Debug|Mixed Platforms.Build.0 = Debug|x64
		{90934219-A7A1-4445-A333-81C1A28F3672}.Debug|Win32.ActiveCfg = Debug|x64
		{90934219-A7A1-4445-A333-81C1A28F3672}.Debug|x64.ActiveCfg = Debug|x64
		{90934219-A7A1-4445-A333-81C1A28F3672}.Debug|x64.Build.0 = Debug|x64
		{90934219-A7A1-4445-A333-81C1A28F3672}.Debug|x86.ActiveCfg = Debug|x64
		{90934219-A7A1-4445-A333-81C1A28F3672}.iOS|Any CPU.ActiveCfg = Release|x64
		{90934219-A7A1-4445-A333-81C1A28F3672}.iOS|Mixed Platforms.ActiveCfg = Release|x64
		{90934219-A7A1-4445-A333-81C1A28F3672}.iOS|Mixed Platforms.Build.0 = Release|x64
		{90934219-A7A1-4445-A333-81C1A28F3672}.iOS|Win32.ActiveCfg = Release|x64
		{90934219-A7A1-4445-A333-81C1A28F3672}.iOS|x64.ActiveCfg = Release|x64
		{90934219-A7A1-4445-A333-81C1A28F3672}.iOS|x64.Build.0 = Release|x64
		{90934219-A7A1-4445-A333-81C1A28F3672}.iOS|x86.ActiveCfg = Release|x64
		{90934219-A7A1-4445-A333-81C1A28F3672}.Release|Any CPU.ActiveCfg = Release|x64
		{90934219-A7A1-4445-A333-81C1A28F3672}.Release|Mixed Platforms.ActiveCfg = Release|x64
		{90934219-A7A1-4445-A333-81C1A28F3672}.Release|Mixed Platforms.Build.0 = Release|x64
		{90934219-A7A1-4445-A333-81C1A28F3672}.Release|Win32.ActiveCfg = Release|x64
		{90934219-A7A1-4445-A333-81C1A28F3672}.Release|x64.ActiveCfg = Release|x64
		{90934219-A7A1-4445-A333-81C1A28F3672}.Release|x64.Build.0 = Release|x64
		{90934219-A7A1-4445-A333-81C1A28F3672}.Release|x86.ActiveCfg = Release|x64
		{90934219-A7A1-4445-A333-81C1A28F3672}.Release|x86.Build.0 = Release|x64
		{90934219-A7A1-4445-A333-81C1A28F3672}.RelWithDebugInfo|Any CPU.ActiveCfg = Debug|x64
		{90934219-A7A1-4445-A333-81C1A28F3672}.RelWithDebugInfo|Mixed Platforms.ActiveCfg = Debug|x64
		{90934219-A7A1-4445-A333-81C1A28F3672}.RelWithDebugInfo|Mixed Platforms.Build.0 = Debug|x64
		{90934219-A7A1-4445-A333-81C1A28F3672}.RelWithDebugInfo|Win32.ActiveCfg = Debug|x64
		{90934219-A7A1-4445-A333-81C1A28F3672}.RelWithDebugInfo|x64.ActiveCfg = Debug|x64
		{90934219-A7A1-4445-A333-81C1A28F3672}.RelWithDebugInfo|x64.Build.0 = Debug|x64
		{90934219-A7A1-4445-A333-81C1A28F3672}.RelWithDebugInfo|x86.ActiveCfg = Debug|x64
		{90934219-A7A1-4445-A333-81C1A28F3672}.Unity|Any CPU.ActiveCfg = Release|x64
		{90934219-A7A1-4445-A333-81C1A28F3672}.Unity|Mixed Platforms.ActiveCfg = Release|x64
		{90934219-A7A1-4445-A333-81C1A28F3672}.Unity|Mixed Platforms.Build.0 = Release|x64
		{90934219-A7A1-4445-A333-81C1A28F3672}.Unity|Win32.ActiveCfg = Release|x64
		{90934219-A7A1-4445-A333-81C1A28F3672}.Unity|x64.ActiveCfg = Release|x64
		{90934219-A7A1-4445-A333-81C1A28F3672}.Unity|x64.Build.0 = Release|x64
		{90934219-A7A1-4445-A333-81C1A28F3672}.Unity|x86.ActiveCfg = Release|x64
		{4678B291-A943-48BA-BBBE-F681D5C51AE8}.CoreOnly|Any CPU.ActiveCfg = Release|Any CPU
		{4678B291-A943-48BA-BBBE-F681D5C51AE8}.CoreOnly|Any CPU.Build.0 = Release|Any CPU
		{4678B291-A943-48BA-BBBE-F681D5C51AE8}.CoreOnly|Mixed Platforms.ActiveCfg = Release|Any CPU
		{4678B291-A943-48BA-BBBE-F681D5C51AE8}.CoreOnly|Mixed Platforms.Build.0 = Release|Any CPU
		{4678B291-A943-48BA-BBBE-F681D5C51AE8}.CoreOnly|Win32.ActiveCfg = Release|Any CPU
		{4678B291-A943-48BA-BBBE-F681D5C51AE8}.CoreOnly|x64.ActiveCfg = Release|Any CPU
		{4678B291-A943-48BA-BBBE-F681D5C51AE8}.CoreOnly|x86.ActiveCfg = Release|Any CPU
		{4678B291-A943-48BA-BBBE-F681D5C51AE8}.Debug|Any CPU.ActiveCfg = Debug|Any CPU
		{4678B291-A943-48BA-BBBE-F681D5C51AE8}.Debug|Any CPU.Build.0 = Debug|Any CPU
		{4678B291-A943-48BA-BBBE-F681D5C51AE8}.Debug|Mixed Platforms.ActiveCfg = Debug|Any CPU
		{4678B291-A943-48BA-BBBE-F681D5C51AE8}.Debug|Mixed Platforms.Build.0 = Debug|Any CPU
		{4678B291-A943-48BA-BBBE-F681D5C51AE8}.Debug|Win32.ActiveCfg = Debug|Any CPU
		{4678B291-A943-48BA-BBBE-F681D5C51AE8}.Debug|x64.ActiveCfg = Debug|Any CPU
		{4678B291-A943-48BA-BBBE-F681D5C51AE8}.Debug|x86.ActiveCfg = Debug|Any CPU
		{4678B291-A943-48BA-BBBE-F681D5C51AE8}.iOS|Any CPU.ActiveCfg = Release|Any CPU
		{4678B291-A943-48BA-BBBE-F681D5C51AE8}.iOS|Any CPU.Build.0 = Release|Any CPU
		{4678B291-A943-48BA-BBBE-F681D5C51AE8}.iOS|Mixed Platforms.ActiveCfg = Release|Any CPU
		{4678B291-A943-48BA-BBBE-F681D5C51AE8}.iOS|Mixed Platforms.Build.0 = Release|Any CPU
		{4678B291-A943-48BA-BBBE-F681D5C51AE8}.iOS|Win32.ActiveCfg = Release|Any CPU
		{4678B291-A943-48BA-BBBE-F681D5C51AE8}.iOS|x64.ActiveCfg = Release|Any CPU
		{4678B291-A943-48BA-BBBE-F681D5C51AE8}.iOS|x86.ActiveCfg = Release|Any CPU
		{4678B291-A943-48BA-BBBE-F681D5C51AE8}.Release|Any CPU.ActiveCfg = Release|Any CPU
		{4678B291-A943-48BA-BBBE-F681D5C51AE8}.Release|Any CPU.Build.0 = Release|Any CPU
		{4678B291-A943-48BA-BBBE-F681D5C51AE8}.Release|Mixed Platforms.ActiveCfg = Release|Any CPU
		{4678B291-A943-48BA-BBBE-F681D5C51AE8}.Release|Mixed Platforms.Build.0 = Release|Any CPU
		{4678B291-A943-48BA-BBBE-F681D5C51AE8}.Release|Win32.ActiveCfg = Release|Any CPU
		{4678B291-A943-48BA-BBBE-F681D5C51AE8}.Release|x64.ActiveCfg = Release|Any CPU
		{4678B291-A943-48BA-BBBE-F681D5C51AE8}.Release|x86.ActiveCfg = Release|Any CPU
		{4678B291-A943-48BA-BBBE-F681D5C51AE8}.Release|x86.Build.0 = Release|Any CPU
		{4678B291-A943-48BA-BBBE-F681D5C51AE8}.RelWithDebugInfo|Any CPU.ActiveCfg = Debug|Any CPU
		{4678B291-A943-48BA-BBBE-F681D5C51AE8}.RelWithDebugInfo|Any CPU.Build.0 = Debug|Any CPU
		{4678B291-A943-48BA-BBBE-F681D5C51AE8}.RelWithDebugInfo|Mixed Platforms.ActiveCfg = Debug|Any CPU
		{4678B291-A943-48BA-BBBE-F681D5C51AE8}.RelWithDebugInfo|Mixed Platforms.Build.0 = Debug|Any CPU
		{4678B291-A943-48BA-BBBE-F681D5C51AE8}.RelWithDebugInfo|Win32.ActiveCfg = Debug|Any CPU
		{4678B291-A943-48BA-BBBE-F681D5C51AE8}.RelWithDebugInfo|x64.ActiveCfg = Debug|Any CPU
		{4678B291-A943-48BA-BBBE-F681D5C51AE8}.RelWithDebugInfo|x86.ActiveCfg = Debug|Any CPU
		{4678B291-A943-48BA-BBBE-F681D5C51AE8}.Unity|Any CPU.ActiveCfg = Release|Any CPU
		{4678B291-A943-48BA-BBBE-F681D5C51AE8}.Unity|Any CPU.Build.0 = Release|Any CPU
		{4678B291-A943-48BA-BBBE-F681D5C51AE8}.Unity|Mixed Platforms.ActiveCfg = Release|Any CPU
		{4678B291-A943-48BA-BBBE-F681D5C51AE8}.Unity|Mixed Platforms.Build.0 = Release|Any CPU
		{4678B291-A943-48BA-BBBE-F681D5C51AE8}.Unity|Win32.ActiveCfg = Release|Any CPU
		{4678B291-A943-48BA-BBBE-F681D5C51AE8}.Unity|x64.ActiveCfg = Release|Any CPU
		{4678B291-A943-48BA-BBBE-F681D5C51AE8}.Unity|x86.ActiveCfg = Release|Any CPU
		{F6CBE303-3B5F-4CCC-B0B7-D81A6BD462C9}.CoreOnly|Any CPU.ActiveCfg = CoreOnly|Any CPU
		{F6CBE303-3B5F-4CCC-B0B7-D81A6BD462C9}.CoreOnly|Any CPU.Build.0 = CoreOnly|Any CPU
		{F6CBE303-3B5F-4CCC-B0B7-D81A6BD462C9}.CoreOnly|Mixed Platforms.ActiveCfg = CoreOnly|Any CPU
		{F6CBE303-3B5F-4CCC-B0B7-D81A6BD462C9}.CoreOnly|Mixed Platforms.Build.0 = CoreOnly|Any CPU
		{F6CBE303-3B5F-4CCC-B0B7-D81A6BD462C9}.CoreOnly|Win32.ActiveCfg = CoreOnly|Any CPU
		{F6CBE303-3B5F-4CCC-B0B7-D81A6BD462C9}.CoreOnly|x64.ActiveCfg = CoreOnly|Any CPU
		{F6CBE303-3B5F-4CCC-B0B7-D81A6BD462C9}.CoreOnly|x86.ActiveCfg = CoreOnly|Any CPU
		{F6CBE303-3B5F-4CCC-B0B7-D81A6BD462C9}.Debug|Any CPU.ActiveCfg = Debug|Any CPU
		{F6CBE303-3B5F-4CCC-B0B7-D81A6BD462C9}.Debug|Any CPU.Build.0 = Debug|Any CPU
		{F6CBE303-3B5F-4CCC-B0B7-D81A6BD462C9}.Debug|Mixed Platforms.ActiveCfg = Debug|Any CPU
		{F6CBE303-3B5F-4CCC-B0B7-D81A6BD462C9}.Debug|Mixed Platforms.Build.0 = Debug|Any CPU
		{F6CBE303-3B5F-4CCC-B0B7-D81A6BD462C9}.Debug|Win32.ActiveCfg = Debug|Any CPU
		{F6CBE303-3B5F-4CCC-B0B7-D81A6BD462C9}.Debug|x64.ActiveCfg = Debug|Any CPU
		{F6CBE303-3B5F-4CCC-B0B7-D81A6BD462C9}.Debug|x86.ActiveCfg = Debug|Any CPU
		{F6CBE303-3B5F-4CCC-B0B7-D81A6BD462C9}.iOS|Any CPU.ActiveCfg = iOS|Any CPU
		{F6CBE303-3B5F-4CCC-B0B7-D81A6BD462C9}.iOS|Any CPU.Build.0 = iOS|Any CPU
		{F6CBE303-3B5F-4CCC-B0B7-D81A6BD462C9}.iOS|Mixed Platforms.ActiveCfg = iOS|Any CPU
		{F6CBE303-3B5F-4CCC-B0B7-D81A6BD462C9}.iOS|Mixed Platforms.Build.0 = iOS|Any CPU
		{F6CBE303-3B5F-4CCC-B0B7-D81A6BD462C9}.iOS|Win32.ActiveCfg = iOS|Any CPU
		{F6CBE303-3B5F-4CCC-B0B7-D81A6BD462C9}.iOS|x64.ActiveCfg = iOS|Any CPU
		{F6CBE303-3B5F-4CCC-B0B7-D81A6BD462C9}.iOS|x86.ActiveCfg = iOS|Any CPU
		{F6CBE303-3B5F-4CCC-B0B7-D81A6BD462C9}.Release|Any CPU.ActiveCfg = Release|Any CPU
		{F6CBE303-3B5F-4CCC-B0B7-D81A6BD462C9}.Release|Any CPU.Build.0 = Release|Any CPU
		{F6CBE303-3B5F-4CCC-B0B7-D81A6BD462C9}.Release|Mixed Platforms.ActiveCfg = Release|Any CPU
		{F6CBE303-3B5F-4CCC-B0B7-D81A6BD462C9}.Release|Mixed Platforms.Build.0 = Release|Any CPU
		{F6CBE303-3B5F-4CCC-B0B7-D81A6BD462C9}.Release|Win32.ActiveCfg = Release|Any CPU
		{F6CBE303-3B5F-4CCC-B0B7-D81A6BD462C9}.Release|x64.ActiveCfg = Release|Any CPU
		{F6CBE303-3B5F-4CCC-B0B7-D81A6BD462C9}.Release|x86.ActiveCfg = Release|Any CPU
		{F6CBE303-3B5F-4CCC-B0B7-D81A6BD462C9}.Release|x86.Build.0 = Release|Any CPU
		{F6CBE303-3B5F-4CCC-B0B7-D81A6BD462C9}.RelWithDebugInfo|Any CPU.ActiveCfg = Debug|Any CPU
		{F6CBE303-3B5F-4CCC-B0B7-D81A6BD462C9}.RelWithDebugInfo|Any CPU.Build.0 = Debug|Any CPU
		{F6CBE303-3B5F-4CCC-B0B7-D81A6BD462C9}.RelWithDebugInfo|Mixed Platforms.ActiveCfg = Debug|Any CPU
		{F6CBE303-3B5F-4CCC-B0B7-D81A6BD462C9}.RelWithDebugInfo|Mixed Platforms.Build.0 = Debug|Any CPU
		{F6CBE303-3B5F-4CCC-B0B7-D81A6BD462C9}.RelWithDebugInfo|Win32.ActiveCfg = Debug|Any CPU
		{F6CBE303-3B5F-4CCC-B0B7-D81A6BD462C9}.RelWithDebugInfo|x64.ActiveCfg = Debug|Any CPU
		{F6CBE303-3B5F-4CCC-B0B7-D81A6BD462C9}.RelWithDebugInfo|x86.ActiveCfg = Debug|Any CPU
		{F6CBE303-3B5F-4CCC-B0B7-D81A6BD462C9}.Unity|Any CPU.ActiveCfg = Unity|Any CPU
		{F6CBE303-3B5F-4CCC-B0B7-D81A6BD462C9}.Unity|Any CPU.Build.0 = Unity|Any CPU
		{F6CBE303-3B5F-4CCC-B0B7-D81A6BD462C9}.Unity|Mixed Platforms.ActiveCfg = Unity|Any CPU
		{F6CBE303-3B5F-4CCC-B0B7-D81A6BD462C9}.Unity|Mixed Platforms.Build.0 = Unity|Any CPU
		{F6CBE303-3B5F-4CCC-B0B7-D81A6BD462C9}.Unity|Win32.ActiveCfg = Unity|Any CPU
		{F6CBE303-3B5F-4CCC-B0B7-D81A6BD462C9}.Unity|x64.ActiveCfg = Unity|Any CPU
		{F6CBE303-3B5F-4CCC-B0B7-D81A6BD462C9}.Unity|x86.ActiveCfg = Unity|Any CPU
		{45E9E170-76B7-4E71-B557-9B131E0C175B}.CoreOnly|Any CPU.ActiveCfg = Release|Any CPU
		{45E9E170-76B7-4E71-B557-9B131E0C175B}.CoreOnly|Any CPU.Build.0 = Release|Any CPU
		{45E9E170-76B7-4E71-B557-9B131E0C175B}.CoreOnly|Mixed Platforms.ActiveCfg = Release|Any CPU
		{45E9E170-76B7-4E71-B557-9B131E0C175B}.CoreOnly|Mixed Platforms.Build.0 = Release|Any CPU
		{45E9E170-76B7-4E71-B557-9B131E0C175B}.CoreOnly|Win32.ActiveCfg = Release|Any CPU
		{45E9E170-76B7-4E71-B557-9B131E0C175B}.CoreOnly|x64.ActiveCfg = Release|Any CPU
		{45E9E170-76B7-4E71-B557-9B131E0C175B}.CoreOnly|x86.ActiveCfg = Release|Any CPU
		{45E9E170-76B7-4E71-B557-9B131E0C175B}.Debug|Any CPU.ActiveCfg = Debug|Any CPU
		{45E9E170-76B7-4E71-B557-9B131E0C175B}.Debug|Any CPU.Build.0 = Debug|Any CPU
		{45E9E170-76B7-4E71-B557-9B131E0C175B}.Debug|Mixed Platforms.ActiveCfg = Debug|Any CPU
		{45E9E170-76B7-4E71-B557-9B131E0C175B}.Debug|Mixed Platforms.Build.0 = Debug|Any CPU
		{45E9E170-76B7-4E71-B557-9B131E0C175B}.Debug|Win32.ActiveCfg = Debug|Any CPU
		{45E9E170-76B7-4E71-B557-9B131E0C175B}.Debug|x64.ActiveCfg = Debug|Any CPU
		{45E9E170-76B7-4E71-B557-9B131E0C175B}.Debug|x86.ActiveCfg = Debug|Any CPU
		{45E9E170-76B7-4E71-B557-9B131E0C175B}.iOS|Any CPU.ActiveCfg = Release|Any CPU
		{45E9E170-76B7-4E71-B557-9B131E0C175B}.iOS|Any CPU.Build.0 = Release|Any CPU
		{45E9E170-76B7-4E71-B557-9B131E0C175B}.iOS|Mixed Platforms.ActiveCfg = Release|Any CPU
		{45E9E170-76B7-4E71-B557-9B131E0C175B}.iOS|Mixed Platforms.Build.0 = Release|Any CPU
		{45E9E170-76B7-4E71-B557-9B131E0C175B}.iOS|Win32.ActiveCfg = Release|Any CPU
		{45E9E170-76B7-4E71-B557-9B131E0C175B}.iOS|x64.ActiveCfg = Release|Any CPU
		{45E9E170-76B7-4E71-B557-9B131E0C175B}.iOS|x86.ActiveCfg = Release|Any CPU
		{45E9E170-76B7-4E71-B557-9B131E0C175B}.Release|Any CPU.ActiveCfg = Release|Any CPU
		{45E9E170-76B7-4E71-B557-9B131E0C175B}.Release|Any CPU.Build.0 = Release|Any CPU
		{45E9E170-76B7-4E71-B557-9B131E0C175B}.Release|Mixed Platforms.ActiveCfg = Release|Any CPU
		{45E9E170-76B7-4E71-B557-9B131E0C175B}.Release|Mixed Platforms.Build.0 = Release|Any CPU
		{45E9E170-76B7-4E71-B557-9B131E0C175B}.Release|Win32.ActiveCfg = Release|Any CPU
		{45E9E170-76B7-4E71-B557-9B131E0C175B}.Release|x64.ActiveCfg = Release|Any CPU
		{45E9E170-76B7-4E71-B557-9B131E0C175B}.Release|x86.ActiveCfg = Release|Any CPU
		{45E9E170-76B7-4E71-B557-9B131E0C175B}.Release|x86.Build.0 = Release|Any CPU
		{45E9E170-76B7-4E71-B557-9B131E0C175B}.RelWithDebugInfo|Any CPU.ActiveCfg = Debug|Any CPU
		{45E9E170-76B7-4E71-B557-9B131E0C175B}.RelWithDebugInfo|Any CPU.Build.0 = Debug|Any CPU
		{45E9E170-76B7-4E71-B557-9B131E0C175B}.RelWithDebugInfo|Mixed Platforms.ActiveCfg = Debug|Any CPU
		{45E9E170-76B7-4E71-B557-9B131E0C175B}.RelWithDebugInfo|Mixed Platforms.Build.0 = Debug|Any CPU
		{45E9E170-76B7-4E71-B557-9B131E0C175B}.RelWithDebugInfo|Win32.ActiveCfg = Debug|Any CPU
		{45E9E170-76B7-4E71-B557-9B131E0C175B}.RelWithDebugInfo|x64.ActiveCfg = Debug|Any CPU
		{45E9E170-76B7-4E71-B557-9B131E0C175B}.RelWithDebugInfo|x86.ActiveCfg = Debug|Any CPU
		{45E9E170-76B7-4E71-B557-9B131E0C175B}.Unity|Any CPU.ActiveCfg = Release|Any CPU
		{45E9E170-76B7-4E71-B557-9B131E0C175B}.Unity|Any CPU.Build.0 = Release|Any CPU
		{45E9E170-76B7-4E71-B557-9B131E0C175B}.Unity|Mixed Platforms.ActiveCfg = Release|Any CPU
		{45E9E170-76B7-4E71-B557-9B131E0C175B}.Unity|Mixed Platforms.Build.0 = Release|Any CPU
		{45E9E170-76B7-4E71-B557-9B131E0C175B}.Unity|Win32.ActiveCfg = Release|Any CPU
		{45E9E170-76B7-4E71-B557-9B131E0C175B}.Unity|x64.ActiveCfg = Release|Any CPU
		{45E9E170-76B7-4E71-B557-9B131E0C175B}.Unity|x86.ActiveCfg = Release|Any CPU
		{D3B734CB-E7B8-4FF1-9390-A52E4E6C7291}.CoreOnly|Any CPU.ActiveCfg = Release|Win32
		{D3B734CB-E7B8-4FF1-9390-A52E4E6C7291}.CoreOnly|Mixed Platforms.ActiveCfg = Release|Win32
		{D3B734CB-E7B8-4FF1-9390-A52E4E6C7291}.CoreOnly|Mixed Platforms.Build.0 = Release|Win32
		{D3B734CB-E7B8-4FF1-9390-A52E4E6C7291}.CoreOnly|Win32.ActiveCfg = Release|Win32
		{D3B734CB-E7B8-4FF1-9390-A52E4E6C7291}.CoreOnly|Win32.Build.0 = Release|Win32
		{D3B734CB-E7B8-4FF1-9390-A52E4E6C7291}.CoreOnly|x64.ActiveCfg = Release|Win32
		{D3B734CB-E7B8-4FF1-9390-A52E4E6C7291}.CoreOnly|x86.ActiveCfg = Release|Win32
		{D3B734CB-E7B8-4FF1-9390-A52E4E6C7291}.CoreOnly|x86.Build.0 = Release|Win32
		{D3B734CB-E7B8-4FF1-9390-A52E4E6C7291}.Debug|Any CPU.ActiveCfg = Debug|Win32
		{D3B734CB-E7B8-4FF1-9390-A52E4E6C7291}.Debug|Mixed Platforms.ActiveCfg = Debug|Win32
		{D3B734CB-E7B8-4FF1-9390-A52E4E6C7291}.Debug|Mixed Platforms.Build.0 = Debug|Win32
		{D3B734CB-E7B8-4FF1-9390-A52E4E6C7291}.Debug|Win32.ActiveCfg = Debug|Win32
		{D3B734CB-E7B8-4FF1-9390-A52E4E6C7291}.Debug|Win32.Build.0 = Debug|Win32
		{D3B734CB-E7B8-4FF1-9390-A52E4E6C7291}.Debug|x64.ActiveCfg = Debug|Win32
		{D3B734CB-E7B8-4FF1-9390-A52E4E6C7291}.Debug|x86.ActiveCfg = Debug|Win32
		{D3B734CB-E7B8-4FF1-9390-A52E4E6C7291}.Debug|x86.Build.0 = Debug|Win32
		{D3B734CB-E7B8-4FF1-9390-A52E4E6C7291}.iOS|Any CPU.ActiveCfg = Release|Win32
		{D3B734CB-E7B8-4FF1-9390-A52E4E6C7291}.iOS|Mixed Platforms.ActiveCfg = Release|Win32
		{D3B734CB-E7B8-4FF1-9390-A52E4E6C7291}.iOS|Mixed Platforms.Build.0 = Release|Win32
		{D3B734CB-E7B8-4FF1-9390-A52E4E6C7291}.iOS|Win32.ActiveCfg = Release|Win32
		{D3B734CB-E7B8-4FF1-9390-A52E4E6C7291}.iOS|Win32.Build.0 = Release|Win32
		{D3B734CB-E7B8-4FF1-9390-A52E4E6C7291}.iOS|x64.ActiveCfg = Release|Win32
		{D3B734CB-E7B8-4FF1-9390-A52E4E6C7291}.iOS|x86.ActiveCfg = Release|Win32
		{D3B734CB-E7B8-4FF1-9390-A52E4E6C7291}.iOS|x86.Build.0 = Release|Win32
		{D3B734CB-E7B8-4FF1-9390-A52E4E6C7291}.Release|Any CPU.ActiveCfg = Release|Win32
		{D3B734CB-E7B8-4FF1-9390-A52E4E6C7291}.Release|Mixed Platforms.ActiveCfg = Release|Win32
		{D3B734CB-E7B8-4FF1-9390-A52E4E6C7291}.Release|Mixed Platforms.Build.0 = Release|Win32
		{D3B734CB-E7B8-4FF1-9390-A52E4E6C7291}.Release|Win32.ActiveCfg = Release|Win32
		{D3B734CB-E7B8-4FF1-9390-A52E4E6C7291}.Release|Win32.Build.0 = Release|Win32
		{D3B734CB-E7B8-4FF1-9390-A52E4E6C7291}.Release|x64.ActiveCfg = Release|Win32
		{D3B734CB-E7B8-4FF1-9390-A52E4E6C7291}.Release|x86.ActiveCfg = Release|Win32
		{D3B734CB-E7B8-4FF1-9390-A52E4E6C7291}.Release|x86.Build.0 = Release|Win32
		{D3B734CB-E7B8-4FF1-9390-A52E4E6C7291}.RelWithDebugInfo|Any CPU.ActiveCfg = Debug|Win32
		{D3B734CB-E7B8-4FF1-9390-A52E4E6C7291}.RelWithDebugInfo|Mixed Platforms.ActiveCfg = Debug|Win32
		{D3B734CB-E7B8-4FF1-9390-A52E4E6C7291}.RelWithDebugInfo|Mixed Platforms.Build.0 = Debug|Win32
		{D3B734CB-E7B8-4FF1-9390-A52E4E6C7291}.RelWithDebugInfo|Win32.ActiveCfg = Debug|Win32
		{D3B734CB-E7B8-4FF1-9390-A52E4E6C7291}.RelWithDebugInfo|Win32.Build.0 = Debug|Win32
		{D3B734CB-E7B8-4FF1-9390-A52E4E6C7291}.RelWithDebugInfo|x64.ActiveCfg = Debug|Win32
		{D3B734CB-E7B8-4FF1-9390-A52E4E6C7291}.RelWithDebugInfo|x86.ActiveCfg = Debug|Win32
		{D3B734CB-E7B8-4FF1-9390-A52E4E6C7291}.RelWithDebugInfo|x86.Build.0 = Debug|Win32
		{D3B734CB-E7B8-4FF1-9390-A52E4E6C7291}.Unity|Any CPU.ActiveCfg = Release|Win32
		{D3B734CB-E7B8-4FF1-9390-A52E4E6C7291}.Unity|Mixed Platforms.ActiveCfg = Release|Win32
		{D3B734CB-E7B8-4FF1-9390-A52E4E6C7291}.Unity|Mixed Platforms.Build.0 = Release|Win32
		{D3B734CB-E7B8-4FF1-9390-A52E4E6C7291}.Unity|Win32.ActiveCfg = Release|Win32
		{D3B734CB-E7B8-4FF1-9390-A52E4E6C7291}.Unity|Win32.Build.0 = Release|Win32
		{D3B734CB-E7B8-4FF1-9390-A52E4E6C7291}.Unity|x64.ActiveCfg = Release|Win32
		{D3B734CB-E7B8-4FF1-9390-A52E4E6C7291}.Unity|x86.ActiveCfg = Release|Win32
		{D3B734CB-E7B8-4FF1-9390-A52E4E6C7291}.Unity|x86.Build.0 = Release|Win32
		{32A22435-0E56-4086-900E-E73F1B9216CE}.CoreOnly|Any CPU.ActiveCfg = Release|Any CPU
		{32A22435-0E56-4086-900E-E73F1B9216CE}.CoreOnly|Any CPU.Build.0 = Release|Any CPU
		{32A22435-0E56-4086-900E-E73F1B9216CE}.CoreOnly|Mixed Platforms.ActiveCfg = Release|Any CPU
		{32A22435-0E56-4086-900E-E73F1B9216CE}.CoreOnly|Mixed Platforms.Build.0 = Release|Any CPU
		{32A22435-0E56-4086-900E-E73F1B9216CE}.CoreOnly|Win32.ActiveCfg = Release|Any CPU
		{32A22435-0E56-4086-900E-E73F1B9216CE}.CoreOnly|x64.ActiveCfg = Release|Any CPU
		{32A22435-0E56-4086-900E-E73F1B9216CE}.CoreOnly|x86.ActiveCfg = Release|Any CPU
		{32A22435-0E56-4086-900E-E73F1B9216CE}.Debug|Any CPU.ActiveCfg = Debug|Any CPU
		{32A22435-0E56-4086-900E-E73F1B9216CE}.Debug|Any CPU.Build.0 = Debug|Any CPU
		{32A22435-0E56-4086-900E-E73F1B9216CE}.Debug|Mixed Platforms.ActiveCfg = Debug|Any CPU
		{32A22435-0E56-4086-900E-E73F1B9216CE}.Debug|Mixed Platforms.Build.0 = Debug|Any CPU
		{32A22435-0E56-4086-900E-E73F1B9216CE}.Debug|Win32.ActiveCfg = Debug|Any CPU
		{32A22435-0E56-4086-900E-E73F1B9216CE}.Debug|x64.ActiveCfg = Debug|Any CPU
		{32A22435-0E56-4086-900E-E73F1B9216CE}.Debug|x86.ActiveCfg = Debug|Any CPU
		{32A22435-0E56-4086-900E-E73F1B9216CE}.iOS|Any CPU.ActiveCfg = Release|Any CPU
		{32A22435-0E56-4086-900E-E73F1B9216CE}.iOS|Any CPU.Build.0 = Release|Any CPU
		{32A22435-0E56-4086-900E-E73F1B9216CE}.iOS|Mixed Platforms.ActiveCfg = Release|Any CPU
		{32A22435-0E56-4086-900E-E73F1B9216CE}.iOS|Mixed Platforms.Build.0 = Release|Any CPU
		{32A22435-0E56-4086-900E-E73F1B9216CE}.iOS|Win32.ActiveCfg = Release|Any CPU
		{32A22435-0E56-4086-900E-E73F1B9216CE}.iOS|x64.ActiveCfg = Release|Any CPU
		{32A22435-0E56-4086-900E-E73F1B9216CE}.iOS|x86.ActiveCfg = Release|Any CPU
		{32A22435-0E56-4086-900E-E73F1B9216CE}.Release|Any CPU.ActiveCfg = Release|Any CPU
		{32A22435-0E56-4086-900E-E73F1B9216CE}.Release|Any CPU.Build.0 = Release|Any CPU
		{32A22435-0E56-4086-900E-E73F1B9216CE}.Release|Mixed Platforms.ActiveCfg = Release|Any CPU
		{32A22435-0E56-4086-900E-E73F1B9216CE}.Release|Mixed Platforms.Build.0 = Release|Any CPU
		{32A22435-0E56-4086-900E-E73F1B9216CE}.Release|Win32.ActiveCfg = Release|Any CPU
		{32A22435-0E56-4086-900E-E73F1B9216CE}.Release|x64.ActiveCfg = Release|Any CPU
		{32A22435-0E56-4086-900E-E73F1B9216CE}.Release|x86.ActiveCfg = Release|Any CPU
		{32A22435-0E56-4086-900E-E73F1B9216CE}.Release|x86.Build.0 = Release|Any CPU
		{32A22435-0E56-4086-900E-E73F1B9216CE}.RelWithDebugInfo|Any CPU.ActiveCfg = Debug|Any CPU
		{32A22435-0E56-4086-900E-E73F1B9216CE}.RelWithDebugInfo|Any CPU.Build.0 = Debug|Any CPU
		{32A22435-0E56-4086-900E-E73F1B9216CE}.RelWithDebugInfo|Mixed Platforms.ActiveCfg = Debug|Any CPU
		{32A22435-0E56-4086-900E-E73F1B9216CE}.RelWithDebugInfo|Mixed Platforms.Build.0 = Debug|Any CPU
		{32A22435-0E56-4086-900E-E73F1B9216CE}.RelWithDebugInfo|Win32.ActiveCfg = Debug|Any CPU
		{32A22435-0E56-4086-900E-E73F1B9216CE}.RelWithDebugInfo|x64.ActiveCfg = Debug|Any CPU
		{32A22435-0E56-4086-900E-E73F1B9216CE}.RelWithDebugInfo|x86.ActiveCfg = Debug|Any CPU
		{32A22435-0E56-4086-900E-E73F1B9216CE}.Unity|Any CPU.ActiveCfg = Release|Any CPU
		{32A22435-0E56-4086-900E-E73F1B9216CE}.Unity|Any CPU.Build.0 = Release|Any CPU
		{32A22435-0E56-4086-900E-E73F1B9216CE}.Unity|Mixed Platforms.ActiveCfg = Release|Any CPU
		{32A22435-0E56-4086-900E-E73F1B9216CE}.Unity|Mixed Platforms.Build.0 = Release|Any CPU
		{32A22435-0E56-4086-900E-E73F1B9216CE}.Unity|Win32.ActiveCfg = Release|Any CPU
		{32A22435-0E56-4086-900E-E73F1B9216CE}.Unity|x64.ActiveCfg = Release|Any CPU
		{32A22435-0E56-4086-900E-E73F1B9216CE}.Unity|x86.ActiveCfg = Release|Any CPU
		{D33DF366-7A84-4078-9801-30C145525070}.CoreOnly|Any CPU.ActiveCfg = Release|Win32
		{D33DF366-7A84-4078-9801-30C145525070}.CoreOnly|Mixed Platforms.ActiveCfg = Release|Win32
		{D33DF366-7A84-4078-9801-30C145525070}.CoreOnly|Mixed Platforms.Build.0 = Release|Win32
		{D33DF366-7A84-4078-9801-30C145525070}.CoreOnly|Win32.ActiveCfg = Release|Win32
		{D33DF366-7A84-4078-9801-30C145525070}.CoreOnly|Win32.Build.0 = Release|Win32
		{D33DF366-7A84-4078-9801-30C145525070}.CoreOnly|x64.ActiveCfg = Release|Win32
		{D33DF366-7A84-4078-9801-30C145525070}.CoreOnly|x86.ActiveCfg = Release|Win32
		{D33DF366-7A84-4078-9801-30C145525070}.CoreOnly|x86.Build.0 = Release|Win32
		{D33DF366-7A84-4078-9801-30C145525070}.Debug|Any CPU.ActiveCfg = Debug|Win32
		{D33DF366-7A84-4078-9801-30C145525070}.Debug|Mixed Platforms.ActiveCfg = Debug|Win32
		{D33DF366-7A84-4078-9801-30C145525070}.Debug|Mixed Platforms.Build.0 = Debug|Win32
		{D33DF366-7A84-4078-9801-30C145525070}.Debug|Win32.ActiveCfg = Debug|Win32
		{D33DF366-7A84-4078-9801-30C145525070}.Debug|Win32.Build.0 = Debug|Win32
		{D33DF366-7A84-4078-9801-30C145525070}.Debug|x64.ActiveCfg = Debug|Win32
		{D33DF366-7A84-4078-9801-30C145525070}.Debug|x86.ActiveCfg = Debug|Win32
		{D33DF366-7A84-4078-9801-30C145525070}.Debug|x86.Build.0 = Debug|Win32
		{D33DF366-7A84-4078-9801-30C145525070}.iOS|Any CPU.ActiveCfg = Release|Win32
		{D33DF366-7A84-4078-9801-30C145525070}.iOS|Mixed Platforms.ActiveCfg = Release|Win32
		{D33DF366-7A84-4078-9801-30C145525070}.iOS|Mixed Platforms.Build.0 = Release|Win32
		{D33DF366-7A84-4078-9801-30C145525070}.iOS|Win32.ActiveCfg = Release|Win32
		{D33DF366-7A84-4078-9801-30C145525070}.iOS|Win32.Build.0 = Release|Win32
		{D33DF366-7A84-4078-9801-30C145525070}.iOS|x64.ActiveCfg = Release|Win32
		{D33DF366-7A84-4078-9801-30C145525070}.iOS|x86.ActiveCfg = Release|Win32
		{D33DF366-7A84-4078-9801-30C145525070}.iOS|x86.Build.0 = Release|Win32
		{D33DF366-7A84-4078-9801-30C145525070}.Release|Any CPU.ActiveCfg = Release|Win32
		{D33DF366-7A84-4078-9801-30C145525070}.Release|Mixed Platforms.ActiveCfg = Release|Win32
		{D33DF366-7A84-4078-9801-30C145525070}.Release|Mixed Platforms.Build.0 = Release|Win32
		{D33DF366-7A84-4078-9801-30C145525070}.Release|Win32.ActiveCfg = Release|Win32
		{D33DF366-7A84-4078-9801-30C145525070}.Release|Win32.Build.0 = Release|Win32
		{D33DF366-7A84-4078-9801-30C145525070}.Release|x64.ActiveCfg = Release|Win32
		{D33DF366-7A84-4078-9801-30C145525070}.Release|x86.ActiveCfg = Release|Win32
		{D33DF366-7A84-4078-9801-30C145525070}.Release|x86.Build.0 = Release|Win32
		{D33DF366-7A84-4078-9801-30C145525070}.RelWithDebugInfo|Any CPU.ActiveCfg = Debug|Win32
		{D33DF366-7A84-4078-9801-30C145525070}.RelWithDebugInfo|Mixed Platforms.ActiveCfg = Debug|Win32
		{D33DF366-7A84-4078-9801-30C145525070}.RelWithDebugInfo|Mixed Platforms.Build.0 = Debug|Win32
		{D33DF366-7A84-4078-9801-30C145525070}.RelWithDebugInfo|Win32.ActiveCfg = Debug|Win32
		{D33DF366-7A84-4078-9801-30C145525070}.RelWithDebugInfo|Win32.Build.0 = Debug|Win32
		{D33DF366-7A84-4078-9801-30C145525070}.RelWithDebugInfo|x64.ActiveCfg = Debug|Win32
		{D33DF366-7A84-4078-9801-30C145525070}.RelWithDebugInfo|x86.ActiveCfg = Debug|Win32
		{D33DF366-7A84-4078-9801-30C145525070}.RelWithDebugInfo|x86.Build.0 = Debug|Win32
		{D33DF366-7A84-4078-9801-30C145525070}.Unity|Any CPU.ActiveCfg = Release|Win32
		{D33DF366-7A84-4078-9801-30C145525070}.Unity|Mixed Platforms.ActiveCfg = Release|Win32
		{D33DF366-7A84-4078-9801-30C145525070}.Unity|Mixed Platforms.Build.0 = Release|Win32
		{D33DF366-7A84-4078-9801-30C145525070}.Unity|Win32.ActiveCfg = Release|Win32
		{D33DF366-7A84-4078-9801-30C145525070}.Unity|Win32.Build.0 = Release|Win32
		{D33DF366-7A84-4078-9801-30C145525070}.Unity|x64.ActiveCfg = Release|Win32
		{D33DF366-7A84-4078-9801-30C145525070}.Unity|x86.ActiveCfg = Release|Win32
		{D33DF366-7A84-4078-9801-30C145525070}.Unity|x86.Build.0 = Release|Win32
	EndGlobalSection
	GlobalSection(SolutionProperties) = preSolution
		HideSolutionNode = FALSE
	EndGlobalSection
	GlobalSection(NestedProjects) = preSolution
		{C93E9887-FF52-41E3-964D-665398828210} = {AFB61B6D-1251-471C-90FE-2978179EDC60}
		{A4E3A730-C4EE-420E-B599-E7FBF9078C8C} = {094315CC-B029-4AD0-8E4B-998A7094808B}
		{1AB15496-AC39-4AC7-8507-DF6033138943} = {70E7786B-1C0C-4557-84A0-DAC95A2240F7}
		{02FE2504-329C-4E39-A5F9-663567C1EA2D} = {70E7786B-1C0C-4557-84A0-DAC95A2240F7}
		{9832DF71-1F64-475A-BE0E-5F50B3636997} = {AD204C01-57A4-40D6-9862-AAEA5689DAE8}
		{646B50A9-5B1E-4866-9639-660D1DB66D07} = {7246ABF7-59FC-4225-A785-9E73830B00D6}
		{90934219-A7A1-4445-A333-81C1A28F3672} = {8F8C643C-10D8-46BE-AA4F-CC58EACA0E49}
		{4678B291-A943-48BA-BBBE-F681D5C51AE8} = {094315CC-B029-4AD0-8E4B-998A7094808B}
		{F6CBE303-3B5F-4CCC-B0B7-D81A6BD462C9} = {70E7786B-1C0C-4557-84A0-DAC95A2240F7}
		{45E9E170-76B7-4E71-B557-9B131E0C175B} = {70E7786B-1C0C-4557-84A0-DAC95A2240F7}
		{D3B734CB-E7B8-4FF1-9390-A52E4E6C7291} = {094315CC-B029-4AD0-8E4B-998A7094808B}
		{32A22435-0E56-4086-900E-E73F1B9216CE} = {7246ABF7-59FC-4225-A785-9E73830B00D6}
		{D33DF366-7A84-4078-9801-30C145525070} = {8F8C643C-10D8-46BE-AA4F-CC58EACA0E49}
	EndGlobalSection
EndGlobal
