
Microsoft Visual Studio Solution File, Format Version 12.00
# Visual Studio 2013
VisualStudioVersion = 12.0.40629.0
MinimumVisualStudioVersion = 10.0.40219.1
Project("{2150E333-8FDC-42A3-9474-1A3956D46DE8}") = "readme", "readme", "{9C9F0FC0-A770-4DA1-8047-6FA418C13B08}"
	ProjectSection(SolutionItems) = preProject
		README.md = README.md
	EndProjectSection
EndProject
Project("{2150E333-8FDC-42A3-9474-1A3956D46DE8}") = "core", "core", "{70E7786B-1C0C-4557-84A0-DAC95A2240F7}"
EndProject
Project("{2150E333-8FDC-42A3-9474-1A3956D46DE8}") = "app", "app", "{7246ABF7-59FC-4225-A785-9E73830B00D6}"
EndProject
Project("{2150E333-8FDC-42A3-9474-1A3956D46DE8}") = "nodes", "nodes", "{094315CC-B029-4AD0-8E4B-998A7094808B}"
EndProject
Project("{FAE04EC0-301F-11D3-BF4B-00C04F79EFBC}") = "Indriya.Core.Msgs", "src\Indriya.Core.Msgs\Indriya.Core.Msgs.csproj", "{45E9E170-76B7-4E71-B557-9B131E0C175B}"
EndProject
Project("{FAE04EC0-301F-11D3-BF4B-00C04F79EFBC}") = "Indriya.Core", "src\Indriya.Core\Indriya.Core.csproj", "{35CA8818-7E08-4B4C-A5F3-1F1E5DD0B973}"
EndProject
Project("{2150E333-8FDC-42A3-9474-1A3956D46DE8}") = ".nuget", ".nuget", "{C52CC5B8-A48F-49F3-A263-FB2EFD834F94}"
	ProjectSection(SolutionItems) = preProject
		.nuget\NuGet.Config = .nuget\NuGet.Config
		.nuget\NuGet.exe = .nuget\NuGet.exe
		.nuget\NuGet.targets = .nuget\NuGet.targets
	EndProjectSection
EndProject
Project("{FAE04EC0-301F-11D3-BF4B-00C04F79EFBC}") = "Indriya.Imu.Perception", "src\Indriya.Imu.Perception\Indriya.Imu.Perception.csproj", "{18D93E86-4702-4407-902A-39692E52A770}"
EndProject
Project("{FAE04EC0-301F-11D3-BF4B-00C04F79EFBC}") = "Indriya.Core.BehaviorEngine", "src\Indriya.Core.BehaviorEngine\Indriya.Core.BehaviorEngine.csproj", "{758BF857-4EB1-4EA4-A399-AC22FCD497DE}"
EndProject
Project("{E24C65DC-7377-472B-9ABA-BC803B73C61A}") = "Indriya.Web", "http://localhost:60666", "{CDEC9EB1-3714-40A3-8328-A5BACB3F82D8}"
	ProjectSection(WebsiteProperties) = preProject
		UseIISExpress = "true"
		TargetFrameworkMoniker = ".NETFramework,Version%3Dv4.0"
		Debug.AspNetCompiler.VirtualPath = "/localhost_60666"
		Debug.AspNetCompiler.PhysicalPath = "src\Indriya.Web\"
		Debug.AspNetCompiler.TargetPath = "PrecompiledWeb\localhost_60666\"
		Debug.AspNetCompiler.Updateable = "true"
		Debug.AspNetCompiler.ForceOverwrite = "true"
		Debug.AspNetCompiler.FixedNames = "false"
		Debug.AspNetCompiler.Debug = "True"
		Release.AspNetCompiler.VirtualPath = "/localhost_60666"
		Release.AspNetCompiler.PhysicalPath = "src\Indriya.Web\"
		Release.AspNetCompiler.TargetPath = "PrecompiledWeb\localhost_60666\"
		Release.AspNetCompiler.Updateable = "true"
		Release.AspNetCompiler.ForceOverwrite = "true"
		Release.AspNetCompiler.FixedNames = "false"
		Release.AspNetCompiler.Debug = "False"
		SlnRelativePath = "src\Indriya.Web\"
	EndProjectSection
EndProject
Project("{FAE04EC0-301F-11D3-BF4B-00C04F79EFBC}") = "Indriya.Application", "src\Indriya.Application\Indriya.Application.csproj", "{32A22435-0E56-4086-900E-E73F1B9216CE}"
EndProject
Global
	GlobalSection(SolutionConfigurationPlatforms) = preSolution
		Debug|Android = Debug|Android
		Debug|Any CPU = Debug|Any CPU
		Debug|iOS = Debug|iOS
		Debug|Mixed Platforms = Debug|Mixed Platforms
		Debug|Win32 = Debug|Win32
		Debug|Windows Phone (Universal) = Debug|Windows Phone (Universal)
		Debug|Windows Phone 8 = Debug|Windows Phone 8
		Debug|Windows-AnyCPU = Debug|Windows-AnyCPU
		Debug|Windows-ARM = Debug|Windows-ARM
		Debug|Windows-x64 = Debug|Windows-x64
		Debug|Windows-x86 = Debug|Windows-x86
		Debug|x64 = Debug|x64
		Debug|x86 = Debug|x86
		Distribution|Android = Distribution|Android
		Distribution|Any CPU = Distribution|Any CPU
		Distribution|iOS = Distribution|iOS
		Distribution|Mixed Platforms = Distribution|Mixed Platforms
		Distribution|Win32 = Distribution|Win32
		Distribution|Windows Phone (Universal) = Distribution|Windows Phone (Universal)
		Distribution|Windows Phone 8 = Distribution|Windows Phone 8
		Distribution|Windows-AnyCPU = Distribution|Windows-AnyCPU
		Distribution|Windows-ARM = Distribution|Windows-ARM
		Distribution|Windows-x64 = Distribution|Windows-x64
		Distribution|Windows-x86 = Distribution|Windows-x86
		Distribution|x64 = Distribution|x64
		Distribution|x86 = Distribution|x86
		Release|Android = Release|Android
		Release|Any CPU = Release|Any CPU
		Release|iOS = Release|iOS
		Release|Mixed Platforms = Release|Mixed Platforms
		Release|Win32 = Release|Win32
		Release|Windows Phone (Universal) = Release|Windows Phone (Universal)
		Release|Windows Phone 8 = Release|Windows Phone 8
		Release|Windows-AnyCPU = Release|Windows-AnyCPU
		Release|Windows-ARM = Release|Windows-ARM
		Release|Windows-x64 = Release|Windows-x64
		Release|Windows-x86 = Release|Windows-x86
		Release|x64 = Release|x64
		Release|x86 = Release|x86
	EndGlobalSection
	GlobalSection(ProjectConfigurationPlatforms) = postSolution
		{45E9E170-76B7-4E71-B557-9B131E0C175B}.Debug|Android.ActiveCfg = Debug|Any CPU
		{45E9E170-76B7-4E71-B557-9B131E0C175B}.Debug|Any CPU.ActiveCfg = Debug|Any CPU
		{45E9E170-76B7-4E71-B557-9B131E0C175B}.Debug|Any CPU.Build.0 = Debug|Any CPU
		{45E9E170-76B7-4E71-B557-9B131E0C175B}.Debug|iOS.ActiveCfg = Debug|Any CPU
		{45E9E170-76B7-4E71-B557-9B131E0C175B}.Debug|Mixed Platforms.ActiveCfg = Debug|Any CPU
		{45E9E170-76B7-4E71-B557-9B131E0C175B}.Debug|Mixed Platforms.Build.0 = Debug|Any CPU
		{45E9E170-76B7-4E71-B557-9B131E0C175B}.Debug|Win32.ActiveCfg = Debug|Any CPU
		{45E9E170-76B7-4E71-B557-9B131E0C175B}.Debug|Windows Phone (Universal).ActiveCfg = Debug|Any CPU
		{45E9E170-76B7-4E71-B557-9B131E0C175B}.Debug|Windows Phone 8.ActiveCfg = Debug|Any CPU
		{45E9E170-76B7-4E71-B557-9B131E0C175B}.Debug|Windows-AnyCPU.ActiveCfg = Debug|Any CPU
		{45E9E170-76B7-4E71-B557-9B131E0C175B}.Debug|Windows-ARM.ActiveCfg = Debug|Any CPU
		{45E9E170-76B7-4E71-B557-9B131E0C175B}.Debug|Windows-x64.ActiveCfg = Debug|Any CPU
		{45E9E170-76B7-4E71-B557-9B131E0C175B}.Debug|Windows-x86.ActiveCfg = Debug|Any CPU
		{45E9E170-76B7-4E71-B557-9B131E0C175B}.Debug|x64.ActiveCfg = Debug|Any CPU
		{45E9E170-76B7-4E71-B557-9B131E0C175B}.Debug|x86.ActiveCfg = Debug|Any CPU
		{45E9E170-76B7-4E71-B557-9B131E0C175B}.Distribution|Android.ActiveCfg = Debug|Any CPU
		{45E9E170-76B7-4E71-B557-9B131E0C175B}.Distribution|Any CPU.ActiveCfg = Debug|Any CPU
		{45E9E170-76B7-4E71-B557-9B131E0C175B}.Distribution|Any CPU.Build.0 = Debug|Any CPU
		{45E9E170-76B7-4E71-B557-9B131E0C175B}.Distribution|iOS.ActiveCfg = Debug|Any CPU
		{45E9E170-76B7-4E71-B557-9B131E0C175B}.Distribution|Mixed Platforms.ActiveCfg = Debug|x86
		{45E9E170-76B7-4E71-B557-9B131E0C175B}.Distribution|Mixed Platforms.Build.0 = Debug|x86
		{45E9E170-76B7-4E71-B557-9B131E0C175B}.Distribution|Win32.ActiveCfg = Debug|x86
		{45E9E170-76B7-4E71-B557-9B131E0C175B}.Distribution|Win32.Build.0 = Debug|x86
		{45E9E170-76B7-4E71-B557-9B131E0C175B}.Distribution|Windows Phone (Universal).ActiveCfg = Debug|Any CPU
		{45E9E170-76B7-4E71-B557-9B131E0C175B}.Distribution|Windows Phone 8.ActiveCfg = Debug|Any CPU
		{45E9E170-76B7-4E71-B557-9B131E0C175B}.Distribution|Windows-AnyCPU.ActiveCfg = Debug|Any CPU
		{45E9E170-76B7-4E71-B557-9B131E0C175B}.Distribution|Windows-ARM.ActiveCfg = Debug|Any CPU
		{45E9E170-76B7-4E71-B557-9B131E0C175B}.Distribution|Windows-x64.ActiveCfg = Debug|Any CPU
		{45E9E170-76B7-4E71-B557-9B131E0C175B}.Distribution|Windows-x86.ActiveCfg = Debug|Any CPU
		{45E9E170-76B7-4E71-B557-9B131E0C175B}.Distribution|x64.ActiveCfg = Debug|Any CPU
		{45E9E170-76B7-4E71-B557-9B131E0C175B}.Distribution|x86.ActiveCfg = Debug|x86
		{45E9E170-76B7-4E71-B557-9B131E0C175B}.Distribution|x86.Build.0 = Debug|x86
		{45E9E170-76B7-4E71-B557-9B131E0C175B}.Release|Android.ActiveCfg = Release|Any CPU
		{45E9E170-76B7-4E71-B557-9B131E0C175B}.Release|Any CPU.ActiveCfg = Release|Any CPU
		{45E9E170-76B7-4E71-B557-9B131E0C175B}.Release|Any CPU.Build.0 = Release|Any CPU
		{45E9E170-76B7-4E71-B557-9B131E0C175B}.Release|iOS.ActiveCfg = Release|Any CPU
		{45E9E170-76B7-4E71-B557-9B131E0C175B}.Release|Mixed Platforms.ActiveCfg = Release|Any CPU
		{45E9E170-76B7-4E71-B557-9B131E0C175B}.Release|Mixed Platforms.Build.0 = Release|Any CPU
		{45E9E170-76B7-4E71-B557-9B131E0C175B}.Release|Win32.ActiveCfg = Release|x86
		{45E9E170-76B7-4E71-B557-9B131E0C175B}.Release|Win32.Build.0 = Release|x86
		{45E9E170-76B7-4E71-B557-9B131E0C175B}.Release|Windows Phone (Universal).ActiveCfg = Release|Any CPU
		{45E9E170-76B7-4E71-B557-9B131E0C175B}.Release|Windows Phone 8.ActiveCfg = Release|Any CPU
		{45E9E170-76B7-4E71-B557-9B131E0C175B}.Release|Windows-AnyCPU.ActiveCfg = Release|Any CPU
		{45E9E170-76B7-4E71-B557-9B131E0C175B}.Release|Windows-ARM.ActiveCfg = Release|Any CPU
		{45E9E170-76B7-4E71-B557-9B131E0C175B}.Release|Windows-x64.ActiveCfg = Release|Any CPU
		{45E9E170-76B7-4E71-B557-9B131E0C175B}.Release|Windows-x86.ActiveCfg = Release|Any CPU
		{45E9E170-76B7-4E71-B557-9B131E0C175B}.Release|x64.ActiveCfg = Release|Any CPU
		{45E9E170-76B7-4E71-B557-9B131E0C175B}.Release|x86.ActiveCfg = Release|Any CPU
		{45E9E170-76B7-4E71-B557-9B131E0C175B}.Release|x86.Build.0 = Release|Any CPU
		{35CA8818-7E08-4B4C-A5F3-1F1E5DD0B973}.Debug|Android.ActiveCfg = Debug|Any CPU
		{35CA8818-7E08-4B4C-A5F3-1F1E5DD0B973}.Debug|Any CPU.ActiveCfg = Debug|Any CPU
		{35CA8818-7E08-4B4C-A5F3-1F1E5DD0B973}.Debug|Any CPU.Build.0 = Debug|Any CPU
		{35CA8818-7E08-4B4C-A5F3-1F1E5DD0B973}.Debug|iOS.ActiveCfg = Debug|Any CPU
		{35CA8818-7E08-4B4C-A5F3-1F1E5DD0B973}.Debug|Mixed Platforms.ActiveCfg = Debug|Any CPU
		{35CA8818-7E08-4B4C-A5F3-1F1E5DD0B973}.Debug|Mixed Platforms.Build.0 = Debug|Any CPU
		{35CA8818-7E08-4B4C-A5F3-1F1E5DD0B973}.Debug|Win32.ActiveCfg = Debug|Any CPU
		{35CA8818-7E08-4B4C-A5F3-1F1E5DD0B973}.Debug|Windows Phone (Universal).ActiveCfg = Debug|Any CPU
		{35CA8818-7E08-4B4C-A5F3-1F1E5DD0B973}.Debug|Windows Phone 8.ActiveCfg = Debug|Any CPU
		{35CA8818-7E08-4B4C-A5F3-1F1E5DD0B973}.Debug|Windows-AnyCPU.ActiveCfg = Debug|Any CPU
		{35CA8818-7E08-4B4C-A5F3-1F1E5DD0B973}.Debug|Windows-ARM.ActiveCfg = Debug|Any CPU
		{35CA8818-7E08-4B4C-A5F3-1F1E5DD0B973}.Debug|Windows-x64.ActiveCfg = Debug|Any CPU
		{35CA8818-7E08-4B4C-A5F3-1F1E5DD0B973}.Debug|Windows-x86.ActiveCfg = Debug|Any CPU
		{35CA8818-7E08-4B4C-A5F3-1F1E5DD0B973}.Debug|x64.ActiveCfg = Debug|Any CPU
		{35CA8818-7E08-4B4C-A5F3-1F1E5DD0B973}.Debug|x86.ActiveCfg = Debug|Any CPU
		{35CA8818-7E08-4B4C-A5F3-1F1E5DD0B973}.Distribution|Android.ActiveCfg = Debug|Any CPU
		{35CA8818-7E08-4B4C-A5F3-1F1E5DD0B973}.Distribution|Any CPU.ActiveCfg = Debug|Any CPU
		{35CA8818-7E08-4B4C-A5F3-1F1E5DD0B973}.Distribution|Any CPU.Build.0 = Debug|Any CPU
		{35CA8818-7E08-4B4C-A5F3-1F1E5DD0B973}.Distribution|iOS.ActiveCfg = Debug|Any CPU
		{35CA8818-7E08-4B4C-A5F3-1F1E5DD0B973}.Distribution|Mixed Platforms.ActiveCfg = Debug|x86
		{35CA8818-7E08-4B4C-A5F3-1F1E5DD0B973}.Distribution|Mixed Platforms.Build.0 = Debug|x86
		{35CA8818-7E08-4B4C-A5F3-1F1E5DD0B973}.Distribution|Win32.ActiveCfg = Debug|x86
		{35CA8818-7E08-4B4C-A5F3-1F1E5DD0B973}.Distribution|Win32.Build.0 = Debug|x86
		{35CA8818-7E08-4B4C-A5F3-1F1E5DD0B973}.Distribution|Windows Phone (Universal).ActiveCfg = Debug|Any CPU
		{35CA8818-7E08-4B4C-A5F3-1F1E5DD0B973}.Distribution|Windows Phone 8.ActiveCfg = Debug|Any CPU
		{35CA8818-7E08-4B4C-A5F3-1F1E5DD0B973}.Distribution|Windows-AnyCPU.ActiveCfg = Debug|Any CPU
		{35CA8818-7E08-4B4C-A5F3-1F1E5DD0B973}.Distribution|Windows-ARM.ActiveCfg = Debug|Any CPU
		{35CA8818-7E08-4B4C-A5F3-1F1E5DD0B973}.Distribution|Windows-x64.ActiveCfg = Debug|Any CPU
		{35CA8818-7E08-4B4C-A5F3-1F1E5DD0B973}.Distribution|Windows-x86.ActiveCfg = Debug|Any CPU
		{35CA8818-7E08-4B4C-A5F3-1F1E5DD0B973}.Distribution|x64.ActiveCfg = Debug|Any CPU
		{35CA8818-7E08-4B4C-A5F3-1F1E5DD0B973}.Distribution|x86.ActiveCfg = Debug|x86
		{35CA8818-7E08-4B4C-A5F3-1F1E5DD0B973}.Distribution|x86.Build.0 = Debug|x86
		{35CA8818-7E08-4B4C-A5F3-1F1E5DD0B973}.Release|Android.ActiveCfg = Release|Any CPU
		{35CA8818-7E08-4B4C-A5F3-1F1E5DD0B973}.Release|Any CPU.ActiveCfg = Release|Any CPU
		{35CA8818-7E08-4B4C-A5F3-1F1E5DD0B973}.Release|Any CPU.Build.0 = Release|Any CPU
		{35CA8818-7E08-4B4C-A5F3-1F1E5DD0B973}.Release|iOS.ActiveCfg = Release|Any CPU
		{35CA8818-7E08-4B4C-A5F3-1F1E5DD0B973}.Release|Mixed Platforms.ActiveCfg = Release|Any CPU
		{35CA8818-7E08-4B4C-A5F3-1F1E5DD0B973}.Release|Mixed Platforms.Build.0 = Release|Any CPU
		{35CA8818-7E08-4B4C-A5F3-1F1E5DD0B973}.Release|Win32.ActiveCfg = Release|x86
		{35CA8818-7E08-4B4C-A5F3-1F1E5DD0B973}.Release|Win32.Build.0 = Release|x86
		{35CA8818-7E08-4B4C-A5F3-1F1E5DD0B973}.Release|Windows Phone (Universal).ActiveCfg = Release|Any CPU
		{35CA8818-7E08-4B4C-A5F3-1F1E5DD0B973}.Release|Windows Phone 8.ActiveCfg = Release|Any CPU
		{35CA8818-7E08-4B4C-A5F3-1F1E5DD0B973}.Release|Windows-AnyCPU.ActiveCfg = Release|Any CPU
		{35CA8818-7E08-4B4C-A5F3-1F1E5DD0B973}.Release|Windows-ARM.ActiveCfg = Release|Any CPU
		{35CA8818-7E08-4B4C-A5F3-1F1E5DD0B973}.Release|Windows-x64.ActiveCfg = Release|Any CPU
		{35CA8818-7E08-4B4C-A5F3-1F1E5DD0B973}.Release|Windows-x86.ActiveCfg = Release|Any CPU
		{35CA8818-7E08-4B4C-A5F3-1F1E5DD0B973}.Release|x64.ActiveCfg = Release|Any CPU
		{35CA8818-7E08-4B4C-A5F3-1F1E5DD0B973}.Release|x86.ActiveCfg = Release|Any CPU
		{35CA8818-7E08-4B4C-A5F3-1F1E5DD0B973}.Release|x86.Build.0 = Release|Any CPU
		{18D93E86-4702-4407-902A-39692E52A770}.Debug|Android.ActiveCfg = Debug|Any CPU
		{18D93E86-4702-4407-902A-39692E52A770}.Debug|Any CPU.ActiveCfg = Debug|Any CPU
		{18D93E86-4702-4407-902A-39692E52A770}.Debug|Any CPU.Build.0 = Debug|Any CPU
		{18D93E86-4702-4407-902A-39692E52A770}.Debug|iOS.ActiveCfg = Debug|Any CPU
		{18D93E86-4702-4407-902A-39692E52A770}.Debug|Mixed Platforms.ActiveCfg = Debug|Any CPU
		{18D93E86-4702-4407-902A-39692E52A770}.Debug|Mixed Platforms.Build.0 = Debug|Any CPU
		{18D93E86-4702-4407-902A-39692E52A770}.Debug|Win32.ActiveCfg = Debug|Any CPU
		{18D93E86-4702-4407-902A-39692E52A770}.Debug|Windows Phone (Universal).ActiveCfg = Debug|Any CPU
		{18D93E86-4702-4407-902A-39692E52A770}.Debug|Windows Phone 8.ActiveCfg = Debug|Any CPU
		{18D93E86-4702-4407-902A-39692E52A770}.Debug|Windows-AnyCPU.ActiveCfg = Debug|Any CPU
		{18D93E86-4702-4407-902A-39692E52A770}.Debug|Windows-ARM.ActiveCfg = Debug|Any CPU
		{18D93E86-4702-4407-902A-39692E52A770}.Debug|Windows-x64.ActiveCfg = Debug|Any CPU
		{18D93E86-4702-4407-902A-39692E52A770}.Debug|Windows-x86.ActiveCfg = Debug|Any CPU
		{18D93E86-4702-4407-902A-39692E52A770}.Debug|x64.ActiveCfg = Debug|Any CPU
		{18D93E86-4702-4407-902A-39692E52A770}.Debug|x86.ActiveCfg = Debug|Any CPU
		{18D93E86-4702-4407-902A-39692E52A770}.Distribution|Android.ActiveCfg = Debug|Any CPU
		{18D93E86-4702-4407-902A-39692E52A770}.Distribution|Any CPU.ActiveCfg = Debug|Any CPU
		{18D93E86-4702-4407-902A-39692E52A770}.Distribution|Any CPU.Build.0 = Debug|Any CPU
		{18D93E86-4702-4407-902A-39692E52A770}.Distribution|iOS.ActiveCfg = Debug|Any CPU
		{18D93E86-4702-4407-902A-39692E52A770}.Distribution|Mixed Platforms.ActiveCfg = Debug|x86
		{18D93E86-4702-4407-902A-39692E52A770}.Distribution|Mixed Platforms.Build.0 = Debug|x86
		{18D93E86-4702-4407-902A-39692E52A770}.Distribution|Win32.ActiveCfg = Debug|x86
		{18D93E86-4702-4407-902A-39692E52A770}.Distribution|Win32.Build.0 = Debug|x86
		{18D93E86-4702-4407-902A-39692E52A770}.Distribution|Windows Phone (Universal).ActiveCfg = Debug|Any CPU
		{18D93E86-4702-4407-902A-39692E52A770}.Distribution|Windows Phone 8.ActiveCfg = Debug|Any CPU
		{18D93E86-4702-4407-902A-39692E52A770}.Distribution|Windows-AnyCPU.ActiveCfg = Debug|Any CPU
		{18D93E86-4702-4407-902A-39692E52A770}.Distribution|Windows-ARM.ActiveCfg = Debug|Any CPU
		{18D93E86-4702-4407-902A-39692E52A770}.Distribution|Windows-x64.ActiveCfg = Debug|Any CPU
		{18D93E86-4702-4407-902A-39692E52A770}.Distribution|Windows-x86.ActiveCfg = Debug|Any CPU
		{18D93E86-4702-4407-902A-39692E52A770}.Distribution|x64.ActiveCfg = Debug|Any CPU
		{18D93E86-4702-4407-902A-39692E52A770}.Distribution|x86.ActiveCfg = Debug|x86
		{18D93E86-4702-4407-902A-39692E52A770}.Distribution|x86.Build.0 = Debug|x86
		{18D93E86-4702-4407-902A-39692E52A770}.Release|Android.ActiveCfg = Release|Any CPU
		{18D93E86-4702-4407-902A-39692E52A770}.Release|Any CPU.ActiveCfg = Release|Any CPU
		{18D93E86-4702-4407-902A-39692E52A770}.Release|Any CPU.Build.0 = Release|Any CPU
		{18D93E86-4702-4407-902A-39692E52A770}.Release|iOS.ActiveCfg = Release|Any CPU
		{18D93E86-4702-4407-902A-39692E52A770}.Release|Mixed Platforms.ActiveCfg = Release|Any CPU
		{18D93E86-4702-4407-902A-39692E52A770}.Release|Mixed Platforms.Build.0 = Release|Any CPU
		{18D93E86-4702-4407-902A-39692E52A770}.Release|Win32.ActiveCfg = Release|x86
		{18D93E86-4702-4407-902A-39692E52A770}.Release|Win32.Build.0 = Release|x86
		{18D93E86-4702-4407-902A-39692E52A770}.Release|Windows Phone (Universal).ActiveCfg = Release|Any CPU
		{18D93E86-4702-4407-902A-39692E52A770}.Release|Windows Phone 8.ActiveCfg = Release|Any CPU
		{18D93E86-4702-4407-902A-39692E52A770}.Release|Windows-AnyCPU.ActiveCfg = Release|Any CPU
		{18D93E86-4702-4407-902A-39692E52A770}.Release|Windows-ARM.ActiveCfg = Release|Any CPU
		{18D93E86-4702-4407-902A-39692E52A770}.Release|Windows-x64.ActiveCfg = Release|Any CPU
		{18D93E86-4702-4407-902A-39692E52A770}.Release|Windows-x86.ActiveCfg = Release|Any CPU
		{18D93E86-4702-4407-902A-39692E52A770}.Release|x64.ActiveCfg = Release|Any CPU
		{18D93E86-4702-4407-902A-39692E52A770}.Release|x86.ActiveCfg = Release|Any CPU
		{18D93E86-4702-4407-902A-39692E52A770}.Release|x86.Build.0 = Release|Any CPU
		{758BF857-4EB1-4EA4-A399-AC22FCD497DE}.Debug|Android.ActiveCfg = Debug|Any CPU
		{758BF857-4EB1-4EA4-A399-AC22FCD497DE}.Debug|Any CPU.ActiveCfg = Debug|Any CPU
		{758BF857-4EB1-4EA4-A399-AC22FCD497DE}.Debug|Any CPU.Build.0 = Debug|Any CPU
		{758BF857-4EB1-4EA4-A399-AC22FCD497DE}.Debug|iOS.ActiveCfg = Debug|Any CPU
		{758BF857-4EB1-4EA4-A399-AC22FCD497DE}.Debug|Mixed Platforms.ActiveCfg = Debug|Any CPU
		{758BF857-4EB1-4EA4-A399-AC22FCD497DE}.Debug|Mixed Platforms.Build.0 = Debug|Any CPU
		{758BF857-4EB1-4EA4-A399-AC22FCD497DE}.Debug|Win32.ActiveCfg = Debug|Any CPU
		{758BF857-4EB1-4EA4-A399-AC22FCD497DE}.Debug|Windows Phone (Universal).ActiveCfg = Debug|Any CPU
		{758BF857-4EB1-4EA4-A399-AC22FCD497DE}.Debug|Windows Phone 8.ActiveCfg = Debug|Any CPU
		{758BF857-4EB1-4EA4-A399-AC22FCD497DE}.Debug|Windows-AnyCPU.ActiveCfg = Debug|Any CPU
		{758BF857-4EB1-4EA4-A399-AC22FCD497DE}.Debug|Windows-ARM.ActiveCfg = Debug|Any CPU
		{758BF857-4EB1-4EA4-A399-AC22FCD497DE}.Debug|Windows-x64.ActiveCfg = Debug|Any CPU
		{758BF857-4EB1-4EA4-A399-AC22FCD497DE}.Debug|Windows-x86.ActiveCfg = Debug|Any CPU
		{758BF857-4EB1-4EA4-A399-AC22FCD497DE}.Debug|x64.ActiveCfg = Debug|Any CPU
		{758BF857-4EB1-4EA4-A399-AC22FCD497DE}.Debug|x86.ActiveCfg = Debug|Any CPU
		{758BF857-4EB1-4EA4-A399-AC22FCD497DE}.Distribution|Android.ActiveCfg = Debug|Any CPU
		{758BF857-4EB1-4EA4-A399-AC22FCD497DE}.Distribution|Any CPU.ActiveCfg = Debug|Any CPU
		{758BF857-4EB1-4EA4-A399-AC22FCD497DE}.Distribution|Any CPU.Build.0 = Debug|Any CPU
		{758BF857-4EB1-4EA4-A399-AC22FCD497DE}.Distribution|iOS.ActiveCfg = Debug|Any CPU
		{758BF857-4EB1-4EA4-A399-AC22FCD497DE}.Distribution|Mixed Platforms.ActiveCfg = Debug|Any CPU
		{758BF857-4EB1-4EA4-A399-AC22FCD497DE}.Distribution|Mixed Platforms.Build.0 = Debug|Any CPU
		{758BF857-4EB1-4EA4-A399-AC22FCD497DE}.Distribution|Win32.ActiveCfg = Debug|Any CPU
		{758BF857-4EB1-4EA4-A399-AC22FCD497DE}.Distribution|Windows Phone (Universal).ActiveCfg = Debug|Any CPU
		{758BF857-4EB1-4EA4-A399-AC22FCD497DE}.Distribution|Windows Phone 8.ActiveCfg = Debug|Any CPU
		{758BF857-4EB1-4EA4-A399-AC22FCD497DE}.Distribution|Windows-AnyCPU.ActiveCfg = Debug|Any CPU
		{758BF857-4EB1-4EA4-A399-AC22FCD497DE}.Distribution|Windows-ARM.ActiveCfg = Debug|Any CPU
		{758BF857-4EB1-4EA4-A399-AC22FCD497DE}.Distribution|Windows-x64.ActiveCfg = Debug|Any CPU
		{758BF857-4EB1-4EA4-A399-AC22FCD497DE}.Distribution|Windows-x86.ActiveCfg = Debug|Any CPU
		{758BF857-4EB1-4EA4-A399-AC22FCD497DE}.Distribution|x64.ActiveCfg = Debug|Any CPU
		{758BF857-4EB1-4EA4-A399-AC22FCD497DE}.Distribution|x86.ActiveCfg = Debug|Any CPU
		{758BF857-4EB1-4EA4-A399-AC22FCD497DE}.Release|Android.ActiveCfg = Release|Any CPU
		{758BF857-4EB1-4EA4-A399-AC22FCD497DE}.Release|Any CPU.ActiveCfg = Release|Any CPU
		{758BF857-4EB1-4EA4-A399-AC22FCD497DE}.Release|Any CPU.Build.0 = Release|Any CPU
		{758BF857-4EB1-4EA4-A399-AC22FCD497DE}.Release|iOS.ActiveCfg = Release|Any CPU
		{758BF857-4EB1-4EA4-A399-AC22FCD497DE}.Release|Mixed Platforms.ActiveCfg = Release|Any CPU
		{758BF857-4EB1-4EA4-A399-AC22FCD497DE}.Release|Mixed Platforms.Build.0 = Release|Any CPU
		{758BF857-4EB1-4EA4-A399-AC22FCD497DE}.Release|Win32.ActiveCfg = Release|Any CPU
		{758BF857-4EB1-4EA4-A399-AC22FCD497DE}.Release|Windows Phone (Universal).ActiveCfg = Release|Any CPU
		{758BF857-4EB1-4EA4-A399-AC22FCD497DE}.Release|Windows Phone 8.ActiveCfg = Release|Any CPU
		{758BF857-4EB1-4EA4-A399-AC22FCD497DE}.Release|Windows-AnyCPU.ActiveCfg = Release|Any CPU
		{758BF857-4EB1-4EA4-A399-AC22FCD497DE}.Release|Windows-ARM.ActiveCfg = Release|Any CPU
		{758BF857-4EB1-4EA4-A399-AC22FCD497DE}.Release|Windows-x64.ActiveCfg = Release|Any CPU
		{758BF857-4EB1-4EA4-A399-AC22FCD497DE}.Release|Windows-x86.ActiveCfg = Release|Any CPU
		{758BF857-4EB1-4EA4-A399-AC22FCD497DE}.Release|x64.ActiveCfg = Release|Any CPU
		{758BF857-4EB1-4EA4-A399-AC22FCD497DE}.Release|x86.ActiveCfg = Release|Any CPU
		{CDEC9EB1-3714-40A3-8328-A5BACB3F82D8}.Debug|Android.ActiveCfg = Debug|Any CPU
		{CDEC9EB1-3714-40A3-8328-A5BACB3F82D8}.Debug|Any CPU.ActiveCfg = Debug|Any CPU
		{CDEC9EB1-3714-40A3-8328-A5BACB3F82D8}.Debug|Any CPU.Build.0 = Debug|Any CPU
		{CDEC9EB1-3714-40A3-8328-A5BACB3F82D8}.Debug|iOS.ActiveCfg = Debug|Any CPU
		{CDEC9EB1-3714-40A3-8328-A5BACB3F82D8}.Debug|Mixed Platforms.ActiveCfg = Debug|Any CPU
		{CDEC9EB1-3714-40A3-8328-A5BACB3F82D8}.Debug|Mixed Platforms.Build.0 = Debug|Any CPU
		{CDEC9EB1-3714-40A3-8328-A5BACB3F82D8}.Debug|Win32.ActiveCfg = Debug|Any CPU
		{CDEC9EB1-3714-40A3-8328-A5BACB3F82D8}.Debug|Windows Phone (Universal).ActiveCfg = Debug|Any CPU
		{CDEC9EB1-3714-40A3-8328-A5BACB3F82D8}.Debug|Windows Phone 8.ActiveCfg = Debug|Any CPU
		{CDEC9EB1-3714-40A3-8328-A5BACB3F82D8}.Debug|Windows-AnyCPU.ActiveCfg = Debug|Any CPU
		{CDEC9EB1-3714-40A3-8328-A5BACB3F82D8}.Debug|Windows-ARM.ActiveCfg = Debug|Any CPU
		{CDEC9EB1-3714-40A3-8328-A5BACB3F82D8}.Debug|Windows-x64.ActiveCfg = Debug|Any CPU
		{CDEC9EB1-3714-40A3-8328-A5BACB3F82D8}.Debug|Windows-x86.ActiveCfg = Debug|Any CPU
		{CDEC9EB1-3714-40A3-8328-A5BACB3F82D8}.Debug|x64.ActiveCfg = Debug|Any CPU
		{CDEC9EB1-3714-40A3-8328-A5BACB3F82D8}.Debug|x86.ActiveCfg = Debug|Any CPU
		{CDEC9EB1-3714-40A3-8328-A5BACB3F82D8}.Distribution|Android.ActiveCfg = Debug|Any CPU
		{CDEC9EB1-3714-40A3-8328-A5BACB3F82D8}.Distribution|Any CPU.ActiveCfg = Debug|Any CPU
		{CDEC9EB1-3714-40A3-8328-A5BACB3F82D8}.Distribution|Any CPU.Build.0 = Debug|Any CPU
		{CDEC9EB1-3714-40A3-8328-A5BACB3F82D8}.Distribution|iOS.ActiveCfg = Debug|Any CPU
		{CDEC9EB1-3714-40A3-8328-A5BACB3F82D8}.Distribution|Mixed Platforms.ActiveCfg = Debug|Any CPU
		{CDEC9EB1-3714-40A3-8328-A5BACB3F82D8}.Distribution|Mixed Platforms.Build.0 = Debug|Any CPU
		{CDEC9EB1-3714-40A3-8328-A5BACB3F82D8}.Distribution|Win32.ActiveCfg = Debug|Any CPU
		{CDEC9EB1-3714-40A3-8328-A5BACB3F82D8}.Distribution|Windows Phone (Universal).ActiveCfg = Debug|Any CPU
		{CDEC9EB1-3714-40A3-8328-A5BACB3F82D8}.Distribution|Windows Phone 8.ActiveCfg = Debug|Any CPU
		{CDEC9EB1-3714-40A3-8328-A5BACB3F82D8}.Distribution|Windows-AnyCPU.ActiveCfg = Debug|Any CPU
		{CDEC9EB1-3714-40A3-8328-A5BACB3F82D8}.Distribution|Windows-ARM.ActiveCfg = Debug|Any CPU
		{CDEC9EB1-3714-40A3-8328-A5BACB3F82D8}.Distribution|Windows-x64.ActiveCfg = Debug|Any CPU
		{CDEC9EB1-3714-40A3-8328-A5BACB3F82D8}.Distribution|Windows-x86.ActiveCfg = Debug|Any CPU
		{CDEC9EB1-3714-40A3-8328-A5BACB3F82D8}.Distribution|x64.ActiveCfg = Debug|Any CPU
		{CDEC9EB1-3714-40A3-8328-A5BACB3F82D8}.Distribution|x86.ActiveCfg = Debug|Any CPU
		{CDEC9EB1-3714-40A3-8328-A5BACB3F82D8}.Release|Android.ActiveCfg = Debug|Any CPU
		{CDEC9EB1-3714-40A3-8328-A5BACB3F82D8}.Release|Any CPU.ActiveCfg = Debug|Any CPU
		{CDEC9EB1-3714-40A3-8328-A5BACB3F82D8}.Release|iOS.ActiveCfg = Debug|Any CPU
		{CDEC9EB1-3714-40A3-8328-A5BACB3F82D8}.Release|Mixed Platforms.ActiveCfg = Debug|Any CPU
		{CDEC9EB1-3714-40A3-8328-A5BACB3F82D8}.Release|Mixed Platforms.Build.0 = Debug|Any CPU
		{CDEC9EB1-3714-40A3-8328-A5BACB3F82D8}.Release|Win32.ActiveCfg = Debug|Any CPU
		{CDEC9EB1-3714-40A3-8328-A5BACB3F82D8}.Release|Windows Phone (Universal).ActiveCfg = Debug|Any CPU
		{CDEC9EB1-3714-40A3-8328-A5BACB3F82D8}.Release|Windows Phone 8.ActiveCfg = Debug|Any CPU
		{CDEC9EB1-3714-40A3-8328-A5BACB3F82D8}.Release|Windows-AnyCPU.ActiveCfg = Debug|Any CPU
		{CDEC9EB1-3714-40A3-8328-A5BACB3F82D8}.Release|Windows-ARM.ActiveCfg = Debug|Any CPU
		{CDEC9EB1-3714-40A3-8328-A5BACB3F82D8}.Release|Windows-x64.ActiveCfg = Debug|Any CPU
		{CDEC9EB1-3714-40A3-8328-A5BACB3F82D8}.Release|Windows-x86.ActiveCfg = Debug|Any CPU
		{CDEC9EB1-3714-40A3-8328-A5BACB3F82D8}.Release|x64.ActiveCfg = Debug|Any CPU
		{CDEC9EB1-3714-40A3-8328-A5BACB3F82D8}.Release|x86.ActiveCfg = Debug|Any CPU
		{32A22435-0E56-4086-900E-E73F1B9216CE}.Debug|Android.ActiveCfg = Debug|Any CPU
		{32A22435-0E56-4086-900E-E73F1B9216CE}.Debug|Any CPU.ActiveCfg = Debug|Any CPU
		{32A22435-0E56-4086-900E-E73F1B9216CE}.Debug|Any CPU.Build.0 = Debug|Any CPU
		{32A22435-0E56-4086-900E-E73F1B9216CE}.Debug|iOS.ActiveCfg = Debug|Any CPU
		{32A22435-0E56-4086-900E-E73F1B9216CE}.Debug|Mixed Platforms.ActiveCfg = Debug|x86
		{32A22435-0E56-4086-900E-E73F1B9216CE}.Debug|Mixed Platforms.Build.0 = Debug|x86
		{32A22435-0E56-4086-900E-E73F1B9216CE}.Debug|Win32.ActiveCfg = Debug|x86
		{32A22435-0E56-4086-900E-E73F1B9216CE}.Debug|Win32.Build.0 = Debug|x86
		{32A22435-0E56-4086-900E-E73F1B9216CE}.Debug|Windows Phone (Universal).ActiveCfg = Debug|Any CPU
		{32A22435-0E56-4086-900E-E73F1B9216CE}.Debug|Windows Phone 8.ActiveCfg = Debug|Any CPU
		{32A22435-0E56-4086-900E-E73F1B9216CE}.Debug|Windows-AnyCPU.ActiveCfg = Debug|Any CPU
		{32A22435-0E56-4086-900E-E73F1B9216CE}.Debug|Windows-ARM.ActiveCfg = Debug|Any CPU
		{32A22435-0E56-4086-900E-E73F1B9216CE}.Debug|Windows-x64.ActiveCfg = Debug|Any CPU
		{32A22435-0E56-4086-900E-E73F1B9216CE}.Debug|Windows-x86.ActiveCfg = Debug|Any CPU
		{32A22435-0E56-4086-900E-E73F1B9216CE}.Debug|x64.ActiveCfg = Debug|Any CPU
		{32A22435-0E56-4086-900E-E73F1B9216CE}.Debug|x86.ActiveCfg = Debug|x86
		{32A22435-0E56-4086-900E-E73F1B9216CE}.Debug|x86.Build.0 = Debug|x86
		{32A22435-0E56-4086-900E-E73F1B9216CE}.Distribution|Android.ActiveCfg = Debug|Any CPU
		{32A22435-0E56-4086-900E-E73F1B9216CE}.Distribution|Any CPU.ActiveCfg = Debug|Any CPU
		{32A22435-0E56-4086-900E-E73F1B9216CE}.Distribution|Any CPU.Build.0 = Debug|Any CPU
		{32A22435-0E56-4086-900E-E73F1B9216CE}.Distribution|iOS.ActiveCfg = Debug|Any CPU
		{32A22435-0E56-4086-900E-E73F1B9216CE}.Distribution|Mixed Platforms.ActiveCfg = Debug|x86
		{32A22435-0E56-4086-900E-E73F1B9216CE}.Distribution|Mixed Platforms.Build.0 = Debug|x86
		{32A22435-0E56-4086-900E-E73F1B9216CE}.Distribution|Win32.ActiveCfg = Debug|x86
		{32A22435-0E56-4086-900E-E73F1B9216CE}.Distribution|Win32.Build.0 = Debug|x86
		{32A22435-0E56-4086-900E-E73F1B9216CE}.Distribution|Windows Phone (Universal).ActiveCfg = Debug|Any CPU
		{32A22435-0E56-4086-900E-E73F1B9216CE}.Distribution|Windows Phone 8.ActiveCfg = Debug|Any CPU
		{32A22435-0E56-4086-900E-E73F1B9216CE}.Distribution|Windows-AnyCPU.ActiveCfg = Debug|Any CPU
		{32A22435-0E56-4086-900E-E73F1B9216CE}.Distribution|Windows-ARM.ActiveCfg = Debug|Any CPU
		{32A22435-0E56-4086-900E-E73F1B9216CE}.Distribution|Windows-x64.ActiveCfg = Debug|Any CPU
		{32A22435-0E56-4086-900E-E73F1B9216CE}.Distribution|Windows-x86.ActiveCfg = Debug|Any CPU
		{32A22435-0E56-4086-900E-E73F1B9216CE}.Distribution|x64.ActiveCfg = Debug|Any CPU
		{32A22435-0E56-4086-900E-E73F1B9216CE}.Distribution|x86.ActiveCfg = Debug|x86
		{32A22435-0E56-4086-900E-E73F1B9216CE}.Distribution|x86.Build.0 = Debug|x86
		{32A22435-0E56-4086-900E-E73F1B9216CE}.Release|Android.ActiveCfg = Release|Any CPU
		{32A22435-0E56-4086-900E-E73F1B9216CE}.Release|Any CPU.ActiveCfg = Release|x86
		{32A22435-0E56-4086-900E-E73F1B9216CE}.Release|Any CPU.Build.0 = Release|x86
		{32A22435-0E56-4086-900E-E73F1B9216CE}.Release|iOS.ActiveCfg = Release|Any CPU
		{32A22435-0E56-4086-900E-E73F1B9216CE}.Release|Mixed Platforms.ActiveCfg = Release|x86
		{32A22435-0E56-4086-900E-E73F1B9216CE}.Release|Mixed Platforms.Build.0 = Release|x86
		{32A22435-0E56-4086-900E-E73F1B9216CE}.Release|Win32.ActiveCfg = Release|x86
		{32A22435-0E56-4086-900E-E73F1B9216CE}.Release|Win32.Build.0 = Release|x86
		{32A22435-0E56-4086-900E-E73F1B9216CE}.Release|Windows Phone (Universal).ActiveCfg = Release|Any CPU
		{32A22435-0E56-4086-900E-E73F1B9216CE}.Release|Windows Phone 8.ActiveCfg = Release|Any CPU
		{32A22435-0E56-4086-900E-E73F1B9216CE}.Release|Windows-AnyCPU.ActiveCfg = Release|Any CPU
		{32A22435-0E56-4086-900E-E73F1B9216CE}.Release|Windows-ARM.ActiveCfg = Release|Any CPU
		{32A22435-0E56-4086-900E-E73F1B9216CE}.Release|Windows-x64.ActiveCfg = Release|Any CPU
		{32A22435-0E56-4086-900E-E73F1B9216CE}.Release|Windows-x86.ActiveCfg = Release|Any CPU
		{32A22435-0E56-4086-900E-E73F1B9216CE}.Release|x64.ActiveCfg = Release|Any CPU
		{32A22435-0E56-4086-900E-E73F1B9216CE}.Release|x86.ActiveCfg = Release|x86
		{32A22435-0E56-4086-900E-E73F1B9216CE}.Release|x86.Build.0 = Release|x86
	EndGlobalSection
	GlobalSection(SolutionProperties) = preSolution
		HideSolutionNode = FALSE
	EndGlobalSection
	GlobalSection(NestedProjects) = preSolution
		{45E9E170-76B7-4E71-B557-9B131E0C175B} = {70E7786B-1C0C-4557-84A0-DAC95A2240F7}
		{35CA8818-7E08-4B4C-A5F3-1F1E5DD0B973} = {70E7786B-1C0C-4557-84A0-DAC95A2240F7}
		{18D93E86-4702-4407-902A-39692E52A770} = {094315CC-B029-4AD0-8E4B-998A7094808B}
		{758BF857-4EB1-4EA4-A399-AC22FCD497DE} = {70E7786B-1C0C-4557-84A0-DAC95A2240F7}
		{CDEC9EB1-3714-40A3-8328-A5BACB3F82D8} = {7246ABF7-59FC-4225-A785-9E73830B00D6}
		{32A22435-0E56-4086-900E-E73F1B9216CE} = {7246ABF7-59FC-4225-A785-9E73830B00D6}
	EndGlobalSection
EndGlobal
